// !$*UTF8*$!
{
	archiveVersion = 1;
	classes = {
	};
	objectVersion = 46;
	objects = {

/* Begin PBXBuildFile section */
		0DB12D361922FA20001E9E26 /* QuartzCore.framework in Frameworks */ = {isa = PBXBuildFile; fileRef = 0DB12D351922FA20001E9E26 /* QuartzCore.framework */; };
		0DD31809191B2063003D5630 /* HomeViewController.m in Sources */ = {isa = PBXBuildFile; fileRef = 0DD31808191B2063003D5630 /* HomeViewController.m */; };
		0DD3180C191B2A3A003D5630 /* FeedTableViewCell.m in Sources */ = {isa = PBXBuildFile; fileRef = 0DD3180B191B2A3A003D5630 /* FeedTableViewCell.m */; };
		2A01CBA4196B156200C4B81F /* CommentCell.m in Sources */ = {isa = PBXBuildFile; fileRef = 2A01CB99196B156200C4B81F /* CommentCell.m */; };
		2A01CBA5196B156200C4B81F /* DetailViewController.m in Sources */ = {isa = PBXBuildFile; fileRef = 2A01CB9B196B156200C4B81F /* DetailViewController.m */; };
		2A01CBA6196B156200C4B81F /* ToolBarView.m in Sources */ = {isa = PBXBuildFile; fileRef = 2A01CB9D196B156200C4B81F /* ToolBarView.m */; };
		2A01CBA7196B156200C4B81F /* UIFont+SecretFont.m in Sources */ = {isa = PBXBuildFile; fileRef = 2A01CB9F196B156200C4B81F /* UIFont+SecretFont.m */; };
		2A01CBA8196B156200C4B81F /* UIImage+ImageEffects.m in Sources */ = {isa = PBXBuildFile; fileRef = 2A01CBA1196B156200C4B81F /* UIImage+ImageEffects.m */; };
		2A01CBA9196B156200C4B81F /* UIView+GradientMask.m in Sources */ = {isa = PBXBuildFile; fileRef = 2A01CBA3196B156200C4B81F /* UIView+GradientMask.m */; };
		2A01CBB6196B289400C4B81F /* ZazzCategory.m in Sources */ = {isa = PBXBuildFile; fileRef = 2A01CBAB196B289400C4B81F /* ZazzCategory.m */; };
		2A01CBB7196B289400C4B81F /* ZazzFeed.m in Sources */ = {isa = PBXBuildFile; fileRef = 2A01CBAD196B289400C4B81F /* ZazzFeed.m */; };
		2A01CBB8196B289400C4B81F /* ZazzFollowRequest.m in Sources */ = {isa = PBXBuildFile; fileRef = 2A01CBAF196B289400C4B81F /* ZazzFollowRequest.m */; };
		2A01CBB9196B289400C4B81F /* ZazzLogin.m in Sources */ = {isa = PBXBuildFile; fileRef = 2A01CBB1196B289400C4B81F /* ZazzLogin.m */; };
		2A01CBBA196B289400C4B81F /* ZazzNotification.m in Sources */ = {isa = PBXBuildFile; fileRef = 2A01CBB3196B289400C4B81F /* ZazzNotification.m */; };
		2A01CBBB196B289400C4B81F /* ZazzProfile.m in Sources */ = {isa = PBXBuildFile; fileRef = 2A01CBB5196B289400C4B81F /* ZazzProfile.m */; };
		2A09D720191EF3CD00A2827F /* LoginViewController.m in Sources */ = {isa = PBXBuildFile; fileRef = 2A09D71F191EF3CD00A2827F /* LoginViewController.m */; };
		2A15422619ADFC86006216B8 /* GenericModel.m in Sources */ = {isa = PBXBuildFile; fileRef = 2A15422319ADFC86006216B8 /* GenericModel.m */; };
		2A15422719ADFC86006216B8 /* Profile.m in Sources */ = {isa = PBXBuildFile; fileRef = 2A15422519ADFC86006216B8 /* Profile.m */; };
		2A15422A19ADFD47006216B8 /* ZazzMe.m in Sources */ = {isa = PBXBuildFile; fileRef = 2A15422919ADFD47006216B8 /* ZazzMe.m */; };
		2A15422D19ADFF26006216B8 /* UserDetails.m in Sources */ = {isa = PBXBuildFile; fileRef = 2A15422C19ADFF26006216B8 /* UserDetails.m */; };
		2A15423319B13F93006216B8 /* CustomPopSegue.m in Sources */ = {isa = PBXBuildFile; fileRef = 2A15423119B13F93006216B8 /* CustomPopSegue.m */; };
		2A15423419B13F93006216B8 /* CustomPushSegue.m in Sources */ = {isa = PBXBuildFile; fileRef = 2A15423219B13F93006216B8 /* CustomPushSegue.m */; };
		2A2385E2194521D300F7FABD /* MKAnnotationView+WebCache.m in Sources */ = {isa = PBXBuildFile; fileRef = 2A2385C4194521D300F7FABD /* MKAnnotationView+WebCache.m */; };
		2A2385E3194521D300F7FABD /* NSData+ImageContentType.m in Sources */ = {isa = PBXBuildFile; fileRef = 2A2385C6194521D300F7FABD /* NSData+ImageContentType.m */; };
		2A2385E4194521D300F7FABD /* SDImageCache.m in Sources */ = {isa = PBXBuildFile; fileRef = 2A2385C8194521D300F7FABD /* SDImageCache.m */; };
		2A2385E5194521D300F7FABD /* SDWebImageCompat.m in Sources */ = {isa = PBXBuildFile; fileRef = 2A2385CA194521D300F7FABD /* SDWebImageCompat.m */; };
		2A2385E6194521D300F7FABD /* SDWebImageDecoder.m in Sources */ = {isa = PBXBuildFile; fileRef = 2A2385CC194521D300F7FABD /* SDWebImageDecoder.m */; };
		2A2385E7194521D300F7FABD /* SDWebImageDownloader.m in Sources */ = {isa = PBXBuildFile; fileRef = 2A2385CE194521D300F7FABD /* SDWebImageDownloader.m */; };
		2A2385E8194521D300F7FABD /* SDWebImageDownloaderOperation.m in Sources */ = {isa = PBXBuildFile; fileRef = 2A2385D0194521D300F7FABD /* SDWebImageDownloaderOperation.m */; };
		2A2385E9194521D300F7FABD /* SDWebImageManager.m in Sources */ = {isa = PBXBuildFile; fileRef = 2A2385D2194521D300F7FABD /* SDWebImageManager.m */; };
		2A2385EA194521D300F7FABD /* SDWebImagePrefetcher.m in Sources */ = {isa = PBXBuildFile; fileRef = 2A2385D5194521D300F7FABD /* SDWebImagePrefetcher.m */; };
		2A2385EB194521D300F7FABD /* UIButton+WebCache.m in Sources */ = {isa = PBXBuildFile; fileRef = 2A2385D7194521D300F7FABD /* UIButton+WebCache.m */; };
		2A2385EC194521D300F7FABD /* UIImage+GIF.m in Sources */ = {isa = PBXBuildFile; fileRef = 2A2385D9194521D300F7FABD /* UIImage+GIF.m */; };
		2A2385ED194521D300F7FABD /* UIImage+MultiFormat.m in Sources */ = {isa = PBXBuildFile; fileRef = 2A2385DB194521D300F7FABD /* UIImage+MultiFormat.m */; };
		2A2385EE194521D300F7FABD /* UIImage+WebP.m in Sources */ = {isa = PBXBuildFile; fileRef = 2A2385DD194521D300F7FABD /* UIImage+WebP.m */; };
		2A2385EF194521D300F7FABD /* UIImageView+HighlightedWebCache.m in Sources */ = {isa = PBXBuildFile; fileRef = 2A2385DF194521D300F7FABD /* UIImageView+HighlightedWebCache.m */; };
		2A2385F0194521D300F7FABD /* UIImageView+WebCache.m in Sources */ = {isa = PBXBuildFile; fileRef = 2A2385E1194521D300F7FABD /* UIImageView+WebCache.m */; };
		2A30C4521987CA5F00882C1A /* ZazzPost.m in Sources */ = {isa = PBXBuildFile; fileRef = 2A30C4511987CA5F00882C1A /* ZazzPost.m */; };
		2A32DF2919B3FA5700679E8A /* MediaFeedViewController.m in Sources */ = {isa = PBXBuildFile; fileRef = 2A32DF2819B3FA5700679E8A /* MediaFeedViewController.m */; };
		2A39F2DF193D5BA3002E8873 /* PostViewController.m in Sources */ = {isa = PBXBuildFile; fileRef = 2A39F2DB193D5BA3002E8873 /* PostViewController.m */; };
		2A39F2E6193DEB04002E8873 /* CFTabBarController.m in Sources */ = {isa = PBXBuildFile; fileRef = 2A39F2E5193DEB04002E8873 /* CFTabBarController.m */; };
		2A4144F819689857001C1090 /* CategoryStat.m in Sources */ = {isa = PBXBuildFile; fileRef = 2A4144E719689857001C1090 /* CategoryStat.m */; };
		2A4144F919689857001C1090 /* Comment.m in Sources */ = {isa = PBXBuildFile; fileRef = 2A4144E919689857001C1090 /* Comment.m */; };
		2A4144FA19689857001C1090 /* Event.m in Sources */ = {isa = PBXBuildFile; fileRef = 2A4144EB19689857001C1090 /* Event.m */; };
		2A4144FB19689857001C1090 /* Feed.m in Sources */ = {isa = PBXBuildFile; fileRef = 2A4144ED19689857001C1090 /* Feed.m */; };
		2A4144FC19689857001C1090 /* FollowRequest.m in Sources */ = {isa = PBXBuildFile; fileRef = 2A4144EF19689857001C1090 /* FollowRequest.m */; };
		2A4144FD19689857001C1090 /* Notification.m in Sources */ = {isa = PBXBuildFile; fileRef = 2A4144F119689857001C1090 /* Notification.m */; };
		2A4144FE19689857001C1090 /* Photo.m in Sources */ = {isa = PBXBuildFile; fileRef = 2A4144F319689857001C1090 /* Photo.m */; };
		2A4144FF19689857001C1090 /* Post.m in Sources */ = {isa = PBXBuildFile; fileRef = 2A4144F519689857001C1090 /* Post.m */; };
		2A41450019689857001C1090 /* User.m in Sources */ = {isa = PBXBuildFile; fileRef = 2A4144F719689857001C1090 /* User.m */; };
		2A414503196898BE001C1090 /* CHTumblrMenuView.m in Sources */ = {isa = PBXBuildFile; fileRef = 2A414502196898BE001C1090 /* CHTumblrMenuView.m */; };
		2A46CCF4199C204600996D84 /* RoundedUIButton.m in Sources */ = {isa = PBXBuildFile; fileRef = 2A46CCF3199C204600996D84 /* RoundedUIButton.m */; };
		2A470D3F191FE863008DBFED /* RegisterViewController.m in Sources */ = {isa = PBXBuildFile; fileRef = 2A470D3E191FE863008DBFED /* RegisterViewController.m */; };
		2A47F5641936F47A001CF1AE /* Images.xcassets in Resources */ = {isa = PBXBuildFile; fileRef = 2A47F5631936F47A001CF1AE /* Images.xcassets */; };
		2A5FAEB5191BF7CA00B917AB /* ZazzApi.m in Sources */ = {isa = PBXBuildFile; fileRef = 2A5FAEB4191BF7CA00B917AB /* ZazzApi.m */; };
		2A67359A1966F18A00707224 /* CreateMessageViewController.m in Sources */ = {isa = PBXBuildFile; fileRef = 2A6735991966F18A00707224 /* CreateMessageViewController.m */; };
		2AA057D5193F451B00E1617D /* ProfileViewController.m in Sources */ = {isa = PBXBuildFile; fileRef = 2AA057D4193F451B00E1617D /* ProfileViewController.m */; };
		2AAFF94F1981D769001CC4CC /* ALAsset+accessibilityLabel.m in Sources */ = {isa = PBXBuildFile; fileRef = 2AAFF92D1981D769001CC4CC /* ALAsset+accessibilityLabel.m */; };
		2AAFF9501981D769001CC4CC /* ALAsset+assetType.m in Sources */ = {isa = PBXBuildFile; fileRef = 2AAFF92F1981D769001CC4CC /* ALAsset+assetType.m */; };
		2AAFF9511981D769001CC4CC /* ALAsset+isEqual.m in Sources */ = {isa = PBXBuildFile; fileRef = 2AAFF9311981D769001CC4CC /* ALAsset+isEqual.m */; };
		2AAFF9521981D769001CC4CC /* ALAssetsGroup+isEqual.m in Sources */ = {isa = PBXBuildFile; fileRef = 2AAFF9331981D769001CC4CC /* ALAssetsGroup+isEqual.m */; };
		2AAFF9531981D769001CC4CC /* CTAssetItemViewController.m in Sources */ = {isa = PBXBuildFile; fileRef = 2AAFF9351981D769001CC4CC /* CTAssetItemViewController.m */; };
		2AAFF9541981D769001CC4CC /* CTAssetScrollView.m in Sources */ = {isa = PBXBuildFile; fileRef = 2AAFF9371981D769001CC4CC /* CTAssetScrollView.m */; };
		2AAFF9551981D769001CC4CC /* CTAssetsGroupViewCell.m in Sources */ = {isa = PBXBuildFile; fileRef = 2AAFF9391981D769001CC4CC /* CTAssetsGroupViewCell.m */; };
		2AAFF9561981D769001CC4CC /* CTAssetsGroupViewController.m in Sources */ = {isa = PBXBuildFile; fileRef = 2AAFF93B1981D769001CC4CC /* CTAssetsGroupViewController.m */; };
		2AAFF9571981D769001CC4CC /* CTAssetsPageViewController.m in Sources */ = {isa = PBXBuildFile; fileRef = 2AAFF93D1981D769001CC4CC /* CTAssetsPageViewController.m */; };
		2AAFF9581981D769001CC4CC /* CTAssetsPicker.xcassets in Resources */ = {isa = PBXBuildFile; fileRef = 2AAFF93E1981D769001CC4CC /* CTAssetsPicker.xcassets */; };
		2AAFF9591981D769001CC4CC /* CTAssetsPickerConstants.m in Sources */ = {isa = PBXBuildFile; fileRef = 2AAFF9401981D769001CC4CC /* CTAssetsPickerConstants.m */; };
		2AAFF95A1981D769001CC4CC /* CTAssetsPickerController.m in Sources */ = {isa = PBXBuildFile; fileRef = 2AAFF9421981D769001CC4CC /* CTAssetsPickerController.m */; };
		2AAFF95B1981D769001CC4CC /* CTAssetsSupplementaryView.m in Sources */ = {isa = PBXBuildFile; fileRef = 2AAFF9441981D769001CC4CC /* CTAssetsSupplementaryView.m */; };
		2AAFF95C1981D769001CC4CC /* CTAssetsViewCell.m in Sources */ = {isa = PBXBuildFile; fileRef = 2AAFF9461981D769001CC4CC /* CTAssetsViewCell.m */; };
		2AAFF95D1981D769001CC4CC /* CTAssetsViewController.m in Sources */ = {isa = PBXBuildFile; fileRef = 2AAFF9481981D769001CC4CC /* CTAssetsViewController.m */; };
		2AAFF95E1981D769001CC4CC /* CTAssetsViewControllerTransition.m in Sources */ = {isa = PBXBuildFile; fileRef = 2AAFF94A1981D769001CC4CC /* CTAssetsViewControllerTransition.m */; };
		2AAFF95F1981D769001CC4CC /* NSDateFormatter+timeIntervalFormatter.m in Sources */ = {isa = PBXBuildFile; fileRef = 2AAFF94C1981D769001CC4CC /* NSDateFormatter+timeIntervalFormatter.m */; };
		2AAFF9601981D769001CC4CC /* PhotoPicker.m in Sources */ = {isa = PBXBuildFile; fileRef = 2AAFF94E1981D769001CC4CC /* PhotoPicker.m */; };
		2AB3E4601934061700F72784 /* LeftNavigationViewController.m in Sources */ = {isa = PBXBuildFile; fileRef = 2AB3E45F1934061700F72784 /* LeftNavigationViewController.m */; };
		2AB3E4631934063700F72784 /* RightNavigationViewController.m in Sources */ = {isa = PBXBuildFile; fileRef = 2AB3E4621934063700F72784 /* RightNavigationViewController.m */; };
		2AE1DC371991C60400CC3CCF /* ZazzPhoto.m in Sources */ = {isa = PBXBuildFile; fileRef = 2AE1DC361991C60400CC3CCF /* ZazzPhoto.m */; };
		2AE2818C1956004E0015602F /* NotificationViewController.m in Sources */ = {isa = PBXBuildFile; fileRef = 2AE2818B1956004E0015602F /* NotificationViewController.m */; };
		2AE749011996A3E0004A09CD /* FeedTableViewController.m in Sources */ = {isa = PBXBuildFile; fileRef = 2AE749001996A3E0004A09CD /* FeedTableViewController.m */; };
		2AEA1C84197604E300A177F3 /* DetailViewItem.m in Sources */ = {isa = PBXBuildFile; fileRef = 2AEA1C83197604E300A177F3 /* DetailViewItem.m */; };
		2AEA1C8719769E9300A177F3 /* ZazzComments.m in Sources */ = {isa = PBXBuildFile; fileRef = 2AEA1C8619769E9300A177F3 /* ZazzComments.m */; };
		2AFED73219D723B200636689 /* RSKImageCropViewController.m in Sources */ = {isa = PBXBuildFile; fileRef = 2AFED72B19D723B200636689 /* RSKImageCropViewController.m */; };
		2AFED73319D723B200636689 /* RSKImageScrollView.m in Sources */ = {isa = PBXBuildFile; fileRef = 2AFED72D19D723B200636689 /* RSKImageScrollView.m */; };
		2AFED73419D723B200636689 /* RSKTouchView.m in Sources */ = {isa = PBXBuildFile; fileRef = 2AFED72F19D723B200636689 /* RSKTouchView.m */; };
		2AFED73519D723B200636689 /* UIImage+FixOrientation.m in Sources */ = {isa = PBXBuildFile; fileRef = 2AFED73119D723B200636689 /* UIImage+FixOrientation.m */; };
		5E8AA6F018FCAED600C99D9F /* Foundation.framework in Frameworks */ = {isa = PBXBuildFile; fileRef = 5E8AA6EF18FCAED600C99D9F /* Foundation.framework */; };
		5E8AA6F218FCAED600C99D9F /* CoreGraphics.framework in Frameworks */ = {isa = PBXBuildFile; fileRef = 5E8AA6F118FCAED600C99D9F /* CoreGraphics.framework */; };
		5E8AA6F418FCAED600C99D9F /* UIKit.framework in Frameworks */ = {isa = PBXBuildFile; fileRef = 5E8AA6F318FCAED600C99D9F /* UIKit.framework */; };
		5E8AA6FA18FCAED600C99D9F /* InfoPlist.strings in Resources */ = {isa = PBXBuildFile; fileRef = 5E8AA6F818FCAED600C99D9F /* InfoPlist.strings */; };
		5E8AA6FC18FCAED600C99D9F /* main.m in Sources */ = {isa = PBXBuildFile; fileRef = 5E8AA6FB18FCAED600C99D9F /* main.m */; };
		5E8AA70018FCAED600C99D9F /* AppDelegate.m in Sources */ = {isa = PBXBuildFile; fileRef = 5E8AA6FF18FCAED600C99D9F /* AppDelegate.m */; };
		5E8AA70318FCAED600C99D9F /* Main_iPhone.storyboard in Resources */ = {isa = PBXBuildFile; fileRef = 5E8AA70118FCAED600C99D9F /* Main_iPhone.storyboard */; };
		5E8AA70618FCAED600C99D9F /* Main_iPad.storyboard in Resources */ = {isa = PBXBuildFile; fileRef = 5E8AA70418FCAED600C99D9F /* Main_iPad.storyboard */; };
		5E8AA71218FCAED700C99D9F /* XCTest.framework in Frameworks */ = {isa = PBXBuildFile; fileRef = 5E8AA71118FCAED700C99D9F /* XCTest.framework */; };
		5E8AA71318FCAED700C99D9F /* Foundation.framework in Frameworks */ = {isa = PBXBuildFile; fileRef = 5E8AA6EF18FCAED600C99D9F /* Foundation.framework */; };
		5E8AA71418FCAED700C99D9F /* UIKit.framework in Frameworks */ = {isa = PBXBuildFile; fileRef = 5E8AA6F318FCAED600C99D9F /* UIKit.framework */; };
		5E8AA71C18FCAED700C99D9F /* InfoPlist.strings in Resources */ = {isa = PBXBuildFile; fileRef = 5E8AA71A18FCAED700C99D9F /* InfoPlist.strings */; };
		5E8AA71E18FCAED700C99D9F /* Zazz_iphone_appTests.m in Sources */ = {isa = PBXBuildFile; fileRef = 5E8AA71D18FCAED700C99D9F /* Zazz_iphone_appTests.m */; };
/* End PBXBuildFile section */

/* Begin PBXContainerItemProxy section */
		5E8AA71518FCAED700C99D9F /* PBXContainerItemProxy */ = {
			isa = PBXContainerItemProxy;
			containerPortal = 5E8AA6E418FCAED600C99D9F /* Project object */;
			proxyType = 1;
			remoteGlobalIDString = 5E8AA6EB18FCAED600C99D9F;
			remoteInfo = "Zazz-iphone-app";
		};
/* End PBXContainerItemProxy section */

/* Begin PBXFileReference section */
		0DB12D351922FA20001E9E26 /* QuartzCore.framework */ = {isa = PBXFileReference; lastKnownFileType = wrapper.framework; name = QuartzCore.framework; path = System/Library/Frameworks/QuartzCore.framework; sourceTree = SDKROOT; };
		0DD31807191B2063003D5630 /* HomeViewController.h */ = {isa = PBXFileReference; fileEncoding = 4; lastKnownFileType = sourcecode.c.h; path = HomeViewController.h; sourceTree = "<group>"; };
		0DD31808191B2063003D5630 /* HomeViewController.m */ = {isa = PBXFileReference; fileEncoding = 4; lastKnownFileType = sourcecode.c.objc; path = HomeViewController.m; sourceTree = "<group>"; };
		0DD3180A191B2A3A003D5630 /* FeedTableViewCell.h */ = {isa = PBXFileReference; fileEncoding = 4; lastKnownFileType = sourcecode.c.h; path = FeedTableViewCell.h; sourceTree = "<group>"; };
		0DD3180B191B2A3A003D5630 /* FeedTableViewCell.m */ = {isa = PBXFileReference; fileEncoding = 4; lastKnownFileType = sourcecode.c.objc; path = FeedTableViewCell.m; sourceTree = "<group>"; };
		2A01CB98196B156200C4B81F /* CommentCell.h */ = {isa = PBXFileReference; fileEncoding = 4; lastKnownFileType = sourcecode.c.h; name = CommentCell.h; path = extentions/SecretViewer/CommentCell.h; sourceTree = "<group>"; };
		2A01CB99196B156200C4B81F /* CommentCell.m */ = {isa = PBXFileReference; fileEncoding = 4; lastKnownFileType = sourcecode.c.objc; name = CommentCell.m; path = extentions/SecretViewer/CommentCell.m; sourceTree = "<group>"; };
		2A01CB9A196B156200C4B81F /* DetailViewController.h */ = {isa = PBXFileReference; fileEncoding = 4; lastKnownFileType = sourcecode.c.h; name = DetailViewController.h; path = extentions/SecretViewer/DetailViewController.h; sourceTree = "<group>"; };
		2A01CB9B196B156200C4B81F /* DetailViewController.m */ = {isa = PBXFileReference; fileEncoding = 4; lastKnownFileType = sourcecode.c.objc; name = DetailViewController.m; path = extentions/SecretViewer/DetailViewController.m; sourceTree = "<group>"; };
		2A01CB9C196B156200C4B81F /* ToolBarView.h */ = {isa = PBXFileReference; fileEncoding = 4; lastKnownFileType = sourcecode.c.h; name = ToolBarView.h; path = extentions/SecretViewer/ToolBarView.h; sourceTree = "<group>"; };
		2A01CB9D196B156200C4B81F /* ToolBarView.m */ = {isa = PBXFileReference; fileEncoding = 4; lastKnownFileType = sourcecode.c.objc; name = ToolBarView.m; path = extentions/SecretViewer/ToolBarView.m; sourceTree = "<group>"; };
		2A01CB9E196B156200C4B81F /* UIFont+SecretFont.h */ = {isa = PBXFileReference; fileEncoding = 4; lastKnownFileType = sourcecode.c.h; path = "UIFont+SecretFont.h"; sourceTree = "<group>"; };
		2A01CB9F196B156200C4B81F /* UIFont+SecretFont.m */ = {isa = PBXFileReference; fileEncoding = 4; lastKnownFileType = sourcecode.c.objc; path = "UIFont+SecretFont.m"; sourceTree = "<group>"; };
		2A01CBA0196B156200C4B81F /* UIImage+ImageEffects.h */ = {isa = PBXFileReference; fileEncoding = 4; lastKnownFileType = sourcecode.c.h; path = "UIImage+ImageEffects.h"; sourceTree = "<group>"; };
		2A01CBA1196B156200C4B81F /* UIImage+ImageEffects.m */ = {isa = PBXFileReference; fileEncoding = 4; lastKnownFileType = sourcecode.c.objc; path = "UIImage+ImageEffects.m"; sourceTree = "<group>"; };
		2A01CBA2196B156200C4B81F /* UIView+GradientMask.h */ = {isa = PBXFileReference; fileEncoding = 4; lastKnownFileType = sourcecode.c.h; path = "UIView+GradientMask.h"; sourceTree = "<group>"; };
		2A01CBA3196B156200C4B81F /* UIView+GradientMask.m */ = {isa = PBXFileReference; fileEncoding = 4; lastKnownFileType = sourcecode.c.objc; path = "UIView+GradientMask.m"; sourceTree = "<group>"; };
		2A01CBAA196B289400C4B81F /* ZazzCategory.h */ = {isa = PBXFileReference; fileEncoding = 4; lastKnownFileType = sourcecode.c.h; name = ZazzCategory.h; path = API_Module/ZazzCategory.h; sourceTree = "<group>"; };
		2A01CBAB196B289400C4B81F /* ZazzCategory.m */ = {isa = PBXFileReference; fileEncoding = 4; lastKnownFileType = sourcecode.c.objc; name = ZazzCategory.m; path = API_Module/ZazzCategory.m; sourceTree = "<group>"; };
		2A01CBAC196B289400C4B81F /* ZazzFeed.h */ = {isa = PBXFileReference; fileEncoding = 4; lastKnownFileType = sourcecode.c.h; name = ZazzFeed.h; path = API_Module/ZazzFeed.h; sourceTree = "<group>"; };
		2A01CBAD196B289400C4B81F /* ZazzFeed.m */ = {isa = PBXFileReference; fileEncoding = 4; lastKnownFileType = sourcecode.c.objc; name = ZazzFeed.m; path = API_Module/ZazzFeed.m; sourceTree = "<group>"; };
		2A01CBAE196B289400C4B81F /* ZazzFollowRequest.h */ = {isa = PBXFileReference; fileEncoding = 4; lastKnownFileType = sourcecode.c.h; name = ZazzFollowRequest.h; path = API_Module/ZazzFollowRequest.h; sourceTree = "<group>"; };
		2A01CBAF196B289400C4B81F /* ZazzFollowRequest.m */ = {isa = PBXFileReference; fileEncoding = 4; lastKnownFileType = sourcecode.c.objc; name = ZazzFollowRequest.m; path = API_Module/ZazzFollowRequest.m; sourceTree = "<group>"; };
		2A01CBB0196B289400C4B81F /* ZazzLogin.h */ = {isa = PBXFileReference; fileEncoding = 4; lastKnownFileType = sourcecode.c.h; name = ZazzLogin.h; path = API_Module/ZazzLogin.h; sourceTree = "<group>"; };
		2A01CBB1196B289400C4B81F /* ZazzLogin.m */ = {isa = PBXFileReference; fileEncoding = 4; lastKnownFileType = sourcecode.c.objc; name = ZazzLogin.m; path = API_Module/ZazzLogin.m; sourceTree = "<group>"; };
		2A01CBB2196B289400C4B81F /* ZazzNotification.h */ = {isa = PBXFileReference; fileEncoding = 4; lastKnownFileType = sourcecode.c.h; name = ZazzNotification.h; path = API_Module/ZazzNotification.h; sourceTree = "<group>"; };
		2A01CBB3196B289400C4B81F /* ZazzNotification.m */ = {isa = PBXFileReference; fileEncoding = 4; lastKnownFileType = sourcecode.c.objc; name = ZazzNotification.m; path = API_Module/ZazzNotification.m; sourceTree = "<group>"; };
		2A01CBB4196B289400C4B81F /* ZazzProfile.h */ = {isa = PBXFileReference; fileEncoding = 4; lastKnownFileType = sourcecode.c.h; name = ZazzProfile.h; path = API_Module/ZazzProfile.h; sourceTree = "<group>"; };
		2A01CBB5196B289400C4B81F /* ZazzProfile.m */ = {isa = PBXFileReference; fileEncoding = 4; lastKnownFileType = sourcecode.c.objc; name = ZazzProfile.m; path = API_Module/ZazzProfile.m; sourceTree = "<group>"; };
		2A09D71E191EF3CD00A2827F /* LoginViewController.h */ = {isa = PBXFileReference; fileEncoding = 4; lastKnownFileType = sourcecode.c.h; path = LoginViewController.h; sourceTree = "<group>"; };
		2A09D71F191EF3CD00A2827F /* LoginViewController.m */ = {isa = PBXFileReference; fileEncoding = 4; lastKnownFileType = sourcecode.c.objc; path = LoginViewController.m; sourceTree = "<group>"; };
		2A15422219ADFC86006216B8 /* GenericModel.h */ = {isa = PBXFileReference; fileEncoding = 4; lastKnownFileType = sourcecode.c.h; name = GenericModel.h; path = "Zazz-iphone-app/models/GenericModel.h"; sourceTree = "<group>"; };
		2A15422319ADFC86006216B8 /* GenericModel.m */ = {isa = PBXFileReference; fileEncoding = 4; lastKnownFileType = sourcecode.c.objc; name = GenericModel.m; path = "Zazz-iphone-app/models/GenericModel.m"; sourceTree = "<group>"; };
		2A15422419ADFC86006216B8 /* Profile.h */ = {isa = PBXFileReference; fileEncoding = 4; lastKnownFileType = sourcecode.c.h; name = Profile.h; path = "Zazz-iphone-app/models/Profile.h"; sourceTree = "<group>"; };
		2A15422519ADFC86006216B8 /* Profile.m */ = {isa = PBXFileReference; fileEncoding = 4; lastKnownFileType = sourcecode.c.objc; name = Profile.m; path = "Zazz-iphone-app/models/Profile.m"; sourceTree = "<group>"; };
		2A15422819ADFD47006216B8 /* ZazzMe.h */ = {isa = PBXFileReference; fileEncoding = 4; lastKnownFileType = sourcecode.c.h; name = ZazzMe.h; path = API_Module/ZazzMe.h; sourceTree = "<group>"; };
		2A15422919ADFD47006216B8 /* ZazzMe.m */ = {isa = PBXFileReference; fileEncoding = 4; lastKnownFileType = sourcecode.c.objc; name = ZazzMe.m; path = API_Module/ZazzMe.m; sourceTree = "<group>"; };
		2A15422B19ADFF26006216B8 /* UserDetails.h */ = {isa = PBXFileReference; fileEncoding = 4; lastKnownFileType = sourcecode.c.h; name = UserDetails.h; path = "Zazz-iphone-app/models/UserDetails.h"; sourceTree = "<group>"; };
		2A15422C19ADFF26006216B8 /* UserDetails.m */ = {isa = PBXFileReference; fileEncoding = 4; lastKnownFileType = sourcecode.c.objc; name = UserDetails.m; path = "Zazz-iphone-app/models/UserDetails.m"; sourceTree = "<group>"; };
		2A15422E19B13D4A006216B8 /* EmbedFeedViewController.h */ = {isa = PBXFileReference; fileEncoding = 4; lastKnownFileType = sourcecode.c.h; path = EmbedFeedViewController.h; sourceTree = "<group>"; };
		2A15423119B13F93006216B8 /* CustomPopSegue.m */ = {isa = PBXFileReference; fileEncoding = 4; lastKnownFileType = sourcecode.c.objc; path = CustomPopSegue.m; sourceTree = "<group>"; };
		2A15423219B13F93006216B8 /* CustomPushSegue.m */ = {isa = PBXFileReference; fileEncoding = 4; lastKnownFileType = sourcecode.c.objc; path = CustomPushSegue.m; sourceTree = "<group>"; };
		2A2385C3194521D300F7FABD /* MKAnnotationView+WebCache.h */ = {isa = PBXFileReference; fileEncoding = 4; lastKnownFileType = sourcecode.c.h; path = "MKAnnotationView+WebCache.h"; sourceTree = "<group>"; };
		2A2385C4194521D300F7FABD /* MKAnnotationView+WebCache.m */ = {isa = PBXFileReference; fileEncoding = 4; lastKnownFileType = sourcecode.c.objc; path = "MKAnnotationView+WebCache.m"; sourceTree = "<group>"; };
		2A2385C5194521D300F7FABD /* NSData+ImageContentType.h */ = {isa = PBXFileReference; fileEncoding = 4; lastKnownFileType = sourcecode.c.h; path = "NSData+ImageContentType.h"; sourceTree = "<group>"; };
		2A2385C6194521D300F7FABD /* NSData+ImageContentType.m */ = {isa = PBXFileReference; fileEncoding = 4; lastKnownFileType = sourcecode.c.objc; path = "NSData+ImageContentType.m"; sourceTree = "<group>"; };
		2A2385C7194521D300F7FABD /* SDImageCache.h */ = {isa = PBXFileReference; fileEncoding = 4; lastKnownFileType = sourcecode.c.h; path = SDImageCache.h; sourceTree = "<group>"; };
		2A2385C8194521D300F7FABD /* SDImageCache.m */ = {isa = PBXFileReference; fileEncoding = 4; lastKnownFileType = sourcecode.c.objc; path = SDImageCache.m; sourceTree = "<group>"; };
		2A2385C9194521D300F7FABD /* SDWebImageCompat.h */ = {isa = PBXFileReference; fileEncoding = 4; lastKnownFileType = sourcecode.c.h; path = SDWebImageCompat.h; sourceTree = "<group>"; };
		2A2385CA194521D300F7FABD /* SDWebImageCompat.m */ = {isa = PBXFileReference; fileEncoding = 4; lastKnownFileType = sourcecode.c.objc; path = SDWebImageCompat.m; sourceTree = "<group>"; };
		2A2385CB194521D300F7FABD /* SDWebImageDecoder.h */ = {isa = PBXFileReference; fileEncoding = 4; lastKnownFileType = sourcecode.c.h; path = SDWebImageDecoder.h; sourceTree = "<group>"; };
		2A2385CC194521D300F7FABD /* SDWebImageDecoder.m */ = {isa = PBXFileReference; fileEncoding = 4; lastKnownFileType = sourcecode.c.objc; path = SDWebImageDecoder.m; sourceTree = "<group>"; };
		2A2385CD194521D300F7FABD /* SDWebImageDownloader.h */ = {isa = PBXFileReference; fileEncoding = 4; lastKnownFileType = sourcecode.c.h; path = SDWebImageDownloader.h; sourceTree = "<group>"; };
		2A2385CE194521D300F7FABD /* SDWebImageDownloader.m */ = {isa = PBXFileReference; fileEncoding = 4; lastKnownFileType = sourcecode.c.objc; path = SDWebImageDownloader.m; sourceTree = "<group>"; };
		2A2385CF194521D300F7FABD /* SDWebImageDownloaderOperation.h */ = {isa = PBXFileReference; fileEncoding = 4; lastKnownFileType = sourcecode.c.h; path = SDWebImageDownloaderOperation.h; sourceTree = "<group>"; };
		2A2385D0194521D300F7FABD /* SDWebImageDownloaderOperation.m */ = {isa = PBXFileReference; fileEncoding = 4; lastKnownFileType = sourcecode.c.objc; path = SDWebImageDownloaderOperation.m; sourceTree = "<group>"; };
		2A2385D1194521D300F7FABD /* SDWebImageManager.h */ = {isa = PBXFileReference; fileEncoding = 4; lastKnownFileType = sourcecode.c.h; path = SDWebImageManager.h; sourceTree = "<group>"; };
		2A2385D2194521D300F7FABD /* SDWebImageManager.m */ = {isa = PBXFileReference; fileEncoding = 4; lastKnownFileType = sourcecode.c.objc; path = SDWebImageManager.m; sourceTree = "<group>"; };
		2A2385D3194521D300F7FABD /* SDWebImageOperation.h */ = {isa = PBXFileReference; fileEncoding = 4; lastKnownFileType = sourcecode.c.h; path = SDWebImageOperation.h; sourceTree = "<group>"; };
		2A2385D4194521D300F7FABD /* SDWebImagePrefetcher.h */ = {isa = PBXFileReference; fileEncoding = 4; lastKnownFileType = sourcecode.c.h; path = SDWebImagePrefetcher.h; sourceTree = "<group>"; };
		2A2385D5194521D300F7FABD /* SDWebImagePrefetcher.m */ = {isa = PBXFileReference; fileEncoding = 4; lastKnownFileType = sourcecode.c.objc; path = SDWebImagePrefetcher.m; sourceTree = "<group>"; };
		2A2385D6194521D300F7FABD /* UIButton+WebCache.h */ = {isa = PBXFileReference; fileEncoding = 4; lastKnownFileType = sourcecode.c.h; path = "UIButton+WebCache.h"; sourceTree = "<group>"; };
		2A2385D7194521D300F7FABD /* UIButton+WebCache.m */ = {isa = PBXFileReference; fileEncoding = 4; lastKnownFileType = sourcecode.c.objc; path = "UIButton+WebCache.m"; sourceTree = "<group>"; };
		2A2385D8194521D300F7FABD /* UIImage+GIF.h */ = {isa = PBXFileReference; fileEncoding = 4; lastKnownFileType = sourcecode.c.h; path = "UIImage+GIF.h"; sourceTree = "<group>"; };
		2A2385D9194521D300F7FABD /* UIImage+GIF.m */ = {isa = PBXFileReference; fileEncoding = 4; lastKnownFileType = sourcecode.c.objc; path = "UIImage+GIF.m"; sourceTree = "<group>"; };
		2A2385DA194521D300F7FABD /* UIImage+MultiFormat.h */ = {isa = PBXFileReference; fileEncoding = 4; lastKnownFileType = sourcecode.c.h; path = "UIImage+MultiFormat.h"; sourceTree = "<group>"; };
		2A2385DB194521D300F7FABD /* UIImage+MultiFormat.m */ = {isa = PBXFileReference; fileEncoding = 4; lastKnownFileType = sourcecode.c.objc; path = "UIImage+MultiFormat.m"; sourceTree = "<group>"; };
		2A2385DC194521D300F7FABD /* UIImage+WebP.h */ = {isa = PBXFileReference; fileEncoding = 4; lastKnownFileType = sourcecode.c.h; path = "UIImage+WebP.h"; sourceTree = "<group>"; };
		2A2385DD194521D300F7FABD /* UIImage+WebP.m */ = {isa = PBXFileReference; fileEncoding = 4; lastKnownFileType = sourcecode.c.objc; path = "UIImage+WebP.m"; sourceTree = "<group>"; };
		2A2385DE194521D300F7FABD /* UIImageView+HighlightedWebCache.h */ = {isa = PBXFileReference; fileEncoding = 4; lastKnownFileType = sourcecode.c.h; path = "UIImageView+HighlightedWebCache.h"; sourceTree = "<group>"; };
		2A2385DF194521D300F7FABD /* UIImageView+HighlightedWebCache.m */ = {isa = PBXFileReference; fileEncoding = 4; lastKnownFileType = sourcecode.c.objc; path = "UIImageView+HighlightedWebCache.m"; sourceTree = "<group>"; };
		2A2385E0194521D300F7FABD /* UIImageView+WebCache.h */ = {isa = PBXFileReference; fileEncoding = 4; lastKnownFileType = sourcecode.c.h; path = "UIImageView+WebCache.h"; sourceTree = "<group>"; };
		2A2385E1194521D300F7FABD /* UIImageView+WebCache.m */ = {isa = PBXFileReference; fileEncoding = 4; lastKnownFileType = sourcecode.c.objc; path = "UIImageView+WebCache.m"; sourceTree = "<group>"; };
		2A30C4501987CA5F00882C1A /* ZazzPost.h */ = {isa = PBXFileReference; fileEncoding = 4; lastKnownFileType = sourcecode.c.h; name = ZazzPost.h; path = API_Module/ZazzPost.h; sourceTree = "<group>"; };
		2A30C4511987CA5F00882C1A /* ZazzPost.m */ = {isa = PBXFileReference; fileEncoding = 4; lastKnownFileType = sourcecode.c.objc; name = ZazzPost.m; path = API_Module/ZazzPost.m; sourceTree = "<group>"; };
		2A32DF2719B3FA5700679E8A /* MediaFeedViewController.h */ = {isa = PBXFileReference; fileEncoding = 4; lastKnownFileType = sourcecode.c.h; path = MediaFeedViewController.h; sourceTree = "<group>"; };
		2A32DF2819B3FA5700679E8A /* MediaFeedViewController.m */ = {isa = PBXFileReference; fileEncoding = 4; lastKnownFileType = sourcecode.c.objc; path = MediaFeedViewController.m; sourceTree = "<group>"; };
		2A39F2DA193D5BA3002E8873 /* PostViewController.h */ = {isa = PBXFileReference; fileEncoding = 4; lastKnownFileType = sourcecode.c.h; path = PostViewController.h; sourceTree = "<group>"; };
		2A39F2DB193D5BA3002E8873 /* PostViewController.m */ = {isa = PBXFileReference; fileEncoding = 4; lastKnownFileType = sourcecode.c.objc; path = PostViewController.m; sourceTree = "<group>"; };
		2A39F2E4193DEB04002E8873 /* CFTabBarController.h */ = {isa = PBXFileReference; fileEncoding = 4; lastKnownFileType = sourcecode.c.h; path = CFTabBarController.h; sourceTree = "<group>"; };
		2A39F2E5193DEB04002E8873 /* CFTabBarController.m */ = {isa = PBXFileReference; fileEncoding = 4; lastKnownFileType = sourcecode.c.objc; path = CFTabBarController.m; sourceTree = "<group>"; };
		2A4144E619689857001C1090 /* CategoryStat.h */ = {isa = PBXFileReference; fileEncoding = 4; lastKnownFileType = sourcecode.c.h; name = CategoryStat.h; path = "Zazz-iphone-app/models/CategoryStat.h"; sourceTree = "<group>"; };
		2A4144E719689857001C1090 /* CategoryStat.m */ = {isa = PBXFileReference; fileEncoding = 4; lastKnownFileType = sourcecode.c.objc; name = CategoryStat.m; path = "Zazz-iphone-app/models/CategoryStat.m"; sourceTree = "<group>"; };
		2A4144E819689857001C1090 /* Comment.h */ = {isa = PBXFileReference; fileEncoding = 4; lastKnownFileType = sourcecode.c.h; name = Comment.h; path = "Zazz-iphone-app/models/Comment.h"; sourceTree = "<group>"; };
		2A4144E919689857001C1090 /* Comment.m */ = {isa = PBXFileReference; fileEncoding = 4; lastKnownFileType = sourcecode.c.objc; name = Comment.m; path = "Zazz-iphone-app/models/Comment.m"; sourceTree = "<group>"; };
		2A4144EA19689857001C1090 /* Event.h */ = {isa = PBXFileReference; fileEncoding = 4; lastKnownFileType = sourcecode.c.h; name = Event.h; path = "Zazz-iphone-app/models/Event.h"; sourceTree = "<group>"; };
		2A4144EB19689857001C1090 /* Event.m */ = {isa = PBXFileReference; fileEncoding = 4; lastKnownFileType = sourcecode.c.objc; name = Event.m; path = "Zazz-iphone-app/models/Event.m"; sourceTree = "<group>"; };
		2A4144EC19689857001C1090 /* Feed.h */ = {isa = PBXFileReference; fileEncoding = 4; lastKnownFileType = sourcecode.c.h; name = Feed.h; path = "Zazz-iphone-app/models/Feed.h"; sourceTree = "<group>"; };
		2A4144ED19689857001C1090 /* Feed.m */ = {isa = PBXFileReference; fileEncoding = 4; lastKnownFileType = sourcecode.c.objc; name = Feed.m; path = "Zazz-iphone-app/models/Feed.m"; sourceTree = "<group>"; };
		2A4144EE19689857001C1090 /* FollowRequest.h */ = {isa = PBXFileReference; fileEncoding = 4; lastKnownFileType = sourcecode.c.h; name = FollowRequest.h; path = "Zazz-iphone-app/models/FollowRequest.h"; sourceTree = "<group>"; };
		2A4144EF19689857001C1090 /* FollowRequest.m */ = {isa = PBXFileReference; fileEncoding = 4; lastKnownFileType = sourcecode.c.objc; name = FollowRequest.m; path = "Zazz-iphone-app/models/FollowRequest.m"; sourceTree = "<group>"; };
		2A4144F019689857001C1090 /* Notification.h */ = {isa = PBXFileReference; fileEncoding = 4; lastKnownFileType = sourcecode.c.h; name = Notification.h; path = "Zazz-iphone-app/models/Notification.h"; sourceTree = "<group>"; };
		2A4144F119689857001C1090 /* Notification.m */ = {isa = PBXFileReference; fileEncoding = 4; lastKnownFileType = sourcecode.c.objc; name = Notification.m; path = "Zazz-iphone-app/models/Notification.m"; sourceTree = "<group>"; };
		2A4144F219689857001C1090 /* Photo.h */ = {isa = PBXFileReference; fileEncoding = 4; lastKnownFileType = sourcecode.c.h; name = Photo.h; path = "Zazz-iphone-app/models/Photo.h"; sourceTree = "<group>"; };
		2A4144F319689857001C1090 /* Photo.m */ = {isa = PBXFileReference; fileEncoding = 4; lastKnownFileType = sourcecode.c.objc; name = Photo.m; path = "Zazz-iphone-app/models/Photo.m"; sourceTree = "<group>"; };
		2A4144F419689857001C1090 /* Post.h */ = {isa = PBXFileReference; fileEncoding = 4; lastKnownFileType = sourcecode.c.h; name = Post.h; path = "Zazz-iphone-app/models/Post.h"; sourceTree = "<group>"; };
		2A4144F519689857001C1090 /* Post.m */ = {isa = PBXFileReference; fileEncoding = 4; lastKnownFileType = sourcecode.c.objc; name = Post.m; path = "Zazz-iphone-app/models/Post.m"; sourceTree = "<group>"; };
		2A4144F619689857001C1090 /* User.h */ = {isa = PBXFileReference; fileEncoding = 4; lastKnownFileType = sourcecode.c.h; name = User.h; path = "Zazz-iphone-app/models/User.h"; sourceTree = "<group>"; };
		2A4144F719689857001C1090 /* User.m */ = {isa = PBXFileReference; fileEncoding = 4; lastKnownFileType = sourcecode.c.objc; name = User.m; path = "Zazz-iphone-app/models/User.m"; sourceTree = "<group>"; };
		2A414501196898BE001C1090 /* CHTumblrMenuView.h */ = {isa = PBXFileReference; fileEncoding = 4; lastKnownFileType = sourcecode.c.h; name = CHTumblrMenuView.h; path = extentions/TumblrMenu/CHTumblrMenuView.h; sourceTree = "<group>"; };
		2A414502196898BE001C1090 /* CHTumblrMenuView.m */ = {isa = PBXFileReference; fileEncoding = 4; lastKnownFileType = sourcecode.c.objc; name = CHTumblrMenuView.m; path = extentions/TumblrMenu/CHTumblrMenuView.m; sourceTree = "<group>"; };
		2A46CCF2199C204600996D84 /* RoundedUIButton.h */ = {isa = PBXFileReference; fileEncoding = 4; lastKnownFileType = sourcecode.c.h; path = RoundedUIButton.h; sourceTree = "<group>"; };
		2A46CCF3199C204600996D84 /* RoundedUIButton.m */ = {isa = PBXFileReference; fileEncoding = 4; lastKnownFileType = sourcecode.c.objc; path = RoundedUIButton.m; sourceTree = "<group>"; };
		2A470D3D191FE863008DBFED /* RegisterViewController.h */ = {isa = PBXFileReference; fileEncoding = 4; lastKnownFileType = sourcecode.c.h; path = RegisterViewController.h; sourceTree = "<group>"; };
		2A470D3E191FE863008DBFED /* RegisterViewController.m */ = {isa = PBXFileReference; fileEncoding = 4; lastKnownFileType = sourcecode.c.objc; path = RegisterViewController.m; sourceTree = "<group>"; };
		2A470D7619245502008DBFED /* CustomPushSegue.h */ = {isa = PBXFileReference; fileEncoding = 4; lastKnownFileType = sourcecode.c.h; path = CustomPushSegue.h; sourceTree = "<group>"; };
		2A470D7919247A09008DBFED /* CustomPopSegue.h */ = {isa = PBXFileReference; fileEncoding = 4; lastKnownFileType = sourcecode.c.h; path = CustomPopSegue.h; sourceTree = "<group>"; };
		2A47F5611936F37A001CF1AE /* UIColor.h */ = {isa = PBXFileReference; fileEncoding = 4; lastKnownFileType = sourcecode.c.h; path = UIColor.h; sourceTree = "<group>"; };
		2A47F5621936F37A001CF1AE /* UIImage.h */ = {isa = PBXFileReference; fileEncoding = 4; lastKnownFileType = sourcecode.c.h; path = UIImage.h; sourceTree = "<group>"; };
		2A47F5631936F47A001CF1AE /* Images.xcassets */ = {isa = PBXFileReference; lastKnownFileType = folder.assetcatalog; path = Images.xcassets; sourceTree = "<group>"; };
		2A5FAEB3191BF7CA00B917AB /* ZazzApi.h */ = {isa = PBXFileReference; fileEncoding = 4; lastKnownFileType = sourcecode.c.h; name = ZazzApi.h; path = API_Module/ZazzApi.h; sourceTree = "<group>"; };
		2A5FAEB4191BF7CA00B917AB /* ZazzApi.m */ = {isa = PBXFileReference; fileEncoding = 4; lastKnownFileType = sourcecode.c.objc; name = ZazzApi.m; path = API_Module/ZazzApi.m; sourceTree = "<group>"; };
		2A6735981966F18A00707224 /* CreateMessageViewController.h */ = {isa = PBXFileReference; fileEncoding = 4; lastKnownFileType = sourcecode.c.h; path = CreateMessageViewController.h; sourceTree = "<group>"; };
		2A6735991966F18A00707224 /* CreateMessageViewController.m */ = {isa = PBXFileReference; fileEncoding = 4; lastKnownFileType = sourcecode.c.objc; path = CreateMessageViewController.m; sourceTree = "<group>"; };
		2AA057D3193F451B00E1617D /* ProfileViewController.h */ = {isa = PBXFileReference; fileEncoding = 4; lastKnownFileType = sourcecode.c.h; path = ProfileViewController.h; sourceTree = "<group>"; };
		2AA057D4193F451B00E1617D /* ProfileViewController.m */ = {isa = PBXFileReference; fileEncoding = 4; lastKnownFileType = sourcecode.c.objc; path = ProfileViewController.m; sourceTree = "<group>"; };
		2AAFF928197FE1F3001CC4CC /* UILabel.h */ = {isa = PBXFileReference; fileEncoding = 4; lastKnownFileType = sourcecode.c.h; path = UILabel.h; sourceTree = "<group>"; };
		2AAFF92C1981D769001CC4CC /* ALAsset+accessibilityLabel.h */ = {isa = PBXFileReference; fileEncoding = 4; lastKnownFileType = sourcecode.c.h; path = "ALAsset+accessibilityLabel.h"; sourceTree = "<group>"; };
		2AAFF92D1981D769001CC4CC /* ALAsset+accessibilityLabel.m */ = {isa = PBXFileReference; fileEncoding = 4; lastKnownFileType = sourcecode.c.objc; path = "ALAsset+accessibilityLabel.m"; sourceTree = "<group>"; };
		2AAFF92E1981D769001CC4CC /* ALAsset+assetType.h */ = {isa = PBXFileReference; fileEncoding = 4; lastKnownFileType = sourcecode.c.h; path = "ALAsset+assetType.h"; sourceTree = "<group>"; };
		2AAFF92F1981D769001CC4CC /* ALAsset+assetType.m */ = {isa = PBXFileReference; fileEncoding = 4; lastKnownFileType = sourcecode.c.objc; path = "ALAsset+assetType.m"; sourceTree = "<group>"; };
		2AAFF9301981D769001CC4CC /* ALAsset+isEqual.h */ = {isa = PBXFileReference; fileEncoding = 4; lastKnownFileType = sourcecode.c.h; path = "ALAsset+isEqual.h"; sourceTree = "<group>"; };
		2AAFF9311981D769001CC4CC /* ALAsset+isEqual.m */ = {isa = PBXFileReference; fileEncoding = 4; lastKnownFileType = sourcecode.c.objc; path = "ALAsset+isEqual.m"; sourceTree = "<group>"; };
		2AAFF9321981D769001CC4CC /* ALAssetsGroup+isEqual.h */ = {isa = PBXFileReference; fileEncoding = 4; lastKnownFileType = sourcecode.c.h; path = "ALAssetsGroup+isEqual.h"; sourceTree = "<group>"; };
		2AAFF9331981D769001CC4CC /* ALAssetsGroup+isEqual.m */ = {isa = PBXFileReference; fileEncoding = 4; lastKnownFileType = sourcecode.c.objc; path = "ALAssetsGroup+isEqual.m"; sourceTree = "<group>"; };
		2AAFF9341981D769001CC4CC /* CTAssetItemViewController.h */ = {isa = PBXFileReference; fileEncoding = 4; lastKnownFileType = sourcecode.c.h; path = CTAssetItemViewController.h; sourceTree = "<group>"; };
		2AAFF9351981D769001CC4CC /* CTAssetItemViewController.m */ = {isa = PBXFileReference; fileEncoding = 4; lastKnownFileType = sourcecode.c.objc; path = CTAssetItemViewController.m; sourceTree = "<group>"; };
		2AAFF9361981D769001CC4CC /* CTAssetScrollView.h */ = {isa = PBXFileReference; fileEncoding = 4; lastKnownFileType = sourcecode.c.h; path = CTAssetScrollView.h; sourceTree = "<group>"; };
		2AAFF9371981D769001CC4CC /* CTAssetScrollView.m */ = {isa = PBXFileReference; fileEncoding = 4; lastKnownFileType = sourcecode.c.objc; path = CTAssetScrollView.m; sourceTree = "<group>"; };
		2AAFF9381981D769001CC4CC /* CTAssetsGroupViewCell.h */ = {isa = PBXFileReference; fileEncoding = 4; lastKnownFileType = sourcecode.c.h; path = CTAssetsGroupViewCell.h; sourceTree = "<group>"; };
		2AAFF9391981D769001CC4CC /* CTAssetsGroupViewCell.m */ = {isa = PBXFileReference; fileEncoding = 4; lastKnownFileType = sourcecode.c.objc; path = CTAssetsGroupViewCell.m; sourceTree = "<group>"; };
		2AAFF93A1981D769001CC4CC /* CTAssetsGroupViewController.h */ = {isa = PBXFileReference; fileEncoding = 4; lastKnownFileType = sourcecode.c.h; path = CTAssetsGroupViewController.h; sourceTree = "<group>"; };
		2AAFF93B1981D769001CC4CC /* CTAssetsGroupViewController.m */ = {isa = PBXFileReference; fileEncoding = 4; lastKnownFileType = sourcecode.c.objc; path = CTAssetsGroupViewController.m; sourceTree = "<group>"; };
		2AAFF93C1981D769001CC4CC /* CTAssetsPageViewController.h */ = {isa = PBXFileReference; fileEncoding = 4; lastKnownFileType = sourcecode.c.h; path = CTAssetsPageViewController.h; sourceTree = "<group>"; };
		2AAFF93D1981D769001CC4CC /* CTAssetsPageViewController.m */ = {isa = PBXFileReference; fileEncoding = 4; lastKnownFileType = sourcecode.c.objc; path = CTAssetsPageViewController.m; sourceTree = "<group>"; };
		2AAFF93E1981D769001CC4CC /* CTAssetsPicker.xcassets */ = {isa = PBXFileReference; lastKnownFileType = folder.assetcatalog; path = CTAssetsPicker.xcassets; sourceTree = "<group>"; };
		2AAFF93F1981D769001CC4CC /* CTAssetsPickerConstants.h */ = {isa = PBXFileReference; fileEncoding = 4; lastKnownFileType = sourcecode.c.h; path = CTAssetsPickerConstants.h; sourceTree = "<group>"; };
		2AAFF9401981D769001CC4CC /* CTAssetsPickerConstants.m */ = {isa = PBXFileReference; fileEncoding = 4; lastKnownFileType = sourcecode.c.objc; path = CTAssetsPickerConstants.m; sourceTree = "<group>"; };
		2AAFF9411981D769001CC4CC /* CTAssetsPickerController.h */ = {isa = PBXFileReference; fileEncoding = 4; lastKnownFileType = sourcecode.c.h; path = CTAssetsPickerController.h; sourceTree = "<group>"; };
		2AAFF9421981D769001CC4CC /* CTAssetsPickerController.m */ = {isa = PBXFileReference; fileEncoding = 4; lastKnownFileType = sourcecode.c.objc; path = CTAssetsPickerController.m; sourceTree = "<group>"; };
		2AAFF9431981D769001CC4CC /* CTAssetsSupplementaryView.h */ = {isa = PBXFileReference; fileEncoding = 4; lastKnownFileType = sourcecode.c.h; path = CTAssetsSupplementaryView.h; sourceTree = "<group>"; };
		2AAFF9441981D769001CC4CC /* CTAssetsSupplementaryView.m */ = {isa = PBXFileReference; fileEncoding = 4; lastKnownFileType = sourcecode.c.objc; path = CTAssetsSupplementaryView.m; sourceTree = "<group>"; };
		2AAFF9451981D769001CC4CC /* CTAssetsViewCell.h */ = {isa = PBXFileReference; fileEncoding = 4; lastKnownFileType = sourcecode.c.h; path = CTAssetsViewCell.h; sourceTree = "<group>"; };
		2AAFF9461981D769001CC4CC /* CTAssetsViewCell.m */ = {isa = PBXFileReference; fileEncoding = 4; lastKnownFileType = sourcecode.c.objc; path = CTAssetsViewCell.m; sourceTree = "<group>"; };
		2AAFF9471981D769001CC4CC /* CTAssetsViewController.h */ = {isa = PBXFileReference; fileEncoding = 4; lastKnownFileType = sourcecode.c.h; path = CTAssetsViewController.h; sourceTree = "<group>"; };
		2AAFF9481981D769001CC4CC /* CTAssetsViewController.m */ = {isa = PBXFileReference; fileEncoding = 4; lastKnownFileType = sourcecode.c.objc; path = CTAssetsViewController.m; sourceTree = "<group>"; };
		2AAFF9491981D769001CC4CC /* CTAssetsViewControllerTransition.h */ = {isa = PBXFileReference; fileEncoding = 4; lastKnownFileType = sourcecode.c.h; path = CTAssetsViewControllerTransition.h; sourceTree = "<group>"; };
		2AAFF94A1981D769001CC4CC /* CTAssetsViewControllerTransition.m */ = {isa = PBXFileReference; fileEncoding = 4; lastKnownFileType = sourcecode.c.objc; path = CTAssetsViewControllerTransition.m; sourceTree = "<group>"; };
		2AAFF94B1981D769001CC4CC /* NSDateFormatter+timeIntervalFormatter.h */ = {isa = PBXFileReference; fileEncoding = 4; lastKnownFileType = sourcecode.c.h; path = "NSDateFormatter+timeIntervalFormatter.h"; sourceTree = "<group>"; };
		2AAFF94C1981D769001CC4CC /* NSDateFormatter+timeIntervalFormatter.m */ = {isa = PBXFileReference; fileEncoding = 4; lastKnownFileType = sourcecode.c.objc; path = "NSDateFormatter+timeIntervalFormatter.m"; sourceTree = "<group>"; };
		2AAFF94D1981D769001CC4CC /* PhotoPicker.h */ = {isa = PBXFileReference; fileEncoding = 4; lastKnownFileType = sourcecode.c.h; name = PhotoPicker.h; path = extentions/PhotoPicker.h; sourceTree = "<group>"; };
		2AAFF94E1981D769001CC4CC /* PhotoPicker.m */ = {isa = PBXFileReference; fileEncoding = 4; lastKnownFileType = sourcecode.c.objc; name = PhotoPicker.m; path = extentions/PhotoPicker.m; sourceTree = "<group>"; };
		2AAFF9621982878D001CC4CC /* UIView.h */ = {isa = PBXFileReference; fileEncoding = 4; lastKnownFileType = sourcecode.c.h; path = UIView.h; sourceTree = "<group>"; };
		2AB3E45E1934061700F72784 /* LeftNavigationViewController.h */ = {isa = PBXFileReference; fileEncoding = 4; lastKnownFileType = sourcecode.c.h; path = LeftNavigationViewController.h; sourceTree = "<group>"; };
		2AB3E45F1934061700F72784 /* LeftNavigationViewController.m */ = {isa = PBXFileReference; fileEncoding = 4; lastKnownFileType = sourcecode.c.objc; path = LeftNavigationViewController.m; sourceTree = "<group>"; };
		2AB3E4611934063700F72784 /* RightNavigationViewController.h */ = {isa = PBXFileReference; fileEncoding = 4; lastKnownFileType = sourcecode.c.h; path = RightNavigationViewController.h; sourceTree = "<group>"; };
		2AB3E4621934063700F72784 /* RightNavigationViewController.m */ = {isa = PBXFileReference; fileEncoding = 4; lastKnownFileType = sourcecode.c.objc; path = RightNavigationViewController.m; sourceTree = "<group>"; };
		2AE1DC351991C60400CC3CCF /* ZazzPhoto.h */ = {isa = PBXFileReference; fileEncoding = 4; lastKnownFileType = sourcecode.c.h; name = ZazzPhoto.h; path = API_Module/ZazzPhoto.h; sourceTree = "<group>"; };
		2AE1DC361991C60400CC3CCF /* ZazzPhoto.m */ = {isa = PBXFileReference; fileEncoding = 4; lastKnownFileType = sourcecode.c.objc; name = ZazzPhoto.m; path = API_Module/ZazzPhoto.m; sourceTree = "<group>"; };
		2AE2818A1956004E0015602F /* NotificationViewController.h */ = {isa = PBXFileReference; fileEncoding = 4; lastKnownFileType = sourcecode.c.h; path = NotificationViewController.h; sourceTree = "<group>"; };
		2AE2818B1956004E0015602F /* NotificationViewController.m */ = {isa = PBXFileReference; fileEncoding = 4; lastKnownFileType = sourcecode.c.objc; path = NotificationViewController.m; sourceTree = "<group>"; };
		2AE748FF1996A3E0004A09CD /* FeedTableViewController.h */ = {isa = PBXFileReference; fileEncoding = 4; lastKnownFileType = sourcecode.c.h; path = FeedTableViewController.h; sourceTree = "<group>"; };
		2AE749001996A3E0004A09CD /* FeedTableViewController.m */ = {isa = PBXFileReference; fileEncoding = 4; lastKnownFileType = sourcecode.c.objc; path = FeedTableViewController.m; sourceTree = "<group>"; };
		2AEA1C82197604E300A177F3 /* DetailViewItem.h */ = {isa = PBXFileReference; fileEncoding = 4; lastKnownFileType = sourcecode.c.h; path = DetailViewItem.h; sourceTree = "<group>"; };
		2AEA1C83197604E300A177F3 /* DetailViewItem.m */ = {isa = PBXFileReference; fileEncoding = 4; lastKnownFileType = sourcecode.c.objc; path = DetailViewItem.m; sourceTree = "<group>"; };
		2AEA1C8519769E9300A177F3 /* ZazzComments.h */ = {isa = PBXFileReference; fileEncoding = 4; lastKnownFileType = sourcecode.c.h; name = ZazzComments.h; path = API_Module/ZazzComments.h; sourceTree = "<group>"; };
		2AEA1C8619769E9300A177F3 /* ZazzComments.m */ = {isa = PBXFileReference; fileEncoding = 4; lastKnownFileType = sourcecode.c.objc; name = ZazzComments.m; path = API_Module/ZazzComments.m; sourceTree = "<group>"; };
		2AFED72919D723B200636689 /* RSKImageCropper.h */ = {isa = PBXFileReference; fileEncoding = 4; lastKnownFileType = sourcecode.c.h; path = RSKImageCropper.h; sourceTree = "<group>"; };
		2AFED72A19D723B200636689 /* RSKImageCropViewController.h */ = {isa = PBXFileReference; fileEncoding = 4; lastKnownFileType = sourcecode.c.h; path = RSKImageCropViewController.h; sourceTree = "<group>"; };
		2AFED72B19D723B200636689 /* RSKImageCropViewController.m */ = {isa = PBXFileReference; fileEncoding = 4; lastKnownFileType = sourcecode.c.objc; path = RSKImageCropViewController.m; sourceTree = "<group>"; };
		2AFED72C19D723B200636689 /* RSKImageScrollView.h */ = {isa = PBXFileReference; fileEncoding = 4; lastKnownFileType = sourcecode.c.h; path = RSKImageScrollView.h; sourceTree = "<group>"; };
		2AFED72D19D723B200636689 /* RSKImageScrollView.m */ = {isa = PBXFileReference; fileEncoding = 4; lastKnownFileType = sourcecode.c.objc; path = RSKImageScrollView.m; sourceTree = "<group>"; };
		2AFED72E19D723B200636689 /* RSKTouchView.h */ = {isa = PBXFileReference; fileEncoding = 4; lastKnownFileType = sourcecode.c.h; path = RSKTouchView.h; sourceTree = "<group>"; };
		2AFED72F19D723B200636689 /* RSKTouchView.m */ = {isa = PBXFileReference; fileEncoding = 4; lastKnownFileType = sourcecode.c.objc; path = RSKTouchView.m; sourceTree = "<group>"; };
		2AFED73019D723B200636689 /* UIImage+FixOrientation.h */ = {isa = PBXFileReference; fileEncoding = 4; lastKnownFileType = sourcecode.c.h; path = "UIImage+FixOrientation.h"; sourceTree = "<group>"; };
		2AFED73119D723B200636689 /* UIImage+FixOrientation.m */ = {isa = PBXFileReference; fileEncoding = 4; lastKnownFileType = sourcecode.c.objc; path = "UIImage+FixOrientation.m"; sourceTree = "<group>"; };
		5E8AA6EC18FCAED600C99D9F /* Zazz-iphone-app.app */ = {isa = PBXFileReference; explicitFileType = wrapper.application; includeInIndex = 0; path = "Zazz-iphone-app.app"; sourceTree = BUILT_PRODUCTS_DIR; };
		5E8AA6EF18FCAED600C99D9F /* Foundation.framework */ = {isa = PBXFileReference; lastKnownFileType = wrapper.framework; name = Foundation.framework; path = System/Library/Frameworks/Foundation.framework; sourceTree = SDKROOT; };
		5E8AA6F118FCAED600C99D9F /* CoreGraphics.framework */ = {isa = PBXFileReference; lastKnownFileType = wrapper.framework; name = CoreGraphics.framework; path = System/Library/Frameworks/CoreGraphics.framework; sourceTree = SDKROOT; };
		5E8AA6F318FCAED600C99D9F /* UIKit.framework */ = {isa = PBXFileReference; lastKnownFileType = wrapper.framework; name = UIKit.framework; path = System/Library/Frameworks/UIKit.framework; sourceTree = SDKROOT; };
		5E8AA6F718FCAED600C99D9F /* Zazz-iphone-app-Info.plist */ = {isa = PBXFileReference; lastKnownFileType = text.plist.xml; path = "Zazz-iphone-app-Info.plist"; sourceTree = "<group>"; };
		5E8AA6F918FCAED600C99D9F /* en */ = {isa = PBXFileReference; lastKnownFileType = text.plist.strings; name = en; path = en.lproj/InfoPlist.strings; sourceTree = "<group>"; };
		5E8AA6FB18FCAED600C99D9F /* main.m */ = {isa = PBXFileReference; lastKnownFileType = sourcecode.c.objc; path = main.m; sourceTree = "<group>"; };
		5E8AA6FD18FCAED600C99D9F /* Zazz-iphone-app-Prefix.pch */ = {isa = PBXFileReference; lastKnownFileType = sourcecode.c.h; path = "Zazz-iphone-app-Prefix.pch"; sourceTree = "<group>"; };
		5E8AA6FE18FCAED600C99D9F /* AppDelegate.h */ = {isa = PBXFileReference; lastKnownFileType = sourcecode.c.h; path = AppDelegate.h; sourceTree = "<group>"; };
		5E8AA6FF18FCAED600C99D9F /* AppDelegate.m */ = {isa = PBXFileReference; lastKnownFileType = sourcecode.c.objc; path = AppDelegate.m; sourceTree = "<group>"; };
		5E8AA70218FCAED600C99D9F /* Base */ = {isa = PBXFileReference; lastKnownFileType = file.storyboard; name = Base; path = Base.lproj/Main_iPhone.storyboard; sourceTree = "<group>"; };
		5E8AA70518FCAED600C99D9F /* Base */ = {isa = PBXFileReference; lastKnownFileType = file.storyboard; name = Base; path = Base.lproj/Main_iPad.storyboard; sourceTree = "<group>"; };
		5E8AA71018FCAED700C99D9F /* Zazz-iphone-appTests.xctest */ = {isa = PBXFileReference; explicitFileType = wrapper.cfbundle; includeInIndex = 0; path = "Zazz-iphone-appTests.xctest"; sourceTree = BUILT_PRODUCTS_DIR; };
		5E8AA71118FCAED700C99D9F /* XCTest.framework */ = {isa = PBXFileReference; lastKnownFileType = wrapper.framework; name = XCTest.framework; path = Library/Frameworks/XCTest.framework; sourceTree = DEVELOPER_DIR; };
		5E8AA71918FCAED700C99D9F /* Zazz-iphone-appTests-Info.plist */ = {isa = PBXFileReference; lastKnownFileType = text.plist.xml; path = "Zazz-iphone-appTests-Info.plist"; sourceTree = "<group>"; };
		5E8AA71B18FCAED700C99D9F /* en */ = {isa = PBXFileReference; lastKnownFileType = text.plist.strings; name = en; path = en.lproj/InfoPlist.strings; sourceTree = "<group>"; };
		5E8AA71D18FCAED700C99D9F /* Zazz_iphone_appTests.m */ = {isa = PBXFileReference; lastKnownFileType = sourcecode.c.objc; path = Zazz_iphone_appTests.m; sourceTree = "<group>"; };
/* End PBXFileReference section */

/* Begin PBXFrameworksBuildPhase section */
		5E8AA6E918FCAED600C99D9F /* Frameworks */ = {
			isa = PBXFrameworksBuildPhase;
			buildActionMask = 2147483647;
			files = (
				0DB12D361922FA20001E9E26 /* QuartzCore.framework in Frameworks */,
				5E8AA6F218FCAED600C99D9F /* CoreGraphics.framework in Frameworks */,
				5E8AA6F418FCAED600C99D9F /* UIKit.framework in Frameworks */,
				5E8AA6F018FCAED600C99D9F /* Foundation.framework in Frameworks */,
			);
			runOnlyForDeploymentPostprocessing = 0;
		};
		5E8AA70D18FCAED600C99D9F /* Frameworks */ = {
			isa = PBXFrameworksBuildPhase;
			buildActionMask = 2147483647;
			files = (
				5E8AA71218FCAED700C99D9F /* XCTest.framework in Frameworks */,
				5E8AA71418FCAED700C99D9F /* UIKit.framework in Frameworks */,
				5E8AA71318FCAED700C99D9F /* Foundation.framework in Frameworks */,
			);
			runOnlyForDeploymentPostprocessing = 0;
		};
/* End PBXFrameworksBuildPhase section */

/* Begin PBXGroup section */
		2A01CB97196B156200C4B81F /* SecretViewer */ = {
			isa = PBXGroup;
			children = (
				2A01CB9E196B156200C4B81F /* UIFont+SecretFont.h */,
				2A01CB9F196B156200C4B81F /* UIFont+SecretFont.m */,
				2A01CBA0196B156200C4B81F /* UIImage+ImageEffects.h */,
				2A01CBA1196B156200C4B81F /* UIImage+ImageEffects.m */,
				2A01CBA2196B156200C4B81F /* UIView+GradientMask.h */,
				2A01CBA3196B156200C4B81F /* UIView+GradientMask.m */,
			);
			path = SecretViewer;
			sourceTree = "<group>";
		};
		2A09D71A191EDA5600A2827F /* Models */ = {
			isa = PBXGroup;
			children = (
				2A15422219ADFC86006216B8 /* GenericModel.h */,
				2A15422319ADFC86006216B8 /* GenericModel.m */,
				2A4144F619689857001C1090 /* User.h */,
				2A4144F719689857001C1090 /* User.m */,
				2A15422419ADFC86006216B8 /* Profile.h */,
				2A15422519ADFC86006216B8 /* Profile.m */,
				2A15422B19ADFF26006216B8 /* UserDetails.h */,
				2A15422C19ADFF26006216B8 /* UserDetails.m */,
				2A4144E619689857001C1090 /* CategoryStat.h */,
				2A4144E719689857001C1090 /* CategoryStat.m */,
				2A4144E819689857001C1090 /* Comment.h */,
				2A4144E919689857001C1090 /* Comment.m */,
				2A4144EA19689857001C1090 /* Event.h */,
				2A4144EB19689857001C1090 /* Event.m */,
				2A4144EC19689857001C1090 /* Feed.h */,
				2A4144ED19689857001C1090 /* Feed.m */,
				2A4144EE19689857001C1090 /* FollowRequest.h */,
				2A4144EF19689857001C1090 /* FollowRequest.m */,
				2A4144F019689857001C1090 /* Notification.h */,
				2A4144F119689857001C1090 /* Notification.m */,
				2A4144F219689857001C1090 /* Photo.h */,
				2A4144F319689857001C1090 /* Photo.m */,
				2A4144F419689857001C1090 /* Post.h */,
				2A4144F519689857001C1090 /* Post.m */,
			);
			name = Models;
			path = ..;
			sourceTree = "<group>";
		};
		2A23858E19408C4200F7FABD /* Post */ = {
			isa = PBXGroup;
			children = (
				2AAFF96119828482001CC4CC /* FeedItemViewControllers */,
				2A39F2DA193D5BA3002E8873 /* PostViewController.h */,
				2A39F2DB193D5BA3002E8873 /* PostViewController.m */,
				2A414501196898BE001C1090 /* CHTumblrMenuView.h */,
				2A414502196898BE001C1090 /* CHTumblrMenuView.m */,
			);
			name = Post;
			sourceTree = "<group>";
		};
		2A23858F19408EDE00F7FABD /* Profile */ = {
			isa = PBXGroup;
			children = (
				2AA057D3193F451B00E1617D /* ProfileViewController.h */,
				2AA057D4193F451B00E1617D /* ProfileViewController.m */,
			);
			name = Profile;
			sourceTree = "<group>";
		};
		2A2385C2194521D300F7FABD /* SDWebImage */ = {
			isa = PBXGroup;
			children = (
				2A2385C3194521D300F7FABD /* MKAnnotationView+WebCache.h */,
				2A2385C4194521D300F7FABD /* MKAnnotationView+WebCache.m */,
				2A2385C5194521D300F7FABD /* NSData+ImageContentType.h */,
				2A2385C6194521D300F7FABD /* NSData+ImageContentType.m */,
				2A2385C7194521D300F7FABD /* SDImageCache.h */,
				2A2385C8194521D300F7FABD /* SDImageCache.m */,
				2A2385C9194521D300F7FABD /* SDWebImageCompat.h */,
				2A2385CA194521D300F7FABD /* SDWebImageCompat.m */,
				2A2385CB194521D300F7FABD /* SDWebImageDecoder.h */,
				2A2385CC194521D300F7FABD /* SDWebImageDecoder.m */,
				2A2385CD194521D300F7FABD /* SDWebImageDownloader.h */,
				2A2385CE194521D300F7FABD /* SDWebImageDownloader.m */,
				2A2385CF194521D300F7FABD /* SDWebImageDownloaderOperation.h */,
				2A2385D0194521D300F7FABD /* SDWebImageDownloaderOperation.m */,
				2A2385D1194521D300F7FABD /* SDWebImageManager.h */,
				2A2385D2194521D300F7FABD /* SDWebImageManager.m */,
				2A2385D3194521D300F7FABD /* SDWebImageOperation.h */,
				2A2385D4194521D300F7FABD /* SDWebImagePrefetcher.h */,
				2A2385D5194521D300F7FABD /* SDWebImagePrefetcher.m */,
				2A2385D6194521D300F7FABD /* UIButton+WebCache.h */,
				2A2385D7194521D300F7FABD /* UIButton+WebCache.m */,
				2A2385D8194521D300F7FABD /* UIImage+GIF.h */,
				2A2385D9194521D300F7FABD /* UIImage+GIF.m */,
				2A2385DA194521D300F7FABD /* UIImage+MultiFormat.h */,
				2A2385DB194521D300F7FABD /* UIImage+MultiFormat.m */,
				2A2385DC194521D300F7FABD /* UIImage+WebP.h */,
				2A2385DD194521D300F7FABD /* UIImage+WebP.m */,
				2A2385DE194521D300F7FABD /* UIImageView+HighlightedWebCache.h */,
				2A2385DF194521D300F7FABD /* UIImageView+HighlightedWebCache.m */,
				2A2385E0194521D300F7FABD /* UIImageView+WebCache.h */,
				2A2385E1194521D300F7FABD /* UIImageView+WebCache.m */,
			);
			path = SDWebImage;
			sourceTree = "<group>";
		};
		2A2C730C19A2CA220019E450 /* Feed */ = {
			isa = PBXGroup;
			children = (
				2A32DF2619B3F53500679E8A /* MediaFeedViewController */,
				2AE748FF1996A3E0004A09CD /* FeedTableViewController.h */,
				2AE749001996A3E0004A09CD /* FeedTableViewController.m */,
				0DD3180A191B2A3A003D5630 /* FeedTableViewCell.h */,
				0DD3180B191B2A3A003D5630 /* FeedTableViewCell.m */,
			);
			name = Feed;
			sourceTree = "<group>";
		};
		2A32DF2619B3F53500679E8A /* MediaFeedViewController */ = {
			isa = PBXGroup;
			children = (
				2A32DF2719B3FA5700679E8A /* MediaFeedViewController.h */,
				2A32DF2819B3FA5700679E8A /* MediaFeedViewController.m */,
			);
			name = MediaFeedViewController;
			sourceTree = "<group>";
		};
		2A470D7C19247A11008DBFED /* Segues */ = {
			isa = PBXGroup;
			children = (
				2A470D7919247A09008DBFED /* CustomPopSegue.h */,
				2A15423119B13F93006216B8 /* CustomPopSegue.m */,
				2A470D7619245502008DBFED /* CustomPushSegue.h */,
				2A15423219B13F93006216B8 /* CustomPushSegue.m */,
				2A15422E19B13D4A006216B8 /* EmbedFeedViewController.h */,
			);
			name = Segues;
			sourceTree = "<group>";
		};
		2A47F5601936F37A001CF1AE /* ext */ = {
			isa = PBXGroup;
			children = (
				2AFED72819D723B200636689 /* RSKImageCropper */,
				2AAFF92B1981D769001CC4CC /* CTAssetsPickerController */,
				2A01CB97196B156200C4B81F /* SecretViewer */,
				2A2385C2194521D300F7FABD /* SDWebImage */,
				2A47F5611936F37A001CF1AE /* UIColor.h */,
				2A47F5621936F37A001CF1AE /* UIImage.h */,
				2AAFF928197FE1F3001CC4CC /* UILabel.h */,
				2AAFF9621982878D001CC4CC /* UIView.h */,
				2A46CCF2199C204600996D84 /* RoundedUIButton.h */,
				2A46CCF3199C204600996D84 /* RoundedUIButton.m */,
			);
			name = ext;
			path = extentions;
			sourceTree = "<group>";
		};
		2A5FAEB6191BF7D200B917AB /* API */ = {
			isa = PBXGroup;
			children = (
				2A5FAEB3191BF7CA00B917AB /* ZazzApi.h */,
				2A5FAEB4191BF7CA00B917AB /* ZazzApi.m */,
				2A5FAEBE191D791B00B917AB /* Actions */,
			);
			name = API;
			sourceTree = "<group>";
		};
		2A5FAEB7191D2BE500B917AB /* Storyboards */ = {
			isa = PBXGroup;
			children = (
				5E8AA70118FCAED600C99D9F /* Main_iPhone.storyboard */,
				5E8AA70418FCAED600C99D9F /* Main_iPad.storyboard */,
			);
			name = Storyboards;
			sourceTree = "<group>";
		};
		2A5FAEB8191D2BF300B917AB /* Controllers */ = {
			isa = PBXGroup;
			children = (
				2A39F2E4193DEB04002E8873 /* CFTabBarController.h */,
				2A39F2E5193DEB04002E8873 /* CFTabBarController.m */,
				2AA057D6193F453300E1617D /* Home */,
				2A23858E19408C4200F7FABD /* Post */,
				2A23858F19408EDE00F7FABD /* Profile */,
				2A2C730C19A2CA220019E450 /* Feed */,
				2AE281891956002D0015602F /* Login/Register */,
				2AE281881956000A0015602F /* Notifications */,
				2AEA1C811971CA3100A177F3 /* DetailView */,
			);
			name = Controllers;
			sourceTree = "<group>";
		};
		2A5FAEBE191D791B00B917AB /* Actions */ = {
			isa = PBXGroup;
			children = (
				2A01CBAA196B289400C4B81F /* ZazzCategory.h */,
				2A01CBAB196B289400C4B81F /* ZazzCategory.m */,
				2A01CBAC196B289400C4B81F /* ZazzFeed.h */,
				2A01CBAD196B289400C4B81F /* ZazzFeed.m */,
				2A01CBAE196B289400C4B81F /* ZazzFollowRequest.h */,
				2A01CBAF196B289400C4B81F /* ZazzFollowRequest.m */,
				2A01CBB0196B289400C4B81F /* ZazzLogin.h */,
				2A01CBB1196B289400C4B81F /* ZazzLogin.m */,
				2A01CBB2196B289400C4B81F /* ZazzNotification.h */,
				2A01CBB3196B289400C4B81F /* ZazzNotification.m */,
				2A01CBB4196B289400C4B81F /* ZazzProfile.h */,
				2A01CBB5196B289400C4B81F /* ZazzProfile.m */,
				2A15422819ADFD47006216B8 /* ZazzMe.h */,
				2A15422919ADFD47006216B8 /* ZazzMe.m */,
				2AEA1C8519769E9300A177F3 /* ZazzComments.h */,
				2AEA1C8619769E9300A177F3 /* ZazzComments.m */,
				2A30C4501987CA5F00882C1A /* ZazzPost.h */,
				2A30C4511987CA5F00882C1A /* ZazzPost.m */,
				2AE1DC351991C60400CC3CCF /* ZazzPhoto.h */,
				2AE1DC361991C60400CC3CCF /* ZazzPhoto.m */,
			);
			name = Actions;
			sourceTree = "<group>";
		};
		2AA057D6193F453300E1617D /* Home */ = {
			isa = PBXGroup;
			children = (
				0DD31807191B2063003D5630 /* HomeViewController.h */,
				0DD31808191B2063003D5630 /* HomeViewController.m */,
				2AB3E45E1934061700F72784 /* LeftNavigationViewController.h */,
				2AB3E45F1934061700F72784 /* LeftNavigationViewController.m */,
				2AB3E4611934063700F72784 /* RightNavigationViewController.h */,
				2AB3E4621934063700F72784 /* RightNavigationViewController.m */,
			);
			name = Home;
			sourceTree = "<group>";
		};
		2AAFF92B1981D769001CC4CC /* CTAssetsPickerController */ = {
			isa = PBXGroup;
			children = (
				2AAFF92C1981D769001CC4CC /* ALAsset+accessibilityLabel.h */,
				2AAFF92D1981D769001CC4CC /* ALAsset+accessibilityLabel.m */,
				2AAFF92E1981D769001CC4CC /* ALAsset+assetType.h */,
				2AAFF92F1981D769001CC4CC /* ALAsset+assetType.m */,
				2AAFF9301981D769001CC4CC /* ALAsset+isEqual.h */,
				2AAFF9311981D769001CC4CC /* ALAsset+isEqual.m */,
				2AAFF9321981D769001CC4CC /* ALAssetsGroup+isEqual.h */,
				2AAFF9331981D769001CC4CC /* ALAssetsGroup+isEqual.m */,
				2AAFF9341981D769001CC4CC /* CTAssetItemViewController.h */,
				2AAFF9351981D769001CC4CC /* CTAssetItemViewController.m */,
				2AAFF9361981D769001CC4CC /* CTAssetScrollView.h */,
				2AAFF9371981D769001CC4CC /* CTAssetScrollView.m */,
				2AAFF9381981D769001CC4CC /* CTAssetsGroupViewCell.h */,
				2AAFF9391981D769001CC4CC /* CTAssetsGroupViewCell.m */,
				2AAFF93A1981D769001CC4CC /* CTAssetsGroupViewController.h */,
				2AAFF93B1981D769001CC4CC /* CTAssetsGroupViewController.m */,
				2AAFF93C1981D769001CC4CC /* CTAssetsPageViewController.h */,
				2AAFF93D1981D769001CC4CC /* CTAssetsPageViewController.m */,
				2AAFF93E1981D769001CC4CC /* CTAssetsPicker.xcassets */,
				2AAFF93F1981D769001CC4CC /* CTAssetsPickerConstants.h */,
				2AAFF9401981D769001CC4CC /* CTAssetsPickerConstants.m */,
				2AAFF9411981D769001CC4CC /* CTAssetsPickerController.h */,
				2AAFF9421981D769001CC4CC /* CTAssetsPickerController.m */,
				2AAFF9431981D769001CC4CC /* CTAssetsSupplementaryView.h */,
				2AAFF9441981D769001CC4CC /* CTAssetsSupplementaryView.m */,
				2AAFF9451981D769001CC4CC /* CTAssetsViewCell.h */,
				2AAFF9461981D769001CC4CC /* CTAssetsViewCell.m */,
				2AAFF9471981D769001CC4CC /* CTAssetsViewController.h */,
				2AAFF9481981D769001CC4CC /* CTAssetsViewController.m */,
				2AAFF9491981D769001CC4CC /* CTAssetsViewControllerTransition.h */,
				2AAFF94A1981D769001CC4CC /* CTAssetsViewControllerTransition.m */,
				2AAFF94B1981D769001CC4CC /* NSDateFormatter+timeIntervalFormatter.h */,
				2AAFF94C1981D769001CC4CC /* NSDateFormatter+timeIntervalFormatter.m */,
			);
			path = CTAssetsPickerController;
			sourceTree = "<group>";
		};
		2AAFF96119828482001CC4CC /* FeedItemViewControllers */ = {
			isa = PBXGroup;
			children = (
				2AAFF94D1981D769001CC4CC /* PhotoPicker.h */,
				2AAFF94E1981D769001CC4CC /* PhotoPicker.m */,
				2A6735981966F18A00707224 /* CreateMessageViewController.h */,
				2A6735991966F18A00707224 /* CreateMessageViewController.m */,
			);
			name = FeedItemViewControllers;
			sourceTree = "<group>";
		};
		2AE281881956000A0015602F /* Notifications */ = {
			isa = PBXGroup;
			children = (
				2AE2818A1956004E0015602F /* NotificationViewController.h */,
				2AE2818B1956004E0015602F /* NotificationViewController.m */,
			);
			name = Notifications;
			sourceTree = "<group>";
		};
		2AE281891956002D0015602F /* Login/Register */ = {
			isa = PBXGroup;
			children = (
				2A09D71E191EF3CD00A2827F /* LoginViewController.h */,
				2A09D71F191EF3CD00A2827F /* LoginViewController.m */,
				2A470D3D191FE863008DBFED /* RegisterViewController.h */,
				2A470D3E191FE863008DBFED /* RegisterViewController.m */,
			);
			name = Login/Register;
			sourceTree = "<group>";
		};
		2AEA1C811971CA3100A177F3 /* DetailView */ = {
			isa = PBXGroup;
			children = (
				2A01CB9A196B156200C4B81F /* DetailViewController.h */,
				2A01CB9B196B156200C4B81F /* DetailViewController.m */,
				2AEA1C82197604E300A177F3 /* DetailViewItem.h */,
				2AEA1C83197604E300A177F3 /* DetailViewItem.m */,
				2A01CB98196B156200C4B81F /* CommentCell.h */,
				2A01CB99196B156200C4B81F /* CommentCell.m */,
				2A01CB9C196B156200C4B81F /* ToolBarView.h */,
				2A01CB9D196B156200C4B81F /* ToolBarView.m */,
			);
			name = DetailView;
			sourceTree = "<group>";
		};
		2AFED72819D723B200636689 /* RSKImageCropper */ = {
			isa = PBXGroup;
			children = (
				2AFED72919D723B200636689 /* RSKImageCropper.h */,
				2AFED72A19D723B200636689 /* RSKImageCropViewController.h */,
				2AFED72B19D723B200636689 /* RSKImageCropViewController.m */,
				2AFED72C19D723B200636689 /* RSKImageScrollView.h */,
				2AFED72D19D723B200636689 /* RSKImageScrollView.m */,
				2AFED72E19D723B200636689 /* RSKTouchView.h */,
				2AFED72F19D723B200636689 /* RSKTouchView.m */,
				2AFED73019D723B200636689 /* UIImage+FixOrientation.h */,
				2AFED73119D723B200636689 /* UIImage+FixOrientation.m */,
			);
			path = RSKImageCropper;
			sourceTree = "<group>";
		};
		5E8AA6E318FCAED600C99D9F = {
			isa = PBXGroup;
			children = (
				5E8AA6F518FCAED600C99D9F /* Zazz-iphone-app */,
				5E8AA71718FCAED700C99D9F /* Zazz-iphone-appTests */,
				5E8AA6EE18FCAED600C99D9F /* Frameworks */,
				5E8AA6ED18FCAED600C99D9F /* Products */,
			);
			sourceTree = "<group>";
		};
		5E8AA6ED18FCAED600C99D9F /* Products */ = {
			isa = PBXGroup;
			children = (
				5E8AA6EC18FCAED600C99D9F /* Zazz-iphone-app.app */,
				5E8AA71018FCAED700C99D9F /* Zazz-iphone-appTests.xctest */,
			);
			name = Products;
			sourceTree = "<group>";
		};
		5E8AA6EE18FCAED600C99D9F /* Frameworks */ = {
			isa = PBXGroup;
			children = (
				0DB12D351922FA20001E9E26 /* QuartzCore.framework */,
				5E8AA6EF18FCAED600C99D9F /* Foundation.framework */,
				5E8AA6F118FCAED600C99D9F /* CoreGraphics.framework */,
				5E8AA6F318FCAED600C99D9F /* UIKit.framework */,
				5E8AA71118FCAED700C99D9F /* XCTest.framework */,
			);
			name = Frameworks;
			sourceTree = "<group>";
		};
		5E8AA6F518FCAED600C99D9F /* Zazz-iphone-app */ = {
			isa = PBXGroup;
			children = (
				5E8AA6FE18FCAED600C99D9F /* AppDelegate.h */,
				5E8AA6FF18FCAED600C99D9F /* AppDelegate.m */,
				2A5FAEB8191D2BF300B917AB /* Controllers */,
				2A470D7C19247A11008DBFED /* Segues */,
				2A09D71A191EDA5600A2827F /* Models */,
				2A5FAEB6191BF7D200B917AB /* API */,
				2A5FAEB7191D2BE500B917AB /* Storyboards */,
				2A47F5631936F47A001CF1AE /* Images.xcassets */,
				2A47F5601936F37A001CF1AE /* ext */,
				5E8AA6F618FCAED600C99D9F /* Supporting Files */,
			);
			path = "Zazz-iphone-app";
			sourceTree = "<group>";
		};
		5E8AA6F618FCAED600C99D9F /* Supporting Files */ = {
			isa = PBXGroup;
			children = (
				5E8AA6F818FCAED600C99D9F /* InfoPlist.strings */,
				5E8AA6FB18FCAED600C99D9F /* main.m */,
				5E8AA6F718FCAED600C99D9F /* Zazz-iphone-app-Info.plist */,
				5E8AA6FD18FCAED600C99D9F /* Zazz-iphone-app-Prefix.pch */,
			);
			name = "Supporting Files";
			sourceTree = "<group>";
		};
		5E8AA71718FCAED700C99D9F /* Zazz-iphone-appTests */ = {
			isa = PBXGroup;
			children = (
				5E8AA71D18FCAED700C99D9F /* Zazz_iphone_appTests.m */,
				5E8AA71818FCAED700C99D9F /* Supporting Files */,
			);
			path = "Zazz-iphone-appTests";
			sourceTree = "<group>";
		};
		5E8AA71818FCAED700C99D9F /* Supporting Files */ = {
			isa = PBXGroup;
			children = (
				5E8AA71918FCAED700C99D9F /* Zazz-iphone-appTests-Info.plist */,
				5E8AA71A18FCAED700C99D9F /* InfoPlist.strings */,
			);
			name = "Supporting Files";
			sourceTree = "<group>";
		};
/* End PBXGroup section */

/* Begin PBXNativeTarget section */
		5E8AA6EB18FCAED600C99D9F /* Zazz-iphone-app */ = {
			isa = PBXNativeTarget;
			buildConfigurationList = 5E8AA72118FCAED700C99D9F /* Build configuration list for PBXNativeTarget "Zazz-iphone-app" */;
			buildPhases = (
				5E8AA6E818FCAED600C99D9F /* Sources */,
				5E8AA6E918FCAED600C99D9F /* Frameworks */,
				5E8AA6EA18FCAED600C99D9F /* Resources */,
			);
			buildRules = (
			);
			dependencies = (
			);
			name = "Zazz-iphone-app";
			productName = "Zazz-iphone-app";
			productReference = 5E8AA6EC18FCAED600C99D9F /* Zazz-iphone-app.app */;
			productType = "com.apple.product-type.application";
		};
		5E8AA70F18FCAED600C99D9F /* Zazz-iphone-appTests */ = {
			isa = PBXNativeTarget;
			buildConfigurationList = 5E8AA72418FCAED700C99D9F /* Build configuration list for PBXNativeTarget "Zazz-iphone-appTests" */;
			buildPhases = (
				5E8AA70C18FCAED600C99D9F /* Sources */,
				5E8AA70D18FCAED600C99D9F /* Frameworks */,
				5E8AA70E18FCAED600C99D9F /* Resources */,
			);
			buildRules = (
			);
			dependencies = (
				5E8AA71618FCAED700C99D9F /* PBXTargetDependency */,
			);
			name = "Zazz-iphone-appTests";
			productName = "Zazz-iphone-appTests";
			productReference = 5E8AA71018FCAED700C99D9F /* Zazz-iphone-appTests.xctest */;
			productType = "com.apple.product-type.bundle.unit-test";
		};
/* End PBXNativeTarget section */

/* Begin PBXProject section */
		5E8AA6E418FCAED600C99D9F /* Project object */ = {
			isa = PBXProject;
			attributes = {
				LastUpgradeCheck = 0510;
				ORGANIZATIONNAME = "Mitchell Sorkin";
				TargetAttributes = {
					5E8AA6EB18FCAED600C99D9F = {
						DevelopmentTeam = KWHKZ7NN2A;
					};
					5E8AA70F18FCAED600C99D9F = {
						TestTargetID = 5E8AA6EB18FCAED600C99D9F;
					};
				};
			};
			buildConfigurationList = 5E8AA6E718FCAED600C99D9F /* Build configuration list for PBXProject "Zazz-iphone-app" */;
			compatibilityVersion = "Xcode 3.2";
			developmentRegion = English;
			hasScannedForEncodings = 0;
			knownRegions = (
				en,
				Base,
			);
			mainGroup = 5E8AA6E318FCAED600C99D9F;
			productRefGroup = 5E8AA6ED18FCAED600C99D9F /* Products */;
			projectDirPath = "";
			projectRoot = "";
			targets = (
				5E8AA6EB18FCAED600C99D9F /* Zazz-iphone-app */,
				5E8AA70F18FCAED600C99D9F /* Zazz-iphone-appTests */,
			);
		};
/* End PBXProject section */

/* Begin PBXResourcesBuildPhase section */
		5E8AA6EA18FCAED600C99D9F /* Resources */ = {
			isa = PBXResourcesBuildPhase;
			buildActionMask = 2147483647;
			files = (
				2AAFF9581981D769001CC4CC /* CTAssetsPicker.xcassets in Resources */,
				5E8AA70618FCAED600C99D9F /* Main_iPad.storyboard in Resources */,
				2A47F5641936F47A001CF1AE /* Images.xcassets in Resources */,
				5E8AA70318FCAED600C99D9F /* Main_iPhone.storyboard in Resources */,
				5E8AA6FA18FCAED600C99D9F /* InfoPlist.strings in Resources */,
			);
			runOnlyForDeploymentPostprocessing = 0;
		};
		5E8AA70E18FCAED600C99D9F /* Resources */ = {
			isa = PBXResourcesBuildPhase;
			buildActionMask = 2147483647;
			files = (
				5E8AA71C18FCAED700C99D9F /* InfoPlist.strings in Resources */,
			);
			runOnlyForDeploymentPostprocessing = 0;
		};
/* End PBXResourcesBuildPhase section */

/* Begin PBXSourcesBuildPhase section */
		5E8AA6E818FCAED600C99D9F /* Sources */ = {
			isa = PBXSourcesBuildPhase;
			buildActionMask = 2147483647;
			files = (
				2A2385E8194521D300F7FABD /* SDWebImageDownloaderOperation.m in Sources */,
				2AE1DC371991C60400CC3CCF /* ZazzPhoto.m in Sources */,
				2A2385EE194521D300F7FABD /* UIImage+WebP.m in Sources */,
				2AFED73419D723B200636689 /* RSKTouchView.m in Sources */,
				2AEA1C8719769E9300A177F3 /* ZazzComments.m in Sources */,
				2AAFF9591981D769001CC4CC /* CTAssetsPickerConstants.m in Sources */,
				2A15422A19ADFD47006216B8 /* ZazzMe.m in Sources */,
				2A30C4521987CA5F00882C1A /* ZazzPost.m in Sources */,
				2AFED73219D723B200636689 /* RSKImageCropViewController.m in Sources */,
				2A2385EA194521D300F7FABD /* SDWebImagePrefetcher.m in Sources */,
				2A4144FE19689857001C1090 /* Photo.m in Sources */,
				2A4144FD19689857001C1090 /* Notification.m in Sources */,
				2A01CBB7196B289400C4B81F /* ZazzFeed.m in Sources */,
				2A2385E4194521D300F7FABD /* SDImageCache.m in Sources */,
				2AAFF9551981D769001CC4CC /* CTAssetsGroupViewCell.m in Sources */,
				2A15422D19ADFF26006216B8 /* UserDetails.m in Sources */,
				2A15422619ADFC86006216B8 /* GenericModel.m in Sources */,
				2A01CBA5196B156200C4B81F /* DetailViewController.m in Sources */,
				2A15423419B13F93006216B8 /* CustomPushSegue.m in Sources */,
				2A2385E9194521D300F7FABD /* SDWebImageManager.m in Sources */,
				0DD31809191B2063003D5630 /* HomeViewController.m in Sources */,
				0DD3180C191B2A3A003D5630 /* FeedTableViewCell.m in Sources */,
				2A4144FB19689857001C1090 /* Feed.m in Sources */,
				2A39F2DF193D5BA3002E8873 /* PostViewController.m in Sources */,
				2A2385E5194521D300F7FABD /* SDWebImageCompat.m in Sources */,
				2A4144FF19689857001C1090 /* Post.m in Sources */,
				2A2385E6194521D300F7FABD /* SDWebImageDecoder.m in Sources */,
				2A01CBA7196B156200C4B81F /* UIFont+SecretFont.m in Sources */,
				2AFED73519D723B200636689 /* UIImage+FixOrientation.m in Sources */,
				2AB3E4631934063700F72784 /* RightNavigationViewController.m in Sources */,
				2AAFF95A1981D769001CC4CC /* CTAssetsPickerController.m in Sources */,
				2AAFF9561981D769001CC4CC /* CTAssetsGroupViewController.m in Sources */,
				2A15422719ADFC86006216B8 /* Profile.m in Sources */,
				2A67359A1966F18A00707224 /* CreateMessageViewController.m in Sources */,
				2A2385EF194521D300F7FABD /* UIImageView+HighlightedWebCache.m in Sources */,
				2A4144F819689857001C1090 /* CategoryStat.m in Sources */,
				2AB3E4601934061700F72784 /* LeftNavigationViewController.m in Sources */,
				2AAFF95E1981D769001CC4CC /* CTAssetsViewControllerTransition.m in Sources */,
				2AFED73319D723B200636689 /* RSKImageScrollView.m in Sources */,
				2AAFF9531981D769001CC4CC /* CTAssetItemViewController.m in Sources */,
				2A15423319B13F93006216B8 /* CustomPopSegue.m in Sources */,
				2AAFF9601981D769001CC4CC /* PhotoPicker.m in Sources */,
				2AAFF9521981D769001CC4CC /* ALAssetsGroup+isEqual.m in Sources */,
				2A39F2E6193DEB04002E8873 /* CFTabBarController.m in Sources */,
				2A01CBB8196B289400C4B81F /* ZazzFollowRequest.m in Sources */,
				2AE749011996A3E0004A09CD /* FeedTableViewController.m in Sources */,
				2A32DF2919B3FA5700679E8A /* MediaFeedViewController.m in Sources */,
				2A01CBB6196B289400C4B81F /* ZazzCategory.m in Sources */,
				2A01CBBB196B289400C4B81F /* ZazzProfile.m in Sources */,
				2AEA1C84197604E300A177F3 /* DetailViewItem.m in Sources */,
				2A2385ED194521D300F7FABD /* UIImage+MultiFormat.m in Sources */,
				2AAFF9501981D769001CC4CC /* ALAsset+assetType.m in Sources */,
				5E8AA70018FCAED600C99D9F /* AppDelegate.m in Sources */,
				2A4144F919689857001C1090 /* Comment.m in Sources */,
				2A2385E2194521D300F7FABD /* MKAnnotationView+WebCache.m in Sources */,
				2A2385E3194521D300F7FABD /* NSData+ImageContentType.m in Sources */,
				2A2385EB194521D300F7FABD /* UIButton+WebCache.m in Sources */,
				2A41450019689857001C1090 /* User.m in Sources */,
				2A2385F0194521D300F7FABD /* UIImageView+WebCache.m in Sources */,
				2AAFF9541981D769001CC4CC /* CTAssetScrollView.m in Sources */,
				2A4144FC19689857001C1090 /* FollowRequest.m in Sources */,
				2AAFF95F1981D769001CC4CC /* NSDateFormatter+timeIntervalFormatter.m in Sources */,
				2A470D3F191FE863008DBFED /* RegisterViewController.m in Sources */,
				2A01CBA6196B156200C4B81F /* ToolBarView.m in Sources */,
				2A5FAEB5191BF7CA00B917AB /* ZazzApi.m in Sources */,
				2A01CBA9196B156200C4B81F /* UIView+GradientMask.m in Sources */,
				2A2385EC194521D300F7FABD /* UIImage+GIF.m in Sources */,
				2A01CBBA196B289400C4B81F /* ZazzNotification.m in Sources */,
				2AAFF9511981D769001CC4CC /* ALAsset+isEqual.m in Sources */,
				2A01CBA8196B156200C4B81F /* UIImage+ImageEffects.m in Sources */,
				2A46CCF4199C204600996D84 /* RoundedUIButton.m in Sources */,
				2A4144FA19689857001C1090 /* Event.m in Sources */,
				2A2385E7194521D300F7FABD /* SDWebImageDownloader.m in Sources */,
				5E8AA6FC18FCAED600C99D9F /* main.m in Sources */,
				2AAFF95B1981D769001CC4CC /* CTAssetsSupplementaryView.m in Sources */,
				2AE2818C1956004E0015602F /* NotificationViewController.m in Sources */,
				2AAFF95C1981D769001CC4CC /* CTAssetsViewCell.m in Sources */,
				2A09D720191EF3CD00A2827F /* LoginViewController.m in Sources */,
				2A01CBA4196B156200C4B81F /* CommentCell.m in Sources */,
				2A01CBB9196B289400C4B81F /* ZazzLogin.m in Sources */,
				2AA057D5193F451B00E1617D /* ProfileViewController.m in Sources */,
				2A414503196898BE001C1090 /* CHTumblrMenuView.m in Sources */,
				2AAFF95D1981D769001CC4CC /* CTAssetsViewController.m in Sources */,
				2AAFF9571981D769001CC4CC /* CTAssetsPageViewController.m in Sources */,
				2AAFF94F1981D769001CC4CC /* ALAsset+accessibilityLabel.m in Sources */,
			);
			runOnlyForDeploymentPostprocessing = 0;
		};
		5E8AA70C18FCAED600C99D9F /* Sources */ = {
			isa = PBXSourcesBuildPhase;
			buildActionMask = 2147483647;
			files = (
				5E8AA71E18FCAED700C99D9F /* Zazz_iphone_appTests.m in Sources */,
			);
			runOnlyForDeploymentPostprocessing = 0;
		};
/* End PBXSourcesBuildPhase section */

/* Begin PBXTargetDependency section */
		5E8AA71618FCAED700C99D9F /* PBXTargetDependency */ = {
			isa = PBXTargetDependency;
			target = 5E8AA6EB18FCAED600C99D9F /* Zazz-iphone-app */;
			targetProxy = 5E8AA71518FCAED700C99D9F /* PBXContainerItemProxy */;
		};
/* End PBXTargetDependency section */

/* Begin PBXVariantGroup section */
		5E8AA6F818FCAED600C99D9F /* InfoPlist.strings */ = {
			isa = PBXVariantGroup;
			children = (
				5E8AA6F918FCAED600C99D9F /* en */,
			);
			name = InfoPlist.strings;
			sourceTree = "<group>";
		};
		5E8AA70118FCAED600C99D9F /* Main_iPhone.storyboard */ = {
			isa = PBXVariantGroup;
			children = (
				5E8AA70218FCAED600C99D9F /* Base */,
			);
			name = Main_iPhone.storyboard;
			sourceTree = "<group>";
		};
		5E8AA70418FCAED600C99D9F /* Main_iPad.storyboard */ = {
			isa = PBXVariantGroup;
			children = (
				5E8AA70518FCAED600C99D9F /* Base */,
			);
			name = Main_iPad.storyboard;
			sourceTree = "<group>";
		};
		5E8AA71A18FCAED700C99D9F /* InfoPlist.strings */ = {
			isa = PBXVariantGroup;
			children = (
				5E8AA71B18FCAED700C99D9F /* en */,
			);
			name = InfoPlist.strings;
			sourceTree = "<group>";
		};
/* End PBXVariantGroup section */

/* Begin XCBuildConfiguration section */
		5E8AA71F18FCAED700C99D9F /* Debug */ = {
			isa = XCBuildConfiguration;
			buildSettings = {
				ALWAYS_SEARCH_USER_PATHS = NO;
				CLANG_CXX_LANGUAGE_STANDARD = "gnu++0x";
				CLANG_CXX_LIBRARY = "libc++";
				CLANG_ENABLE_MODULES = YES;
				CLANG_ENABLE_OBJC_ARC = YES;
				CLANG_WARN_BOOL_CONVERSION = YES;
				CLANG_WARN_CONSTANT_CONVERSION = YES;
				CLANG_WARN_DIRECT_OBJC_ISA_USAGE = YES_ERROR;
				CLANG_WARN_EMPTY_BODY = YES;
				CLANG_WARN_ENUM_CONVERSION = YES;
				CLANG_WARN_INT_CONVERSION = YES;
				CLANG_WARN_OBJC_ROOT_CLASS = YES_ERROR;
				CLANG_WARN__DUPLICATE_METHOD_MATCH = YES;
				"CODE_SIGN_IDENTITY[sdk=iphoneos*]" = "iPhone Developer";
				COPY_PHASE_STRIP = NO;
				GCC_C_LANGUAGE_STANDARD = gnu99;
				GCC_DYNAMIC_NO_PIC = NO;
				GCC_OPTIMIZATION_LEVEL = 0;
				GCC_PREPROCESSOR_DEFINITIONS = (
					"DEBUG=1",
					"$(inherited)",
				);
				GCC_SYMBOLS_PRIVATE_EXTERN = NO;
				GCC_WARN_64_TO_32_BIT_CONVERSION = YES;
				GCC_WARN_ABOUT_RETURN_TYPE = YES_ERROR;
				GCC_WARN_UNDECLARED_SELECTOR = YES;
				GCC_WARN_UNINITIALIZED_AUTOS = YES;
				GCC_WARN_UNUSED_FUNCTION = YES;
				GCC_WARN_UNUSED_VARIABLE = YES;
				IPHONEOS_DEPLOYMENT_TARGET = 7.0;
				ONLY_ACTIVE_ARCH = YES;
				PROVISIONING_PROFILE = "1202b2f0-c59f-43ee-97d3-1a2a5d43cb44";
				SDKROOT = iphoneos;
				TARGETED_DEVICE_FAMILY = "1,2";
			};
			name = Debug;
		};
		5E8AA72018FCAED700C99D9F /* Release */ = {
			isa = XCBuildConfiguration;
			buildSettings = {
				ALWAYS_SEARCH_USER_PATHS = NO;
				CLANG_CXX_LANGUAGE_STANDARD = "gnu++0x";
				CLANG_CXX_LIBRARY = "libc++";
				CLANG_ENABLE_MODULES = YES;
				CLANG_ENABLE_OBJC_ARC = YES;
				CLANG_WARN_BOOL_CONVERSION = YES;
				CLANG_WARN_CONSTANT_CONVERSION = YES;
				CLANG_WARN_DIRECT_OBJC_ISA_USAGE = YES_ERROR;
				CLANG_WARN_EMPTY_BODY = YES;
				CLANG_WARN_ENUM_CONVERSION = YES;
				CLANG_WARN_INT_CONVERSION = YES;
				CLANG_WARN_OBJC_ROOT_CLASS = YES_ERROR;
				CLANG_WARN__DUPLICATE_METHOD_MATCH = YES;
				"CODE_SIGN_IDENTITY[sdk=iphoneos*]" = "iPhone Developer";
				COPY_PHASE_STRIP = YES;
				ENABLE_NS_ASSERTIONS = NO;
				GCC_C_LANGUAGE_STANDARD = gnu99;
				GCC_WARN_64_TO_32_BIT_CONVERSION = YES;
				GCC_WARN_ABOUT_RETURN_TYPE = YES_ERROR;
				GCC_WARN_UNDECLARED_SELECTOR = YES;
				GCC_WARN_UNINITIALIZED_AUTOS = YES;
				GCC_WARN_UNUSED_FUNCTION = YES;
				GCC_WARN_UNUSED_VARIABLE = YES;
				IPHONEOS_DEPLOYMENT_TARGET = 7.0;
				PROVISIONING_PROFILE = "";
				SDKROOT = iphoneos;
				TARGETED_DEVICE_FAMILY = "1,2";
				VALIDATE_PRODUCT = YES;
			};
			name = Release;
		};
		5E8AA72218FCAED700C99D9F /* Debug */ = {
			isa = XCBuildConfiguration;
			buildSettings = {
				ASSETCATALOG_COMPILER_APPICON_NAME = AppIcon;
				ASSETCATALOG_COMPILER_LAUNCHIMAGE_NAME = LaunchImage;
				CODE_SIGN_IDENTITY = "iPhone Developer";
				"CODE_SIGN_IDENTITY[sdk=iphoneos*]" = "iPhone Developer";
				GCC_PRECOMPILE_PREFIX_HEADER = YES;
				GCC_PREFIX_HEADER = "Zazz-iphone-app/Zazz-iphone-app-Prefix.pch";
				INFOPLIST_FILE = "Zazz-iphone-app/Zazz-iphone-app-Info.plist";
				PRODUCT_NAME = "$(TARGET_NAME)";
				PROVISIONING_PROFILE = "";
				WRAPPER_EXTENSION = app;
			};
			name = Debug;
		};
		5E8AA72318FCAED700C99D9F /* Release */ = {
			isa = XCBuildConfiguration;
			buildSettings = {
				ASSETCATALOG_COMPILER_APPICON_NAME = AppIcon;
				ASSETCATALOG_COMPILER_LAUNCHIMAGE_NAME = LaunchImage;
				CODE_SIGN_IDENTITY = "iPhone Developer";
				"CODE_SIGN_IDENTITY[sdk=iphoneos*]" = "iPhone Developer";
				GCC_PRECOMPILE_PREFIX_HEADER = YES;
				GCC_PREFIX_HEADER = "Zazz-iphone-app/Zazz-iphone-app-Prefix.pch";
				INFOPLIST_FILE = "Zazz-iphone-app/Zazz-iphone-app-Info.plist";
				PRODUCT_NAME = "$(TARGET_NAME)";
				PROVISIONING_PROFILE = "";
				WRAPPER_EXTENSION = app;
			};
			name = Release;
		};
		5E8AA72518FCAED700C99D9F /* Debug */ = {
			isa = XCBuildConfiguration;
			buildSettings = {
				BUNDLE_LOADER = "$(BUILT_PRODUCTS_DIR)/Zazz-iphone-app.app/Zazz-iphone-app";
				FRAMEWORK_SEARCH_PATHS = (
					"$(SDKROOT)/Developer/Library/Frameworks",
					"$(inherited)",
					"$(DEVELOPER_FRAMEWORKS_DIR)",
				);
				GCC_PRECOMPILE_PREFIX_HEADER = YES;
				GCC_PREFIX_HEADER = "Zazz-iphone-app/Zazz-iphone-app-Prefix.pch";
				GCC_PREPROCESSOR_DEFINITIONS = (
					"DEBUG=1",
					"$(inherited)",
				);
				INFOPLIST_FILE = "Zazz-iphone-appTests/Zazz-iphone-appTests-Info.plist";
				PRODUCT_NAME = "$(TARGET_NAME)";
				TEST_HOST = "$(BUNDLE_LOADER)";
				WRAPPER_EXTENSION = xctest;
			};
			name = Debug;
		};
		5E8AA72618FCAED700C99D9F /* Release */ = {
			isa = XCBuildConfiguration;
			buildSettings = {
				BUNDLE_LOADER = "$(BUILT_PRODUCTS_DIR)/Zazz-iphone-app.app/Zazz-iphone-app";
				FRAMEWORK_SEARCH_PATHS = (
					"$(SDKROOT)/Developer/Library/Frameworks",
					"$(inherited)",
					"$(DEVELOPER_FRAMEWORKS_DIR)",
				);
				GCC_PRECOMPILE_PREFIX_HEADER = YES;
				GCC_PREFIX_HEADER = "Zazz-iphone-app/Zazz-iphone-app-Prefix.pch";
				INFOPLIST_FILE = "Zazz-iphone-appTests/Zazz-iphone-appTests-Info.plist";
				PRODUCT_NAME = "$(TARGET_NAME)";
				TEST_HOST = "$(BUNDLE_LOADER)";
				WRAPPER_EXTENSION = xctest;
			};
			name = Release;
		};
/* End XCBuildConfiguration section */

/* Begin XCConfigurationList section */
		5E8AA6E718FCAED600C99D9F /* Build configuration list for PBXProject "Zazz-iphone-app" */ = {
			isa = XCConfigurationList;
			buildConfigurations = (
				5E8AA71F18FCAED700C99D9F /* Debug */,
				5E8AA72018FCAED700C99D9F /* Release */,
			);
			defaultConfigurationIsVisible = 0;
			defaultConfigurationName = Release;
		};
		5E8AA72118FCAED700C99D9F /* Build configuration list for PBXNativeTarget "Zazz-iphone-app" */ = {
			isa = XCConfigurationList;
			buildConfigurations = (
				5E8AA72218FCAED700C99D9F /* Debug */,
				5E8AA72318FCAED700C99D9F /* Release */,
			);
			defaultConfigurationIsVisible = 0;
			defaultConfigurationName = Release;
		};
		5E8AA72418FCAED700C99D9F /* Build configuration list for PBXNativeTarget "Zazz-iphone-appTests" */ = {
			isa = XCConfigurationList;
			buildConfigurations = (
				5E8AA72518FCAED700C99D9F /* Debug */,
				5E8AA72618FCAED700C99D9F /* Release */,
			);
			defaultConfigurationIsVisible = 0;
			defaultConfigurationName = Release;
		};
/* End XCConfigurationList section */
	};
	rootObject = 5E8AA6E418FCAED600C99D9F /* Project object */;
}
