// !$*UTF8*$!
{
	archiveVersion = 1;
	classes = {
	};
	objectVersion = 46;
	objects = {

/* Begin PBXBuildFile section */
		0DB12D361922FA20001E9E26 /* QuartzCore.framework in Frameworks */ = {isa = PBXBuildFile; fileRef = 0DB12D351922FA20001E9E26 /* QuartzCore.framework */; };
		2A47F5641936F47A001CF1AE /* Images.xcassets in Resources */ = {isa = PBXBuildFile; fileRef = 2A47F5631936F47A001CF1AE /* Images.xcassets */; };
		2AFB430819EA664E0004BA9B /* Main_iPhone.storyboard in Resources */ = {isa = PBXBuildFile; fileRef = 2AFB430619EA664E0004BA9B /* Main_iPhone.storyboard */; };
		5E8AA6F018FCAED600C99D9F /* Foundation.framework in Frameworks */ = {isa = PBXBuildFile; fileRef = 5E8AA6EF18FCAED600C99D9F /* Foundation.framework */; };
		5E8AA6F218FCAED600C99D9F /* CoreGraphics.framework in Frameworks */ = {isa = PBXBuildFile; fileRef = 5E8AA6F118FCAED600C99D9F /* CoreGraphics.framework */; };
		5E8AA6F418FCAED600C99D9F /* UIKit.framework in Frameworks */ = {isa = PBXBuildFile; fileRef = 5E8AA6F318FCAED600C99D9F /* UIKit.framework */; };
		5E8AA6FA18FCAED600C99D9F /* InfoPlist.strings in Resources */ = {isa = PBXBuildFile; fileRef = 5E8AA6F818FCAED600C99D9F /* InfoPlist.strings */; };
		5E8AA6FC18FCAED600C99D9F /* main.m in Sources */ = {isa = PBXBuildFile; fileRef = 5E8AA6FB18FCAED600C99D9F /* main.m */; };
		5E8AA70618FCAED600C99D9F /* Main_iPad.storyboard in Resources */ = {isa = PBXBuildFile; fileRef = 5E8AA70418FCAED600C99D9F /* Main_iPad.storyboard */; };
		5E8AA71218FCAED700C99D9F /* XCTest.framework in Frameworks */ = {isa = PBXBuildFile; fileRef = 5E8AA71118FCAED700C99D9F /* XCTest.framework */; };
		5E8AA71318FCAED700C99D9F /* Foundation.framework in Frameworks */ = {isa = PBXBuildFile; fileRef = 5E8AA6EF18FCAED600C99D9F /* Foundation.framework */; };
		5E8AA71418FCAED700C99D9F /* UIKit.framework in Frameworks */ = {isa = PBXBuildFile; fileRef = 5E8AA6F318FCAED600C99D9F /* UIKit.framework */; };
		5E8AA71C18FCAED700C99D9F /* InfoPlist.strings in Resources */ = {isa = PBXBuildFile; fileRef = 5E8AA71A18FCAED700C99D9F /* InfoPlist.strings */; };
		5E8AA71E18FCAED700C99D9F /* Zazz_iphone_appTests.m in Sources */ = {isa = PBXBuildFile; fileRef = 5E8AA71D18FCAED700C99D9F /* Zazz_iphone_appTests.m */; };
		667D08EA1A37814500A12ABE /* AppDelegate.m in Sources */ = {isa = PBXBuildFile; fileRef = 667D07E31A37814400A12ABE /* AppDelegate.m */; };
		667D08EB1A37814500A12ABE /* CommentCell.m in Sources */ = {isa = PBXBuildFile; fileRef = 667D07E71A37814400A12ABE /* CommentCell.m */; };
		667D08EC1A37814500A12ABE /* ALAsset+accessibilityLabel.m in Sources */ = {isa = PBXBuildFile; fileRef = 667D07EA1A37814400A12ABE /* ALAsset+accessibilityLabel.m */; };
		667D08ED1A37814500A12ABE /* ALAsset+assetType.m in Sources */ = {isa = PBXBuildFile; fileRef = 667D07EC1A37814400A12ABE /* ALAsset+assetType.m */; };
		667D08EE1A37814500A12ABE /* ALAsset+isEqual.m in Sources */ = {isa = PBXBuildFile; fileRef = 667D07EE1A37814400A12ABE /* ALAsset+isEqual.m */; };
		667D08EF1A37814500A12ABE /* ALAssetsGroup+isEqual.m in Sources */ = {isa = PBXBuildFile; fileRef = 667D07F01A37814400A12ABE /* ALAssetsGroup+isEqual.m */; };
		667D08F01A37814500A12ABE /* CTAssetItemViewController.m in Sources */ = {isa = PBXBuildFile; fileRef = 667D07F21A37814400A12ABE /* CTAssetItemViewController.m */; };
		667D08F11A37814500A12ABE /* CTAssetScrollView.m in Sources */ = {isa = PBXBuildFile; fileRef = 667D07F41A37814400A12ABE /* CTAssetScrollView.m */; };
		667D08F21A37814500A12ABE /* CTAssetsGroupViewCell.m in Sources */ = {isa = PBXBuildFile; fileRef = 667D07F61A37814400A12ABE /* CTAssetsGroupViewCell.m */; };
		667D08F31A37814500A12ABE /* CTAssetsGroupViewController.m in Sources */ = {isa = PBXBuildFile; fileRef = 667D07F81A37814400A12ABE /* CTAssetsGroupViewController.m */; };
		667D08F41A37814500A12ABE /* CTAssetsPageViewController.m in Sources */ = {isa = PBXBuildFile; fileRef = 667D07FA1A37814400A12ABE /* CTAssetsPageViewController.m */; };
		667D08F51A37814500A12ABE /* CTAssetsPicker.xcassets in Resources */ = {isa = PBXBuildFile; fileRef = 667D07FB1A37814400A12ABE /* CTAssetsPicker.xcassets */; };
		667D08F61A37814500A12ABE /* CTAssetsPickerConstants.m in Sources */ = {isa = PBXBuildFile; fileRef = 667D07FD1A37814400A12ABE /* CTAssetsPickerConstants.m */; };
		667D08F71A37814500A12ABE /* CTAssetsPickerController.m in Sources */ = {isa = PBXBuildFile; fileRef = 667D07FF1A37814400A12ABE /* CTAssetsPickerController.m */; };
		667D08F81A37814500A12ABE /* CTAssetsSupplementaryView.m in Sources */ = {isa = PBXBuildFile; fileRef = 667D08011A37814400A12ABE /* CTAssetsSupplementaryView.m */; };
		667D08F91A37814500A12ABE /* CTAssetsViewCell.m in Sources */ = {isa = PBXBuildFile; fileRef = 667D08031A37814400A12ABE /* CTAssetsViewCell.m */; };
		667D08FA1A37814500A12ABE /* CTAssetsViewController.m in Sources */ = {isa = PBXBuildFile; fileRef = 667D08051A37814400A12ABE /* CTAssetsViewController.m */; };
		667D08FB1A37814500A12ABE /* CTAssetsViewControllerTransition.m in Sources */ = {isa = PBXBuildFile; fileRef = 667D08071A37814400A12ABE /* CTAssetsViewControllerTransition.m */; };
		667D08FC1A37814500A12ABE /* NSDateFormatter+timeIntervalFormatter.m in Sources */ = {isa = PBXBuildFile; fileRef = 667D08091A37814400A12ABE /* NSDateFormatter+timeIntervalFormatter.m */; };
		667D08FD1A37814500A12ABE /* DetailViewItem.m in Sources */ = {isa = PBXBuildFile; fileRef = 667D08111A37814400A12ABE /* DetailViewItem.m */; };
		667D08FE1A37814500A12ABE /* FeedTableViewCell.m in Sources */ = {isa = PBXBuildFile; fileRef = 667D08141A37814400A12ABE /* FeedTableViewCell.m */; };
		667D08FF1A37814500A12ABE /* UIView+GradientMask.m in Sources */ = {isa = PBXBuildFile; fileRef = 667D08171A37814400A12ABE /* UIView+GradientMask.m */; };
		667D09001A37814500A12ABE /* UIImage+ImageEffects.m in Sources */ = {isa = PBXBuildFile; fileRef = 667D081A1A37814400A12ABE /* UIImage+ImageEffects.m */; };
		667D09011A37814500A12ABE /* PhotoPicker.m in Sources */ = {isa = PBXBuildFile; fileRef = 667D081D1A37814400A12ABE /* PhotoPicker.m */; };
		667D09021A37814500A12ABE /* RoundedUIButton.m in Sources */ = {isa = PBXBuildFile; fileRef = 667D08201A37814400A12ABE /* RoundedUIButton.m */; };
		667D09031A37814500A12ABE /* UIFont+SecretFont.m in Sources */ = {isa = PBXBuildFile; fileRef = 667D08231A37814400A12ABE /* UIFont+SecretFont.m */; };
		667D09041A37814500A12ABE /* ToolBarView.m in Sources */ = {isa = PBXBuildFile; fileRef = 667D08261A37814400A12ABE /* ToolBarView.m */; };
		667D09051A37814500A12ABE /* CHTumblrMenuView.m in Sources */ = {isa = PBXBuildFile; fileRef = 667D08291A37814400A12ABE /* CHTumblrMenuView.m */; };
		667D09061A37814500A12ABE /* CategoryStat.m in Sources */ = {isa = PBXBuildFile; fileRef = 667D082E1A37814400A12ABE /* CategoryStat.m */; };
		667D09071A37814500A12ABE /* Comment.m in Sources */ = {isa = PBXBuildFile; fileRef = 667D08311A37814400A12ABE /* Comment.m */; };
		667D09081A37814500A12ABE /* Event.m in Sources */ = {isa = PBXBuildFile; fileRef = 667D08341A37814400A12ABE /* Event.m */; };
		667D09091A37814500A12ABE /* Feed.m in Sources */ = {isa = PBXBuildFile; fileRef = 667D08371A37814400A12ABE /* Feed.m */; };
		667D090A1A37814500A12ABE /* Follow.m in Sources */ = {isa = PBXBuildFile; fileRef = 667D083A1A37814400A12ABE /* Follow.m */; };
		667D090B1A37814500A12ABE /* FollowRequest.m in Sources */ = {isa = PBXBuildFile; fileRef = 667D083D1A37814400A12ABE /* FollowRequest.m */; };
		667D090C1A37814500A12ABE /* GenericModel.m in Sources */ = {isa = PBXBuildFile; fileRef = 667D08401A37814400A12ABE /* GenericModel.m */; };
		667D090D1A37814500A12ABE /* Notification.m in Sources */ = {isa = PBXBuildFile; fileRef = 667D08431A37814400A12ABE /* Notification.m */; };
		667D090E1A37814500A12ABE /* Photo.m in Sources */ = {isa = PBXBuildFile; fileRef = 667D08461A37814400A12ABE /* Photo.m */; };
		667D090F1A37814500A12ABE /* Post.m in Sources */ = {isa = PBXBuildFile; fileRef = 667D08491A37814400A12ABE /* Post.m */; };
		667D09101A37814500A12ABE /* Profile.m in Sources */ = {isa = PBXBuildFile; fileRef = 667D084C1A37814400A12ABE /* Profile.m */; };
		667D09111A37814500A12ABE /* SearchResult.m in Sources */ = {isa = PBXBuildFile; fileRef = 667D084F1A37814400A12ABE /* SearchResult.m */; };
		667D09121A37814500A12ABE /* User.m in Sources */ = {isa = PBXBuildFile; fileRef = 667D08521A37814400A12ABE /* User.m */; };
		667D09131A37814500A12ABE /* UserDetails.m in Sources */ = {isa = PBXBuildFile; fileRef = 667D08551A37814400A12ABE /* UserDetails.m */; };
		667D09141A37814500A12ABE /* ZazzCategory.m in Sources */ = {isa = PBXBuildFile; fileRef = 667D08591A37814400A12ABE /* ZazzCategory.m */; };
		667D09151A37814500A12ABE /* ZazzComments.m in Sources */ = {isa = PBXBuildFile; fileRef = 667D085C1A37814400A12ABE /* ZazzComments.m */; };
		667D09161A37814500A12ABE /* ZazzFeed.m in Sources */ = {isa = PBXBuildFile; fileRef = 667D085F1A37814400A12ABE /* ZazzFeed.m */; };
		667D09171A37814500A12ABE /* ZazzFollow.m in Sources */ = {isa = PBXBuildFile; fileRef = 667D08621A37814400A12ABE /* ZazzFollow.m */; };
		667D09181A37814500A12ABE /* ZazzFollowRequest.m in Sources */ = {isa = PBXBuildFile; fileRef = 667D08641A37814400A12ABE /* ZazzFollowRequest.m */; };
		667D09191A37814500A12ABE /* ZazzNotification.m in Sources */ = {isa = PBXBuildFile; fileRef = 667D08671A37814400A12ABE /* ZazzNotification.m */; };
		667D091A1A37814500A12ABE /* ZazzPhoto.m in Sources */ = {isa = PBXBuildFile; fileRef = 667D086A1A37814400A12ABE /* ZazzPhoto.m */; };
		667D091B1A37814500A12ABE /* ZazzPost.m in Sources */ = {isa = PBXBuildFile; fileRef = 667D086C1A37814400A12ABE /* ZazzPost.m */; };
		667D091C1A37814500A12ABE /* ZazzLogin.m in Sources */ = {isa = PBXBuildFile; fileRef = 667D086F1A37814400A12ABE /* ZazzLogin.m */; };
		667D091D1A37814500A12ABE /* ZazzMe.m in Sources */ = {isa = PBXBuildFile; fileRef = 667D08711A37814400A12ABE /* ZazzMe.m */; };
		667D091E1A37814500A12ABE /* ZazzProfile.m in Sources */ = {isa = PBXBuildFile; fileRef = 667D08731A37814400A12ABE /* ZazzProfile.m */; };
		667D091F1A37814500A12ABE /* ZazzApi.m in Sources */ = {isa = PBXBuildFile; fileRef = 667D08761A37814400A12ABE /* ZazzApi.m */; };
		667D09201A37814500A12ABE /* CustomPopSegue.m in Sources */ = {isa = PBXBuildFile; fileRef = 667D087A1A37814400A12ABE /* CustomPopSegue.m */; };
		667D09211A37814500A12ABE /* CustomPushSegue.m in Sources */ = {isa = PBXBuildFile; fileRef = 667D087D1A37814400A12ABE /* CustomPushSegue.m */; };
		667D092B1A37814500A12ABE /* RSKImageCropViewController.m in Sources */ = {isa = PBXBuildFile; fileRef = 667D08971A37814500A12ABE /* RSKImageCropViewController.m */; };
		667D092C1A37814500A12ABE /* RSKImageScrollView.m in Sources */ = {isa = PBXBuildFile; fileRef = 667D08991A37814500A12ABE /* RSKImageScrollView.m */; };
		667D092D1A37814500A12ABE /* RSKTouchView.m in Sources */ = {isa = PBXBuildFile; fileRef = 667D089B1A37814500A12ABE /* RSKTouchView.m */; };
		667D092E1A37814500A12ABE /* UIImage+FixOrientation.m in Sources */ = {isa = PBXBuildFile; fileRef = 667D089D1A37814500A12ABE /* UIImage+FixOrientation.m */; };
		667D092F1A37814500A12ABE /* MKAnnotationView+WebCache.m in Sources */ = {isa = PBXBuildFile; fileRef = 667D08A01A37814500A12ABE /* MKAnnotationView+WebCache.m */; };
		667D09301A37814500A12ABE /* NSData+ImageContentType.m in Sources */ = {isa = PBXBuildFile; fileRef = 667D08A21A37814500A12ABE /* NSData+ImageContentType.m */; };
		667D09311A37814500A12ABE /* SDImageCache.m in Sources */ = {isa = PBXBuildFile; fileRef = 667D08A41A37814500A12ABE /* SDImageCache.m */; };
		667D09321A37814500A12ABE /* SDWebImageCompat.m in Sources */ = {isa = PBXBuildFile; fileRef = 667D08A61A37814500A12ABE /* SDWebImageCompat.m */; };
		667D09331A37814500A12ABE /* SDWebImageDecoder.m in Sources */ = {isa = PBXBuildFile; fileRef = 667D08A81A37814500A12ABE /* SDWebImageDecoder.m */; };
		667D09341A37814500A12ABE /* SDWebImageDownloader.m in Sources */ = {isa = PBXBuildFile; fileRef = 667D08AA1A37814500A12ABE /* SDWebImageDownloader.m */; };
		667D09351A37814500A12ABE /* SDWebImageDownloaderOperation.m in Sources */ = {isa = PBXBuildFile; fileRef = 667D08AC1A37814500A12ABE /* SDWebImageDownloaderOperation.m */; };
		667D09361A37814500A12ABE /* SDWebImageManager.m in Sources */ = {isa = PBXBuildFile; fileRef = 667D08AE1A37814500A12ABE /* SDWebImageManager.m */; };
		667D09371A37814500A12ABE /* SDWebImagePrefetcher.m in Sources */ = {isa = PBXBuildFile; fileRef = 667D08B11A37814500A12ABE /* SDWebImagePrefetcher.m */; };
		667D09381A37814500A12ABE /* UIButton+WebCache.m in Sources */ = {isa = PBXBuildFile; fileRef = 667D08B31A37814500A12ABE /* UIButton+WebCache.m */; };
		667D09391A37814500A12ABE /* UIImage+GIF.m in Sources */ = {isa = PBXBuildFile; fileRef = 667D08B51A37814500A12ABE /* UIImage+GIF.m */; };
		667D093A1A37814500A12ABE /* UIImage+MultiFormat.m in Sources */ = {isa = PBXBuildFile; fileRef = 667D08B71A37814500A12ABE /* UIImage+MultiFormat.m */; };
		667D093B1A37814500A12ABE /* UIImage+WebP.m in Sources */ = {isa = PBXBuildFile; fileRef = 667D08B91A37814500A12ABE /* UIImage+WebP.m */; };
		667D093C1A37814500A12ABE /* UIImageView+HighlightedWebCache.m in Sources */ = {isa = PBXBuildFile; fileRef = 667D08BB1A37814500A12ABE /* UIImageView+HighlightedWebCache.m */; };
		667D093D1A37814500A12ABE /* UIImageView+WebCache.m in Sources */ = {isa = PBXBuildFile; fileRef = 667D08BD1A37814500A12ABE /* UIImageView+WebCache.m */; };
		667D093E1A37814500A12ABE /* CreateMessageViewController.m in Sources */ = {isa = PBXBuildFile; fileRef = 667D08C11A37814500A12ABE /* CreateMessageViewController.m */; };
		667D093F1A37814500A12ABE /* DetailViewController.m in Sources */ = {isa = PBXBuildFile; fileRef = 667D08C41A37814500A12ABE /* DetailViewController.m */; };
		667D09401A37814500A12ABE /* FeedTableViewController.m in Sources */ = {isa = PBXBuildFile; fileRef = 667D08C71A37814500A12ABE /* FeedTableViewController.m */; };
		667D09411A37814500A12ABE /* HomeViewController.m in Sources */ = {isa = PBXBuildFile; fileRef = 667D08CA1A37814500A12ABE /* HomeViewController.m */; };
		667D09421A37814500A12ABE /* LoginViewController.m in Sources */ = {isa = PBXBuildFile; fileRef = 667D08CD1A37814500A12ABE /* LoginViewController.m */; };
		667D09431A37814500A12ABE /* MediaFeedViewController.m in Sources */ = {isa = PBXBuildFile; fileRef = 667D08D01A37814500A12ABE /* MediaFeedViewController.m */; };
		667D09441A37814500A12ABE /* LeftNavigationViewController.m in Sources */ = {isa = PBXBuildFile; fileRef = 667D08D41A37814500A12ABE /* LeftNavigationViewController.m */; };
		667D09451A37814500A12ABE /* RightNavigationViewController.m in Sources */ = {isa = PBXBuildFile; fileRef = 667D08D71A37814500A12ABE /* RightNavigationViewController.m */; };
		667D09461A37814500A12ABE /* NotificationViewController.m in Sources */ = {isa = PBXBuildFile; fileRef = 667D08DA1A37814500A12ABE /* NotificationViewController.m */; };
		667D09471A37814500A12ABE /* PostViewController.m in Sources */ = {isa = PBXBuildFile; fileRef = 667D08DD1A37814500A12ABE /* PostViewController.m */; };
		667D09481A37814500A12ABE /* ProfileViewController.m in Sources */ = {isa = PBXBuildFile; fileRef = 667D08E01A37814500A12ABE /* ProfileViewController.m */; };
		667D09491A37814500A12ABE /* RegisterViewController.m in Sources */ = {isa = PBXBuildFile; fileRef = 667D08E31A37814500A12ABE /* RegisterViewController.m */; };
		667D094A1A37814500A12ABE /* CFTabBarController.m in Sources */ = {isa = PBXBuildFile; fileRef = 667D08E61A37814500A12ABE /* CFTabBarController.m */; };
		667D094B1A37814500A12ABE /* TagViewController.m in Sources */ = {isa = PBXBuildFile; fileRef = 667D08E91A37814500A12ABE /* TagViewController.m */; };
		667D094E1A379D9B00A12ABE /* ZazzRegister.m in Sources */ = {isa = PBXBuildFile; fileRef = 667D094D1A379D9B00A12ABE /* ZazzRegister.m */; };
		667D0A1B1A38F8F100A12ABE /* ZazzSendFollow.m in Sources */ = {isa = PBXBuildFile; fileRef = 667D0A1A1A38F8F100A12ABE /* ZazzSendFollow.m */; };
/* End PBXBuildFile section */

/* Begin PBXContainerItemProxy section */
		5E8AA71518FCAED700C99D9F /* PBXContainerItemProxy */ = {
			isa = PBXContainerItemProxy;
			containerPortal = 5E8AA6E418FCAED600C99D9F /* Project object */;
			proxyType = 1;
			remoteGlobalIDString = 5E8AA6EB18FCAED600C99D9F;
			remoteInfo = "Zazz-iphone-app";
		};
/* End PBXContainerItemProxy section */

/* Begin PBXFileReference section */
		0DB12D351922FA20001E9E26 /* QuartzCore.framework */ = {isa = PBXFileReference; lastKnownFileType = wrapper.framework; name = QuartzCore.framework; path = System/Library/Frameworks/QuartzCore.framework; sourceTree = SDKROOT; };
		2A47F5631936F47A001CF1AE /* Images.xcassets */ = {isa = PBXFileReference; lastKnownFileType = folder.assetcatalog; path = Images.xcassets; sourceTree = "<group>"; };
		2AFB430719EA664E0004BA9B /* Base */ = {isa = PBXFileReference; lastKnownFileType = file.storyboard; name = Base; path = Base.lproj/Main_iPhone.storyboard; sourceTree = "<group>"; };
		5E8AA6EC18FCAED600C99D9F /* Zazz-iphone-app.app */ = {isa = PBXFileReference; explicitFileType = wrapper.application; includeInIndex = 0; path = "Zazz-iphone-app.app"; sourceTree = BUILT_PRODUCTS_DIR; };
		5E8AA6EF18FCAED600C99D9F /* Foundation.framework */ = {isa = PBXFileReference; lastKnownFileType = wrapper.framework; name = Foundation.framework; path = System/Library/Frameworks/Foundation.framework; sourceTree = SDKROOT; };
		5E8AA6F118FCAED600C99D9F /* CoreGraphics.framework */ = {isa = PBXFileReference; lastKnownFileType = wrapper.framework; name = CoreGraphics.framework; path = System/Library/Frameworks/CoreGraphics.framework; sourceTree = SDKROOT; };
		5E8AA6F318FCAED600C99D9F /* UIKit.framework */ = {isa = PBXFileReference; lastKnownFileType = wrapper.framework; name = UIKit.framework; path = System/Library/Frameworks/UIKit.framework; sourceTree = SDKROOT; };
		5E8AA6F718FCAED600C99D9F /* Zazz-iphone-app-Info.plist */ = {isa = PBXFileReference; lastKnownFileType = text.plist.xml; path = "Zazz-iphone-app-Info.plist"; sourceTree = "<group>"; };
		5E8AA6F918FCAED600C99D9F /* en */ = {isa = PBXFileReference; lastKnownFileType = text.plist.strings; name = en; path = en.lproj/InfoPlist.strings; sourceTree = "<group>"; };
		5E8AA6FB18FCAED600C99D9F /* main.m */ = {isa = PBXFileReference; lastKnownFileType = sourcecode.c.objc; path = main.m; sourceTree = "<group>"; };
		5E8AA6FD18FCAED600C99D9F /* Zazz-iphone-app-Prefix.pch */ = {isa = PBXFileReference; lastKnownFileType = sourcecode.c.h; path = "Zazz-iphone-app-Prefix.pch"; sourceTree = "<group>"; };
		5E8AA70518FCAED600C99D9F /* Base */ = {isa = PBXFileReference; lastKnownFileType = file.storyboard; name = Base; path = Base.lproj/Main_iPad.storyboard; sourceTree = "<group>"; };
		5E8AA71018FCAED700C99D9F /* Zazz-iphone-appTests.xctest */ = {isa = PBXFileReference; explicitFileType = wrapper.cfbundle; includeInIndex = 0; path = "Zazz-iphone-appTests.xctest"; sourceTree = BUILT_PRODUCTS_DIR; };
		5E8AA71118FCAED700C99D9F /* XCTest.framework */ = {isa = PBXFileReference; lastKnownFileType = wrapper.framework; name = XCTest.framework; path = Library/Frameworks/XCTest.framework; sourceTree = DEVELOPER_DIR; };
		5E8AA71918FCAED700C99D9F /* Zazz-iphone-appTests-Info.plist */ = {isa = PBXFileReference; lastKnownFileType = text.plist.xml; path = "Zazz-iphone-appTests-Info.plist"; sourceTree = "<group>"; };
		5E8AA71B18FCAED700C99D9F /* en */ = {isa = PBXFileReference; lastKnownFileType = text.plist.strings; name = en; path = en.lproj/InfoPlist.strings; sourceTree = "<group>"; };
		5E8AA71D18FCAED700C99D9F /* Zazz_iphone_appTests.m */ = {isa = PBXFileReference; lastKnownFileType = sourcecode.c.objc; path = Zazz_iphone_appTests.m; sourceTree = "<group>"; };
		667D07E21A37814400A12ABE /* AppDelegate.h */ = {isa = PBXFileReference; fileEncoding = 4; lastKnownFileType = sourcecode.c.h; path = AppDelegate.h; sourceTree = "<group>"; };
		667D07E31A37814400A12ABE /* AppDelegate.m */ = {isa = PBXFileReference; fileEncoding = 4; lastKnownFileType = sourcecode.c.objc; path = AppDelegate.m; sourceTree = "<group>"; };
		667D07E61A37814400A12ABE /* CommentCell.h */ = {isa = PBXFileReference; fileEncoding = 4; lastKnownFileType = sourcecode.c.h; path = CommentCell.h; sourceTree = "<group>"; };
		667D07E71A37814400A12ABE /* CommentCell.m */ = {isa = PBXFileReference; fileEncoding = 4; lastKnownFileType = sourcecode.c.objc; path = CommentCell.m; sourceTree = "<group>"; };
		667D07E91A37814400A12ABE /* ALAsset+accessibilityLabel.h */ = {isa = PBXFileReference; fileEncoding = 4; lastKnownFileType = sourcecode.c.h; path = "ALAsset+accessibilityLabel.h"; sourceTree = "<group>"; };
		667D07EA1A37814400A12ABE /* ALAsset+accessibilityLabel.m */ = {isa = PBXFileReference; fileEncoding = 4; lastKnownFileType = sourcecode.c.objc; path = "ALAsset+accessibilityLabel.m"; sourceTree = "<group>"; };
		667D07EB1A37814400A12ABE /* ALAsset+assetType.h */ = {isa = PBXFileReference; fileEncoding = 4; lastKnownFileType = sourcecode.c.h; path = "ALAsset+assetType.h"; sourceTree = "<group>"; };
		667D07EC1A37814400A12ABE /* ALAsset+assetType.m */ = {isa = PBXFileReference; fileEncoding = 4; lastKnownFileType = sourcecode.c.objc; path = "ALAsset+assetType.m"; sourceTree = "<group>"; };
		667D07ED1A37814400A12ABE /* ALAsset+isEqual.h */ = {isa = PBXFileReference; fileEncoding = 4; lastKnownFileType = sourcecode.c.h; path = "ALAsset+isEqual.h"; sourceTree = "<group>"; };
		667D07EE1A37814400A12ABE /* ALAsset+isEqual.m */ = {isa = PBXFileReference; fileEncoding = 4; lastKnownFileType = sourcecode.c.objc; path = "ALAsset+isEqual.m"; sourceTree = "<group>"; };
		667D07EF1A37814400A12ABE /* ALAssetsGroup+isEqual.h */ = {isa = PBXFileReference; fileEncoding = 4; lastKnownFileType = sourcecode.c.h; path = "ALAssetsGroup+isEqual.h"; sourceTree = "<group>"; };
		667D07F01A37814400A12ABE /* ALAssetsGroup+isEqual.m */ = {isa = PBXFileReference; fileEncoding = 4; lastKnownFileType = sourcecode.c.objc; path = "ALAssetsGroup+isEqual.m"; sourceTree = "<group>"; };
		667D07F11A37814400A12ABE /* CTAssetItemViewController.h */ = {isa = PBXFileReference; fileEncoding = 4; lastKnownFileType = sourcecode.c.h; path = CTAssetItemViewController.h; sourceTree = "<group>"; };
		667D07F21A37814400A12ABE /* CTAssetItemViewController.m */ = {isa = PBXFileReference; fileEncoding = 4; lastKnownFileType = sourcecode.c.objc; path = CTAssetItemViewController.m; sourceTree = "<group>"; };
		667D07F31A37814400A12ABE /* CTAssetScrollView.h */ = {isa = PBXFileReference; fileEncoding = 4; lastKnownFileType = sourcecode.c.h; path = CTAssetScrollView.h; sourceTree = "<group>"; };
		667D07F41A37814400A12ABE /* CTAssetScrollView.m */ = {isa = PBXFileReference; fileEncoding = 4; lastKnownFileType = sourcecode.c.objc; path = CTAssetScrollView.m; sourceTree = "<group>"; };
		667D07F51A37814400A12ABE /* CTAssetsGroupViewCell.h */ = {isa = PBXFileReference; fileEncoding = 4; lastKnownFileType = sourcecode.c.h; path = CTAssetsGroupViewCell.h; sourceTree = "<group>"; };
		667D07F61A37814400A12ABE /* CTAssetsGroupViewCell.m */ = {isa = PBXFileReference; fileEncoding = 4; lastKnownFileType = sourcecode.c.objc; path = CTAssetsGroupViewCell.m; sourceTree = "<group>"; };
		667D07F71A37814400A12ABE /* CTAssetsGroupViewController.h */ = {isa = PBXFileReference; fileEncoding = 4; lastKnownFileType = sourcecode.c.h; path = CTAssetsGroupViewController.h; sourceTree = "<group>"; };
		667D07F81A37814400A12ABE /* CTAssetsGroupViewController.m */ = {isa = PBXFileReference; fileEncoding = 4; lastKnownFileType = sourcecode.c.objc; path = CTAssetsGroupViewController.m; sourceTree = "<group>"; };
		667D07F91A37814400A12ABE /* CTAssetsPageViewController.h */ = {isa = PBXFileReference; fileEncoding = 4; lastKnownFileType = sourcecode.c.h; path = CTAssetsPageViewController.h; sourceTree = "<group>"; };
		667D07FA1A37814400A12ABE /* CTAssetsPageViewController.m */ = {isa = PBXFileReference; fileEncoding = 4; lastKnownFileType = sourcecode.c.objc; path = CTAssetsPageViewController.m; sourceTree = "<group>"; };
		667D07FB1A37814400A12ABE /* CTAssetsPicker.xcassets */ = {isa = PBXFileReference; lastKnownFileType = folder.assetcatalog; path = CTAssetsPicker.xcassets; sourceTree = "<group>"; };
		667D07FC1A37814400A12ABE /* CTAssetsPickerConstants.h */ = {isa = PBXFileReference; fileEncoding = 4; lastKnownFileType = sourcecode.c.h; path = CTAssetsPickerConstants.h; sourceTree = "<group>"; };
		667D07FD1A37814400A12ABE /* CTAssetsPickerConstants.m */ = {isa = PBXFileReference; fileEncoding = 4; lastKnownFileType = sourcecode.c.objc; path = CTAssetsPickerConstants.m; sourceTree = "<group>"; };
		667D07FE1A37814400A12ABE /* CTAssetsPickerController.h */ = {isa = PBXFileReference; fileEncoding = 4; lastKnownFileType = sourcecode.c.h; path = CTAssetsPickerController.h; sourceTree = "<group>"; };
		667D07FF1A37814400A12ABE /* CTAssetsPickerController.m */ = {isa = PBXFileReference; fileEncoding = 4; lastKnownFileType = sourcecode.c.objc; path = CTAssetsPickerController.m; sourceTree = "<group>"; };
		667D08001A37814400A12ABE /* CTAssetsSupplementaryView.h */ = {isa = PBXFileReference; fileEncoding = 4; lastKnownFileType = sourcecode.c.h; path = CTAssetsSupplementaryView.h; sourceTree = "<group>"; };
		667D08011A37814400A12ABE /* CTAssetsSupplementaryView.m */ = {isa = PBXFileReference; fileEncoding = 4; lastKnownFileType = sourcecode.c.objc; path = CTAssetsSupplementaryView.m; sourceTree = "<group>"; };
		667D08021A37814400A12ABE /* CTAssetsViewCell.h */ = {isa = PBXFileReference; fileEncoding = 4; lastKnownFileType = sourcecode.c.h; path = CTAssetsViewCell.h; sourceTree = "<group>"; };
		667D08031A37814400A12ABE /* CTAssetsViewCell.m */ = {isa = PBXFileReference; fileEncoding = 4; lastKnownFileType = sourcecode.c.objc; path = CTAssetsViewCell.m; sourceTree = "<group>"; };
		667D08041A37814400A12ABE /* CTAssetsViewController.h */ = {isa = PBXFileReference; fileEncoding = 4; lastKnownFileType = sourcecode.c.h; path = CTAssetsViewController.h; sourceTree = "<group>"; };
		667D08051A37814400A12ABE /* CTAssetsViewController.m */ = {isa = PBXFileReference; fileEncoding = 4; lastKnownFileType = sourcecode.c.objc; path = CTAssetsViewController.m; sourceTree = "<group>"; };
		667D08061A37814400A12ABE /* CTAssetsViewControllerTransition.h */ = {isa = PBXFileReference; fileEncoding = 4; lastKnownFileType = sourcecode.c.h; path = CTAssetsViewControllerTransition.h; sourceTree = "<group>"; };
		667D08071A37814400A12ABE /* CTAssetsViewControllerTransition.m */ = {isa = PBXFileReference; fileEncoding = 4; lastKnownFileType = sourcecode.c.objc; path = CTAssetsViewControllerTransition.m; sourceTree = "<group>"; };
		667D08081A37814400A12ABE /* NSDateFormatter+timeIntervalFormatter.h */ = {isa = PBXFileReference; fileEncoding = 4; lastKnownFileType = sourcecode.c.h; path = "NSDateFormatter+timeIntervalFormatter.h"; sourceTree = "<group>"; };
		667D08091A37814400A12ABE /* NSDateFormatter+timeIntervalFormatter.m */ = {isa = PBXFileReference; fileEncoding = 4; lastKnownFileType = sourcecode.c.objc; path = "NSDateFormatter+timeIntervalFormatter.m"; sourceTree = "<group>"; };
		667D080B1A37814400A12ABE /* UIColor.h */ = {isa = PBXFileReference; fileEncoding = 4; lastKnownFileType = sourcecode.c.h; path = UIColor.h; sourceTree = "<group>"; };
		667D080C1A37814400A12ABE /* UIImage.h */ = {isa = PBXFileReference; fileEncoding = 4; lastKnownFileType = sourcecode.c.h; path = UIImage.h; sourceTree = "<group>"; };
		667D080D1A37814400A12ABE /* UILabel.h */ = {isa = PBXFileReference; fileEncoding = 4; lastKnownFileType = sourcecode.c.h; path = UILabel.h; sourceTree = "<group>"; };
		667D080E1A37814400A12ABE /* UIView.h */ = {isa = PBXFileReference; fileEncoding = 4; lastKnownFileType = sourcecode.c.h; path = UIView.h; sourceTree = "<group>"; };
		667D08101A37814400A12ABE /* DetailViewItem.h */ = {isa = PBXFileReference; fileEncoding = 4; lastKnownFileType = sourcecode.c.h; path = DetailViewItem.h; sourceTree = "<group>"; };
		667D08111A37814400A12ABE /* DetailViewItem.m */ = {isa = PBXFileReference; fileEncoding = 4; lastKnownFileType = sourcecode.c.objc; path = DetailViewItem.m; sourceTree = "<group>"; };
		667D08131A37814400A12ABE /* FeedTableViewCell.h */ = {isa = PBXFileReference; fileEncoding = 4; lastKnownFileType = sourcecode.c.h; path = FeedTableViewCell.h; sourceTree = "<group>"; };
		667D08141A37814400A12ABE /* FeedTableViewCell.m */ = {isa = PBXFileReference; fileEncoding = 4; lastKnownFileType = sourcecode.c.objc; path = FeedTableViewCell.m; sourceTree = "<group>"; };
		667D08161A37814400A12ABE /* UIView+GradientMask.h */ = {isa = PBXFileReference; fileEncoding = 4; lastKnownFileType = sourcecode.c.h; path = "UIView+GradientMask.h"; sourceTree = "<group>"; };
		667D08171A37814400A12ABE /* UIView+GradientMask.m */ = {isa = PBXFileReference; fileEncoding = 4; lastKnownFileType = sourcecode.c.objc; path = "UIView+GradientMask.m"; sourceTree = "<group>"; };
		667D08191A37814400A12ABE /* UIImage+ImageEffects.h */ = {isa = PBXFileReference; fileEncoding = 4; lastKnownFileType = sourcecode.c.h; path = "UIImage+ImageEffects.h"; sourceTree = "<group>"; };
		667D081A1A37814400A12ABE /* UIImage+ImageEffects.m */ = {isa = PBXFileReference; fileEncoding = 4; lastKnownFileType = sourcecode.c.objc; path = "UIImage+ImageEffects.m"; sourceTree = "<group>"; };
		667D081C1A37814400A12ABE /* PhotoPicker.h */ = {isa = PBXFileReference; fileEncoding = 4; lastKnownFileType = sourcecode.c.h; path = PhotoPicker.h; sourceTree = "<group>"; };
		667D081D1A37814400A12ABE /* PhotoPicker.m */ = {isa = PBXFileReference; fileEncoding = 4; lastKnownFileType = sourcecode.c.objc; path = PhotoPicker.m; sourceTree = "<group>"; };
		667D081F1A37814400A12ABE /* RoundedUIButton.h */ = {isa = PBXFileReference; fileEncoding = 4; lastKnownFileType = sourcecode.c.h; path = RoundedUIButton.h; sourceTree = "<group>"; };
		667D08201A37814400A12ABE /* RoundedUIButton.m */ = {isa = PBXFileReference; fileEncoding = 4; lastKnownFileType = sourcecode.c.objc; path = RoundedUIButton.m; sourceTree = "<group>"; };
		667D08221A37814400A12ABE /* UIFont+SecretFont.h */ = {isa = PBXFileReference; fileEncoding = 4; lastKnownFileType = sourcecode.c.h; path = "UIFont+SecretFont.h"; sourceTree = "<group>"; };
		667D08231A37814400A12ABE /* UIFont+SecretFont.m */ = {isa = PBXFileReference; fileEncoding = 4; lastKnownFileType = sourcecode.c.objc; path = "UIFont+SecretFont.m"; sourceTree = "<group>"; };
		667D08251A37814400A12ABE /* ToolBarView.h */ = {isa = PBXFileReference; fileEncoding = 4; lastKnownFileType = sourcecode.c.h; path = ToolBarView.h; sourceTree = "<group>"; };
		667D08261A37814400A12ABE /* ToolBarView.m */ = {isa = PBXFileReference; fileEncoding = 4; lastKnownFileType = sourcecode.c.objc; path = ToolBarView.m; sourceTree = "<group>"; };
		667D08281A37814400A12ABE /* CHTumblrMenuView.h */ = {isa = PBXFileReference; fileEncoding = 4; lastKnownFileType = sourcecode.c.h; path = CHTumblrMenuView.h; sourceTree = "<group>"; };
		667D08291A37814400A12ABE /* CHTumblrMenuView.m */ = {isa = PBXFileReference; fileEncoding = 4; lastKnownFileType = sourcecode.c.objc; path = CHTumblrMenuView.m; sourceTree = "<group>"; };
		667D082D1A37814400A12ABE /* CategoryStat.h */ = {isa = PBXFileReference; fileEncoding = 4; lastKnownFileType = sourcecode.c.h; path = CategoryStat.h; sourceTree = "<group>"; };
		667D082E1A37814400A12ABE /* CategoryStat.m */ = {isa = PBXFileReference; fileEncoding = 4; lastKnownFileType = sourcecode.c.objc; path = CategoryStat.m; sourceTree = "<group>"; };
		667D08301A37814400A12ABE /* Comment.h */ = {isa = PBXFileReference; fileEncoding = 4; lastKnownFileType = sourcecode.c.h; path = Comment.h; sourceTree = "<group>"; };
		667D08311A37814400A12ABE /* Comment.m */ = {isa = PBXFileReference; fileEncoding = 4; lastKnownFileType = sourcecode.c.objc; path = Comment.m; sourceTree = "<group>"; };
		667D08331A37814400A12ABE /* Event.h */ = {isa = PBXFileReference; fileEncoding = 4; lastKnownFileType = sourcecode.c.h; path = Event.h; sourceTree = "<group>"; };
		667D08341A37814400A12ABE /* Event.m */ = {isa = PBXFileReference; fileEncoding = 4; lastKnownFileType = sourcecode.c.objc; path = Event.m; sourceTree = "<group>"; };
		667D08361A37814400A12ABE /* Feed.h */ = {isa = PBXFileReference; fileEncoding = 4; lastKnownFileType = sourcecode.c.h; path = Feed.h; sourceTree = "<group>"; };
		667D08371A37814400A12ABE /* Feed.m */ = {isa = PBXFileReference; fileEncoding = 4; lastKnownFileType = sourcecode.c.objc; path = Feed.m; sourceTree = "<group>"; };
		667D08391A37814400A12ABE /* Follow.h */ = {isa = PBXFileReference; fileEncoding = 4; lastKnownFileType = sourcecode.c.h; path = Follow.h; sourceTree = "<group>"; };
		667D083A1A37814400A12ABE /* Follow.m */ = {isa = PBXFileReference; fileEncoding = 4; lastKnownFileType = sourcecode.c.objc; path = Follow.m; sourceTree = "<group>"; };
		667D083C1A37814400A12ABE /* FollowRequest.h */ = {isa = PBXFileReference; fileEncoding = 4; lastKnownFileType = sourcecode.c.h; path = FollowRequest.h; sourceTree = "<group>"; };
		667D083D1A37814400A12ABE /* FollowRequest.m */ = {isa = PBXFileReference; fileEncoding = 4; lastKnownFileType = sourcecode.c.objc; path = FollowRequest.m; sourceTree = "<group>"; };
		667D083F1A37814400A12ABE /* GenericModel.h */ = {isa = PBXFileReference; fileEncoding = 4; lastKnownFileType = sourcecode.c.h; path = GenericModel.h; sourceTree = "<group>"; };
		667D08401A37814400A12ABE /* GenericModel.m */ = {isa = PBXFileReference; fileEncoding = 4; lastKnownFileType = sourcecode.c.objc; path = GenericModel.m; sourceTree = "<group>"; };
		667D08421A37814400A12ABE /* Notification.h */ = {isa = PBXFileReference; fileEncoding = 4; lastKnownFileType = sourcecode.c.h; path = Notification.h; sourceTree = "<group>"; };
		667D08431A37814400A12ABE /* Notification.m */ = {isa = PBXFileReference; fileEncoding = 4; lastKnownFileType = sourcecode.c.objc; path = Notification.m; sourceTree = "<group>"; };
		667D08451A37814400A12ABE /* Photo.h */ = {isa = PBXFileReference; fileEncoding = 4; lastKnownFileType = sourcecode.c.h; path = Photo.h; sourceTree = "<group>"; };
		667D08461A37814400A12ABE /* Photo.m */ = {isa = PBXFileReference; fileEncoding = 4; lastKnownFileType = sourcecode.c.objc; path = Photo.m; sourceTree = "<group>"; };
		667D08481A37814400A12ABE /* Post.h */ = {isa = PBXFileReference; fileEncoding = 4; lastKnownFileType = sourcecode.c.h; path = Post.h; sourceTree = "<group>"; };
		667D08491A37814400A12ABE /* Post.m */ = {isa = PBXFileReference; fileEncoding = 4; lastKnownFileType = sourcecode.c.objc; path = Post.m; sourceTree = "<group>"; };
		667D084B1A37814400A12ABE /* Profile.h */ = {isa = PBXFileReference; fileEncoding = 4; lastKnownFileType = sourcecode.c.h; path = Profile.h; sourceTree = "<group>"; };
		667D084C1A37814400A12ABE /* Profile.m */ = {isa = PBXFileReference; fileEncoding = 4; lastKnownFileType = sourcecode.c.objc; path = Profile.m; sourceTree = "<group>"; };
		667D084E1A37814400A12ABE /* SearchResult.h */ = {isa = PBXFileReference; fileEncoding = 4; lastKnownFileType = sourcecode.c.h; path = SearchResult.h; sourceTree = "<group>"; };
		667D084F1A37814400A12ABE /* SearchResult.m */ = {isa = PBXFileReference; fileEncoding = 4; lastKnownFileType = sourcecode.c.objc; path = SearchResult.m; sourceTree = "<group>"; };
		667D08511A37814400A12ABE /* User.h */ = {isa = PBXFileReference; fileEncoding = 4; lastKnownFileType = sourcecode.c.h; path = User.h; sourceTree = "<group>"; };
		667D08521A37814400A12ABE /* User.m */ = {isa = PBXFileReference; fileEncoding = 4; lastKnownFileType = sourcecode.c.objc; path = User.m; sourceTree = "<group>"; };
		667D08541A37814400A12ABE /* UserDetails.h */ = {isa = PBXFileReference; fileEncoding = 4; lastKnownFileType = sourcecode.c.h; path = UserDetails.h; sourceTree = "<group>"; };
		667D08551A37814400A12ABE /* UserDetails.m */ = {isa = PBXFileReference; fileEncoding = 4; lastKnownFileType = sourcecode.c.objc; path = UserDetails.m; sourceTree = "<group>"; };
		667D08581A37814400A12ABE /* ZazzCategory.h */ = {isa = PBXFileReference; fileEncoding = 4; lastKnownFileType = sourcecode.c.h; path = ZazzCategory.h; sourceTree = "<group>"; };
		667D08591A37814400A12ABE /* ZazzCategory.m */ = {isa = PBXFileReference; fileEncoding = 4; lastKnownFileType = sourcecode.c.objc; path = ZazzCategory.m; sourceTree = "<group>"; };
		667D085B1A37814400A12ABE /* ZazzComments.h */ = {isa = PBXFileReference; fileEncoding = 4; lastKnownFileType = sourcecode.c.h; path = ZazzComments.h; sourceTree = "<group>"; };
		667D085C1A37814400A12ABE /* ZazzComments.m */ = {isa = PBXFileReference; fileEncoding = 4; lastKnownFileType = sourcecode.c.objc; path = ZazzComments.m; sourceTree = "<group>"; };
		667D085E1A37814400A12ABE /* ZazzFeed.h */ = {isa = PBXFileReference; fileEncoding = 4; lastKnownFileType = sourcecode.c.h; path = ZazzFeed.h; sourceTree = "<group>"; };
		667D085F1A37814400A12ABE /* ZazzFeed.m */ = {isa = PBXFileReference; fileEncoding = 4; lastKnownFileType = sourcecode.c.objc; path = ZazzFeed.m; sourceTree = "<group>"; };
		667D08611A37814400A12ABE /* ZazzFollow.h */ = {isa = PBXFileReference; fileEncoding = 4; lastKnownFileType = sourcecode.c.h; path = ZazzFollow.h; sourceTree = "<group>"; };
		667D08621A37814400A12ABE /* ZazzFollow.m */ = {isa = PBXFileReference; fileEncoding = 4; lastKnownFileType = sourcecode.c.objc; path = ZazzFollow.m; sourceTree = "<group>"; };
		667D08631A37814400A12ABE /* ZazzFollowRequest.h */ = {isa = PBXFileReference; fileEncoding = 4; lastKnownFileType = sourcecode.c.h; path = ZazzFollowRequest.h; sourceTree = "<group>"; };
		667D08641A37814400A12ABE /* ZazzFollowRequest.m */ = {isa = PBXFileReference; fileEncoding = 4; lastKnownFileType = sourcecode.c.objc; path = ZazzFollowRequest.m; sourceTree = "<group>"; };
		667D08661A37814400A12ABE /* ZazzNotification.h */ = {isa = PBXFileReference; fileEncoding = 4; lastKnownFileType = sourcecode.c.h; path = ZazzNotification.h; sourceTree = "<group>"; };
		667D08671A37814400A12ABE /* ZazzNotification.m */ = {isa = PBXFileReference; fileEncoding = 4; lastKnownFileType = sourcecode.c.objc; path = ZazzNotification.m; sourceTree = "<group>"; };
		667D08691A37814400A12ABE /* ZazzPhoto.h */ = {isa = PBXFileReference; fileEncoding = 4; lastKnownFileType = sourcecode.c.h; path = ZazzPhoto.h; sourceTree = "<group>"; };
		667D086A1A37814400A12ABE /* ZazzPhoto.m */ = {isa = PBXFileReference; fileEncoding = 4; lastKnownFileType = sourcecode.c.objc; path = ZazzPhoto.m; sourceTree = "<group>"; };
		667D086B1A37814400A12ABE /* ZazzPost.h */ = {isa = PBXFileReference; fileEncoding = 4; lastKnownFileType = sourcecode.c.h; path = ZazzPost.h; sourceTree = "<group>"; };
		667D086C1A37814400A12ABE /* ZazzPost.m */ = {isa = PBXFileReference; fileEncoding = 4; lastKnownFileType = sourcecode.c.objc; path = ZazzPost.m; sourceTree = "<group>"; };
		667D086E1A37814400A12ABE /* ZazzLogin.h */ = {isa = PBXFileReference; fileEncoding = 4; lastKnownFileType = sourcecode.c.h; path = ZazzLogin.h; sourceTree = "<group>"; };
		667D086F1A37814400A12ABE /* ZazzLogin.m */ = {isa = PBXFileReference; fileEncoding = 4; lastKnownFileType = sourcecode.c.objc; path = ZazzLogin.m; sourceTree = "<group>"; };
		667D08701A37814400A12ABE /* ZazzMe.h */ = {isa = PBXFileReference; fileEncoding = 4; lastKnownFileType = sourcecode.c.h; path = ZazzMe.h; sourceTree = "<group>"; };
		667D08711A37814400A12ABE /* ZazzMe.m */ = {isa = PBXFileReference; fileEncoding = 4; lastKnownFileType = sourcecode.c.objc; path = ZazzMe.m; sourceTree = "<group>"; };
		667D08721A37814400A12ABE /* ZazzProfile.h */ = {isa = PBXFileReference; fileEncoding = 4; lastKnownFileType = sourcecode.c.h; path = ZazzProfile.h; sourceTree = "<group>"; };
		667D08731A37814400A12ABE /* ZazzProfile.m */ = {isa = PBXFileReference; fileEncoding = 4; lastKnownFileType = sourcecode.c.objc; path = ZazzProfile.m; sourceTree = "<group>"; };
		667D08751A37814400A12ABE /* ZazzApi.h */ = {isa = PBXFileReference; fileEncoding = 4; lastKnownFileType = sourcecode.c.h; path = ZazzApi.h; sourceTree = "<group>"; };
		667D08761A37814400A12ABE /* ZazzApi.m */ = {isa = PBXFileReference; fileEncoding = 4; lastKnownFileType = sourcecode.c.objc; path = ZazzApi.m; sourceTree = "<group>"; };
		667D08791A37814400A12ABE /* CustomPopSegue.h */ = {isa = PBXFileReference; fileEncoding = 4; lastKnownFileType = sourcecode.c.h; path = CustomPopSegue.h; sourceTree = "<group>"; };
		667D087A1A37814400A12ABE /* CustomPopSegue.m */ = {isa = PBXFileReference; fileEncoding = 4; lastKnownFileType = sourcecode.c.objc; path = CustomPopSegue.m; sourceTree = "<group>"; };
		667D087C1A37814400A12ABE /* CustomPushSegue.h */ = {isa = PBXFileReference; fileEncoding = 4; lastKnownFileType = sourcecode.c.h; path = CustomPushSegue.h; sourceTree = "<group>"; };
		667D087D1A37814400A12ABE /* CustomPushSegue.m */ = {isa = PBXFileReference; fileEncoding = 4; lastKnownFileType = sourcecode.c.objc; path = CustomPushSegue.m; sourceTree = "<group>"; };
		667D087E1A37814400A12ABE /* EmbedFeedViewController.h */ = {isa = PBXFileReference; fileEncoding = 4; lastKnownFileType = sourcecode.c.h; path = EmbedFeedViewController.h; sourceTree = "<group>"; };
		667D08951A37814500A12ABE /* RSKImageCropper.h */ = {isa = PBXFileReference; fileEncoding = 4; lastKnownFileType = sourcecode.c.h; path = RSKImageCropper.h; sourceTree = "<group>"; };
		667D08961A37814500A12ABE /* RSKImageCropViewController.h */ = {isa = PBXFileReference; fileEncoding = 4; lastKnownFileType = sourcecode.c.h; path = RSKImageCropViewController.h; sourceTree = "<group>"; };
		667D08971A37814500A12ABE /* RSKImageCropViewController.m */ = {isa = PBXFileReference; fileEncoding = 4; lastKnownFileType = sourcecode.c.objc; path = RSKImageCropViewController.m; sourceTree = "<group>"; };
		667D08981A37814500A12ABE /* RSKImageScrollView.h */ = {isa = PBXFileReference; fileEncoding = 4; lastKnownFileType = sourcecode.c.h; path = RSKImageScrollView.h; sourceTree = "<group>"; };
		667D08991A37814500A12ABE /* RSKImageScrollView.m */ = {isa = PBXFileReference; fileEncoding = 4; lastKnownFileType = sourcecode.c.objc; path = RSKImageScrollView.m; sourceTree = "<group>"; };
		667D089A1A37814500A12ABE /* RSKTouchView.h */ = {isa = PBXFileReference; fileEncoding = 4; lastKnownFileType = sourcecode.c.h; path = RSKTouchView.h; sourceTree = "<group>"; };
		667D089B1A37814500A12ABE /* RSKTouchView.m */ = {isa = PBXFileReference; fileEncoding = 4; lastKnownFileType = sourcecode.c.objc; path = RSKTouchView.m; sourceTree = "<group>"; };
		667D089C1A37814500A12ABE /* UIImage+FixOrientation.h */ = {isa = PBXFileReference; fileEncoding = 4; lastKnownFileType = sourcecode.c.h; path = "UIImage+FixOrientation.h"; sourceTree = "<group>"; };
		667D089D1A37814500A12ABE /* UIImage+FixOrientation.m */ = {isa = PBXFileReference; fileEncoding = 4; lastKnownFileType = sourcecode.c.objc; path = "UIImage+FixOrientation.m"; sourceTree = "<group>"; };
		667D089F1A37814500A12ABE /* MKAnnotationView+WebCache.h */ = {isa = PBXFileReference; fileEncoding = 4; lastKnownFileType = sourcecode.c.h; path = "MKAnnotationView+WebCache.h"; sourceTree = "<group>"; };
		667D08A01A37814500A12ABE /* MKAnnotationView+WebCache.m */ = {isa = PBXFileReference; fileEncoding = 4; lastKnownFileType = sourcecode.c.objc; path = "MKAnnotationView+WebCache.m"; sourceTree = "<group>"; };
		667D08A11A37814500A12ABE /* NSData+ImageContentType.h */ = {isa = PBXFileReference; fileEncoding = 4; lastKnownFileType = sourcecode.c.h; path = "NSData+ImageContentType.h"; sourceTree = "<group>"; };
		667D08A21A37814500A12ABE /* NSData+ImageContentType.m */ = {isa = PBXFileReference; fileEncoding = 4; lastKnownFileType = sourcecode.c.objc; path = "NSData+ImageContentType.m"; sourceTree = "<group>"; };
		667D08A31A37814500A12ABE /* SDImageCache.h */ = {isa = PBXFileReference; fileEncoding = 4; lastKnownFileType = sourcecode.c.h; path = SDImageCache.h; sourceTree = "<group>"; };
		667D08A41A37814500A12ABE /* SDImageCache.m */ = {isa = PBXFileReference; fileEncoding = 4; lastKnownFileType = sourcecode.c.objc; path = SDImageCache.m; sourceTree = "<group>"; };
		667D08A51A37814500A12ABE /* SDWebImageCompat.h */ = {isa = PBXFileReference; fileEncoding = 4; lastKnownFileType = sourcecode.c.h; path = SDWebImageCompat.h; sourceTree = "<group>"; };
		667D08A61A37814500A12ABE /* SDWebImageCompat.m */ = {isa = PBXFileReference; fileEncoding = 4; lastKnownFileType = sourcecode.c.objc; path = SDWebImageCompat.m; sourceTree = "<group>"; };
		667D08A71A37814500A12ABE /* SDWebImageDecoder.h */ = {isa = PBXFileReference; fileEncoding = 4; lastKnownFileType = sourcecode.c.h; path = SDWebImageDecoder.h; sourceTree = "<group>"; };
		667D08A81A37814500A12ABE /* SDWebImageDecoder.m */ = {isa = PBXFileReference; fileEncoding = 4; lastKnownFileType = sourcecode.c.objc; path = SDWebImageDecoder.m; sourceTree = "<group>"; };
		667D08A91A37814500A12ABE /* SDWebImageDownloader.h */ = {isa = PBXFileReference; fileEncoding = 4; lastKnownFileType = sourcecode.c.h; path = SDWebImageDownloader.h; sourceTree = "<group>"; };
		667D08AA1A37814500A12ABE /* SDWebImageDownloader.m */ = {isa = PBXFileReference; fileEncoding = 4; lastKnownFileType = sourcecode.c.objc; path = SDWebImageDownloader.m; sourceTree = "<group>"; };
		667D08AB1A37814500A12ABE /* SDWebImageDownloaderOperation.h */ = {isa = PBXFileReference; fileEncoding = 4; lastKnownFileType = sourcecode.c.h; path = SDWebImageDownloaderOperation.h; sourceTree = "<group>"; };
		667D08AC1A37814500A12ABE /* SDWebImageDownloaderOperation.m */ = {isa = PBXFileReference; fileEncoding = 4; lastKnownFileType = sourcecode.c.objc; path = SDWebImageDownloaderOperation.m; sourceTree = "<group>"; };
		667D08AD1A37814500A12ABE /* SDWebImageManager.h */ = {isa = PBXFileReference; fileEncoding = 4; lastKnownFileType = sourcecode.c.h; path = SDWebImageManager.h; sourceTree = "<group>"; };
		667D08AE1A37814500A12ABE /* SDWebImageManager.m */ = {isa = PBXFileReference; fileEncoding = 4; lastKnownFileType = sourcecode.c.objc; path = SDWebImageManager.m; sourceTree = "<group>"; };
		667D08AF1A37814500A12ABE /* SDWebImageOperation.h */ = {isa = PBXFileReference; fileEncoding = 4; lastKnownFileType = sourcecode.c.h; path = SDWebImageOperation.h; sourceTree = "<group>"; };
		667D08B01A37814500A12ABE /* SDWebImagePrefetcher.h */ = {isa = PBXFileReference; fileEncoding = 4; lastKnownFileType = sourcecode.c.h; path = SDWebImagePrefetcher.h; sourceTree = "<group>"; };
		667D08B11A37814500A12ABE /* SDWebImagePrefetcher.m */ = {isa = PBXFileReference; fileEncoding = 4; lastKnownFileType = sourcecode.c.objc; path = SDWebImagePrefetcher.m; sourceTree = "<group>"; };
		667D08B21A37814500A12ABE /* UIButton+WebCache.h */ = {isa = PBXFileReference; fileEncoding = 4; lastKnownFileType = sourcecode.c.h; path = "UIButton+WebCache.h"; sourceTree = "<group>"; };
		667D08B31A37814500A12ABE /* UIButton+WebCache.m */ = {isa = PBXFileReference; fileEncoding = 4; lastKnownFileType = sourcecode.c.objc; path = "UIButton+WebCache.m"; sourceTree = "<group>"; };
		667D08B41A37814500A12ABE /* UIImage+GIF.h */ = {isa = PBXFileReference; fileEncoding = 4; lastKnownFileType = sourcecode.c.h; path = "UIImage+GIF.h"; sourceTree = "<group>"; };
		667D08B51A37814500A12ABE /* UIImage+GIF.m */ = {isa = PBXFileReference; fileEncoding = 4; lastKnownFileType = sourcecode.c.objc; path = "UIImage+GIF.m"; sourceTree = "<group>"; };
		667D08B61A37814500A12ABE /* UIImage+MultiFormat.h */ = {isa = PBXFileReference; fileEncoding = 4; lastKnownFileType = sourcecode.c.h; path = "UIImage+MultiFormat.h"; sourceTree = "<group>"; };
		667D08B71A37814500A12ABE /* UIImage+MultiFormat.m */ = {isa = PBXFileReference; fileEncoding = 4; lastKnownFileType = sourcecode.c.objc; path = "UIImage+MultiFormat.m"; sourceTree = "<group>"; };
		667D08B81A37814500A12ABE /* UIImage+WebP.h */ = {isa = PBXFileReference; fileEncoding = 4; lastKnownFileType = sourcecode.c.h; path = "UIImage+WebP.h"; sourceTree = "<group>"; };
		667D08B91A37814500A12ABE /* UIImage+WebP.m */ = {isa = PBXFileReference; fileEncoding = 4; lastKnownFileType = sourcecode.c.objc; path = "UIImage+WebP.m"; sourceTree = "<group>"; };
		667D08BA1A37814500A12ABE /* UIImageView+HighlightedWebCache.h */ = {isa = PBXFileReference; fileEncoding = 4; lastKnownFileType = sourcecode.c.h; path = "UIImageView+HighlightedWebCache.h"; sourceTree = "<group>"; };
		667D08BB1A37814500A12ABE /* UIImageView+HighlightedWebCache.m */ = {isa = PBXFileReference; fileEncoding = 4; lastKnownFileType = sourcecode.c.objc; path = "UIImageView+HighlightedWebCache.m"; sourceTree = "<group>"; };
		667D08BC1A37814500A12ABE /* UIImageView+WebCache.h */ = {isa = PBXFileReference; fileEncoding = 4; lastKnownFileType = sourcecode.c.h; path = "UIImageView+WebCache.h"; sourceTree = "<group>"; };
		667D08BD1A37814500A12ABE /* UIImageView+WebCache.m */ = {isa = PBXFileReference; fileEncoding = 4; lastKnownFileType = sourcecode.c.objc; path = "UIImageView+WebCache.m"; sourceTree = "<group>"; };
		667D08C01A37814500A12ABE /* CreateMessageViewController.h */ = {isa = PBXFileReference; fileEncoding = 4; lastKnownFileType = sourcecode.c.h; path = CreateMessageViewController.h; sourceTree = "<group>"; };
		667D08C11A37814500A12ABE /* CreateMessageViewController.m */ = {isa = PBXFileReference; fileEncoding = 4; lastKnownFileType = sourcecode.c.objc; path = CreateMessageViewController.m; sourceTree = "<group>"; };
		667D08C31A37814500A12ABE /* DetailViewController.h */ = {isa = PBXFileReference; fileEncoding = 4; lastKnownFileType = sourcecode.c.h; path = DetailViewController.h; sourceTree = "<group>"; };
		667D08C41A37814500A12ABE /* DetailViewController.m */ = {isa = PBXFileReference; fileEncoding = 4; lastKnownFileType = sourcecode.c.objc; path = DetailViewController.m; sourceTree = "<group>"; };
		667D08C61A37814500A12ABE /* FeedTableViewController.h */ = {isa = PBXFileReference; fileEncoding = 4; lastKnownFileType = sourcecode.c.h; path = FeedTableViewController.h; sourceTree = "<group>"; };
		667D08C71A37814500A12ABE /* FeedTableViewController.m */ = {isa = PBXFileReference; fileEncoding = 4; lastKnownFileType = sourcecode.c.objc; path = FeedTableViewController.m; sourceTree = "<group>"; };
		667D08C91A37814500A12ABE /* HomeViewController.h */ = {isa = PBXFileReference; fileEncoding = 4; lastKnownFileType = sourcecode.c.h; path = HomeViewController.h; sourceTree = "<group>"; };
		667D08CA1A37814500A12ABE /* HomeViewController.m */ = {isa = PBXFileReference; fileEncoding = 4; lastKnownFileType = sourcecode.c.objc; path = HomeViewController.m; sourceTree = "<group>"; };
		667D08CC1A37814500A12ABE /* LoginViewController.h */ = {isa = PBXFileReference; fileEncoding = 4; lastKnownFileType = sourcecode.c.h; path = LoginViewController.h; sourceTree = "<group>"; };
		667D08CD1A37814500A12ABE /* LoginViewController.m */ = {isa = PBXFileReference; fileEncoding = 4; lastKnownFileType = sourcecode.c.objc; path = LoginViewController.m; sourceTree = "<group>"; };
		667D08CF1A37814500A12ABE /* MediaFeedViewController.h */ = {isa = PBXFileReference; fileEncoding = 4; lastKnownFileType = sourcecode.c.h; path = MediaFeedViewController.h; sourceTree = "<group>"; };
		667D08D01A37814500A12ABE /* MediaFeedViewController.m */ = {isa = PBXFileReference; fileEncoding = 4; lastKnownFileType = sourcecode.c.objc; path = MediaFeedViewController.m; sourceTree = "<group>"; };
		667D08D31A37814500A12ABE /* LeftNavigationViewController.h */ = {isa = PBXFileReference; fileEncoding = 4; lastKnownFileType = sourcecode.c.h; path = LeftNavigationViewController.h; sourceTree = "<group>"; };
		667D08D41A37814500A12ABE /* LeftNavigationViewController.m */ = {isa = PBXFileReference; fileEncoding = 4; lastKnownFileType = sourcecode.c.objc; path = LeftNavigationViewController.m; sourceTree = "<group>"; };
		667D08D61A37814500A12ABE /* RightNavigationViewController.h */ = {isa = PBXFileReference; fileEncoding = 4; lastKnownFileType = sourcecode.c.h; path = RightNavigationViewController.h; sourceTree = "<group>"; };
		667D08D71A37814500A12ABE /* RightNavigationViewController.m */ = {isa = PBXFileReference; fileEncoding = 4; lastKnownFileType = sourcecode.c.objc; path = RightNavigationViewController.m; sourceTree = "<group>"; };
		667D08D91A37814500A12ABE /* NotificationViewController.h */ = {isa = PBXFileReference; fileEncoding = 4; lastKnownFileType = sourcecode.c.h; path = NotificationViewController.h; sourceTree = "<group>"; };
		667D08DA1A37814500A12ABE /* NotificationViewController.m */ = {isa = PBXFileReference; fileEncoding = 4; lastKnownFileType = sourcecode.c.objc; path = NotificationViewController.m; sourceTree = "<group>"; };
		667D08DC1A37814500A12ABE /* PostViewController.h */ = {isa = PBXFileReference; fileEncoding = 4; lastKnownFileType = sourcecode.c.h; path = PostViewController.h; sourceTree = "<group>"; };
		667D08DD1A37814500A12ABE /* PostViewController.m */ = {isa = PBXFileReference; fileEncoding = 4; lastKnownFileType = sourcecode.c.objc; path = PostViewController.m; sourceTree = "<group>"; };
		667D08DF1A37814500A12ABE /* ProfileViewController.h */ = {isa = PBXFileReference; fileEncoding = 4; lastKnownFileType = sourcecode.c.h; path = ProfileViewController.h; sourceTree = "<group>"; };
		667D08E01A37814500A12ABE /* ProfileViewController.m */ = {isa = PBXFileReference; fileEncoding = 4; lastKnownFileType = sourcecode.c.objc; path = ProfileViewController.m; sourceTree = "<group>"; };
		667D08E21A37814500A12ABE /* RegisterViewController.h */ = {isa = PBXFileReference; fileEncoding = 4; lastKnownFileType = sourcecode.c.h; path = RegisterViewController.h; sourceTree = "<group>"; };
		667D08E31A37814500A12ABE /* RegisterViewController.m */ = {isa = PBXFileReference; fileEncoding = 4; lastKnownFileType = sourcecode.c.objc; path = RegisterViewController.m; sourceTree = "<group>"; };
		667D08E51A37814500A12ABE /* CFTabBarController.h */ = {isa = PBXFileReference; fileEncoding = 4; lastKnownFileType = sourcecode.c.h; path = CFTabBarController.h; sourceTree = "<group>"; };
		667D08E61A37814500A12ABE /* CFTabBarController.m */ = {isa = PBXFileReference; fileEncoding = 4; lastKnownFileType = sourcecode.c.objc; path = CFTabBarController.m; sourceTree = "<group>"; };
		667D08E81A37814500A12ABE /* TagViewController.h */ = {isa = PBXFileReference; fileEncoding = 4; lastKnownFileType = sourcecode.c.h; path = TagViewController.h; sourceTree = "<group>"; };
		667D08E91A37814500A12ABE /* TagViewController.m */ = {isa = PBXFileReference; fileEncoding = 4; lastKnownFileType = sourcecode.c.objc; path = TagViewController.m; sourceTree = "<group>"; };
		667D094C1A379D9B00A12ABE /* ZazzRegister.h */ = {isa = PBXFileReference; fileEncoding = 4; lastKnownFileType = sourcecode.c.h; path = ZazzRegister.h; sourceTree = "<group>"; };
		667D094D1A379D9B00A12ABE /* ZazzRegister.m */ = {isa = PBXFileReference; fileEncoding = 4; lastKnownFileType = sourcecode.c.objc; path = ZazzRegister.m; sourceTree = "<group>"; };
		667D0A191A38F8F100A12ABE /* ZazzSendFollow.h */ = {isa = PBXFileReference; fileEncoding = 4; lastKnownFileType = sourcecode.c.h; path = ZazzSendFollow.h; sourceTree = "<group>"; };
		667D0A1A1A38F8F100A12ABE /* ZazzSendFollow.m */ = {isa = PBXFileReference; fileEncoding = 4; lastKnownFileType = sourcecode.c.objc; path = ZazzSendFollow.m; sourceTree = "<group>"; };
/* End PBXFileReference section */

/* Begin PBXFrameworksBuildPhase section */
		5E8AA6E918FCAED600C99D9F /* Frameworks */ = {
			isa = PBXFrameworksBuildPhase;
			buildActionMask = 2147483647;
			files = (
				0DB12D361922FA20001E9E26 /* QuartzCore.framework in Frameworks */,
				5E8AA6F218FCAED600C99D9F /* CoreGraphics.framework in Frameworks */,
				5E8AA6F418FCAED600C99D9F /* UIKit.framework in Frameworks */,
				5E8AA6F018FCAED600C99D9F /* Foundation.framework in Frameworks */,
			);
			runOnlyForDeploymentPostprocessing = 0;
		};
		5E8AA70D18FCAED600C99D9F /* Frameworks */ = {
			isa = PBXFrameworksBuildPhase;
			buildActionMask = 2147483647;
			files = (
				5E8AA71218FCAED700C99D9F /* XCTest.framework in Frameworks */,
				5E8AA71418FCAED700C99D9F /* UIKit.framework in Frameworks */,
				5E8AA71318FCAED700C99D9F /* Foundation.framework in Frameworks */,
			);
			runOnlyForDeploymentPostprocessing = 0;
		};
/* End PBXFrameworksBuildPhase section */

/* Begin PBXGroup section */
		2A5FAEB7191D2BE500B917AB /* Storyboards */ = {
			isa = PBXGroup;
			children = (
				2AFB430619EA664E0004BA9B /* Main_iPhone.storyboard */,
				5E8AA70418FCAED600C99D9F /* Main_iPad.storyboard */,
			);
			name = Storyboards;
			sourceTree = "<group>";
		};
		5E8AA6E318FCAED600C99D9F = {
			isa = PBXGroup;
			children = (
				5E8AA6F518FCAED600C99D9F /* Zazz-iphone-app */,
				5E8AA71718FCAED700C99D9F /* Zazz-iphone-appTests */,
				5E8AA6EE18FCAED600C99D9F /* Frameworks */,
				5E8AA6ED18FCAED600C99D9F /* Products */,
			);
			sourceTree = "<group>";
		};
		5E8AA6ED18FCAED600C99D9F /* Products */ = {
			isa = PBXGroup;
			children = (
				5E8AA6EC18FCAED600C99D9F /* Zazz-iphone-app.app */,
				5E8AA71018FCAED700C99D9F /* Zazz-iphone-appTests.xctest */,
			);
			name = Products;
			sourceTree = "<group>";
		};
		5E8AA6EE18FCAED600C99D9F /* Frameworks */ = {
			isa = PBXGroup;
			children = (
				0DB12D351922FA20001E9E26 /* QuartzCore.framework */,
				5E8AA6EF18FCAED600C99D9F /* Foundation.framework */,
				5E8AA6F118FCAED600C99D9F /* CoreGraphics.framework */,
				5E8AA6F318FCAED600C99D9F /* UIKit.framework */,
				5E8AA71118FCAED700C99D9F /* XCTest.framework */,
			);
			name = Frameworks;
			sourceTree = "<group>";
		};
		5E8AA6F518FCAED600C99D9F /* Zazz-iphone-app */ = {
			isa = PBXGroup;
			children = (
				667D07E01A37814400A12ABE /* Classes */,
				2A5FAEB7191D2BE500B917AB /* Storyboards */,
				2A47F5631936F47A001CF1AE /* Images.xcassets */,
				5E8AA6F618FCAED600C99D9F /* Supporting Files */,
			);
			path = "Zazz-iphone-app";
			sourceTree = "<group>";
		};
		5E8AA6F618FCAED600C99D9F /* Supporting Files */ = {
			isa = PBXGroup;
			children = (
				5E8AA6F818FCAED600C99D9F /* InfoPlist.strings */,
				5E8AA6FB18FCAED600C99D9F /* main.m */,
				5E8AA6F718FCAED600C99D9F /* Zazz-iphone-app-Info.plist */,
				5E8AA6FD18FCAED600C99D9F /* Zazz-iphone-app-Prefix.pch */,
			);
			name = "Supporting Files";
			sourceTree = "<group>";
		};
		5E8AA71718FCAED700C99D9F /* Zazz-iphone-appTests */ = {
			isa = PBXGroup;
			children = (
				5E8AA71D18FCAED700C99D9F /* Zazz_iphone_appTests.m */,
				5E8AA71818FCAED700C99D9F /* Supporting Files */,
			);
			path = "Zazz-iphone-appTests";
			sourceTree = "<group>";
		};
		5E8AA71818FCAED700C99D9F /* Supporting Files */ = {
			isa = PBXGroup;
			children = (
				5E8AA71918FCAED700C99D9F /* Zazz-iphone-appTests-Info.plist */,
				5E8AA71A18FCAED700C99D9F /* InfoPlist.strings */,
			);
			name = "Supporting Files";
			sourceTree = "<group>";
		};
		667D07E01A37814400A12ABE /* Classes */ = {
			isa = PBXGroup;
			children = (
				667D07E11A37814400A12ABE /* AppDelegate */,
				667D07E41A37814400A12ABE /* CustomViews */,
				667D082A1A37814400A12ABE /* Model */,
				667D08771A37814400A12ABE /* Segues */,
				667D087F1A37814400A12ABE /* Utility */,
				667D08BE1A37814500A12ABE /* ViewControllers */,
			);
			path = Classes;
			sourceTree = "<group>";
		};
		667D07E11A37814400A12ABE /* AppDelegate */ = {
			isa = PBXGroup;
			children = (
				667D07E21A37814400A12ABE /* AppDelegate.h */,
				667D07E31A37814400A12ABE /* AppDelegate.m */,
			);
			path = AppDelegate;
			sourceTree = "<group>";
		};
		667D07E41A37814400A12ABE /* CustomViews */ = {
			isa = PBXGroup;
			children = (
				667D07E51A37814400A12ABE /* CommentCell */,
				667D07E81A37814400A12ABE /* CTAssetsPickerController */,
				667D080A1A37814400A12ABE /* Customs */,
				667D080F1A37814400A12ABE /* DetailViewItem */,
				667D08121A37814400A12ABE /* FeedTableViewCell */,
				667D08151A37814400A12ABE /* GradientMask */,
				667D08181A37814400A12ABE /* ImageEffects */,
				667D081B1A37814400A12ABE /* PhotoPicker */,
				667D081E1A37814400A12ABE /* RoundedUIButton */,
				667D08211A37814400A12ABE /* SecretFont */,
				667D08241A37814400A12ABE /* ToolBarView */,
				667D08271A37814400A12ABE /* TumblrMenu */,
			);
			path = CustomViews;
			sourceTree = "<group>";
		};
		667D07E51A37814400A12ABE /* CommentCell */ = {
			isa = PBXGroup;
			children = (
				667D07E61A37814400A12ABE /* CommentCell.h */,
				667D07E71A37814400A12ABE /* CommentCell.m */,
			);
			path = CommentCell;
			sourceTree = "<group>";
		};
		667D07E81A37814400A12ABE /* CTAssetsPickerController */ = {
			isa = PBXGroup;
			children = (
				667D07E91A37814400A12ABE /* ALAsset+accessibilityLabel.h */,
				667D07EA1A37814400A12ABE /* ALAsset+accessibilityLabel.m */,
				667D07EB1A37814400A12ABE /* ALAsset+assetType.h */,
				667D07EC1A37814400A12ABE /* ALAsset+assetType.m */,
				667D07ED1A37814400A12ABE /* ALAsset+isEqual.h */,
				667D07EE1A37814400A12ABE /* ALAsset+isEqual.m */,
				667D07EF1A37814400A12ABE /* ALAssetsGroup+isEqual.h */,
				667D07F01A37814400A12ABE /* ALAssetsGroup+isEqual.m */,
				667D07F11A37814400A12ABE /* CTAssetItemViewController.h */,
				667D07F21A37814400A12ABE /* CTAssetItemViewController.m */,
				667D07F31A37814400A12ABE /* CTAssetScrollView.h */,
				667D07F41A37814400A12ABE /* CTAssetScrollView.m */,
				667D07F51A37814400A12ABE /* CTAssetsGroupViewCell.h */,
				667D07F61A37814400A12ABE /* CTAssetsGroupViewCell.m */,
				667D07F71A37814400A12ABE /* CTAssetsGroupViewController.h */,
				667D07F81A37814400A12ABE /* CTAssetsGroupViewController.m */,
				667D07F91A37814400A12ABE /* CTAssetsPageViewController.h */,
				667D07FA1A37814400A12ABE /* CTAssetsPageViewController.m */,
				667D07FB1A37814400A12ABE /* CTAssetsPicker.xcassets */,
				667D07FC1A37814400A12ABE /* CTAssetsPickerConstants.h */,
				667D07FD1A37814400A12ABE /* CTAssetsPickerConstants.m */,
				667D07FE1A37814400A12ABE /* CTAssetsPickerController.h */,
				667D07FF1A37814400A12ABE /* CTAssetsPickerController.m */,
				667D08001A37814400A12ABE /* CTAssetsSupplementaryView.h */,
				667D08011A37814400A12ABE /* CTAssetsSupplementaryView.m */,
				667D08021A37814400A12ABE /* CTAssetsViewCell.h */,
				667D08031A37814400A12ABE /* CTAssetsViewCell.m */,
				667D08041A37814400A12ABE /* CTAssetsViewController.h */,
				667D08051A37814400A12ABE /* CTAssetsViewController.m */,
				667D08061A37814400A12ABE /* CTAssetsViewControllerTransition.h */,
				667D08071A37814400A12ABE /* CTAssetsViewControllerTransition.m */,
				667D08081A37814400A12ABE /* NSDateFormatter+timeIntervalFormatter.h */,
				667D08091A37814400A12ABE /* NSDateFormatter+timeIntervalFormatter.m */,
			);
			path = CTAssetsPickerController;
			sourceTree = "<group>";
		};
		667D080A1A37814400A12ABE /* Customs */ = {
			isa = PBXGroup;
			children = (
				667D080B1A37814400A12ABE /* UIColor.h */,
				667D080C1A37814400A12ABE /* UIImage.h */,
				667D080D1A37814400A12ABE /* UILabel.h */,
				667D080E1A37814400A12ABE /* UIView.h */,
			);
			path = Customs;
			sourceTree = "<group>";
		};
		667D080F1A37814400A12ABE /* DetailViewItem */ = {
			isa = PBXGroup;
			children = (
				667D08101A37814400A12ABE /* DetailViewItem.h */,
				667D08111A37814400A12ABE /* DetailViewItem.m */,
			);
			path = DetailViewItem;
			sourceTree = "<group>";
		};
		667D08121A37814400A12ABE /* FeedTableViewCell */ = {
			isa = PBXGroup;
			children = (
				667D08131A37814400A12ABE /* FeedTableViewCell.h */,
				667D08141A37814400A12ABE /* FeedTableViewCell.m */,
			);
			path = FeedTableViewCell;
			sourceTree = "<group>";
		};
		667D08151A37814400A12ABE /* GradientMask */ = {
			isa = PBXGroup;
			children = (
				667D08161A37814400A12ABE /* UIView+GradientMask.h */,
				667D08171A37814400A12ABE /* UIView+GradientMask.m */,
			);
			path = GradientMask;
			sourceTree = "<group>";
		};
		667D08181A37814400A12ABE /* ImageEffects */ = {
			isa = PBXGroup;
			children = (
				667D08191A37814400A12ABE /* UIImage+ImageEffects.h */,
				667D081A1A37814400A12ABE /* UIImage+ImageEffects.m */,
			);
			path = ImageEffects;
			sourceTree = "<group>";
		};
		667D081B1A37814400A12ABE /* PhotoPicker */ = {
			isa = PBXGroup;
			children = (
				667D081C1A37814400A12ABE /* PhotoPicker.h */,
				667D081D1A37814400A12ABE /* PhotoPicker.m */,
			);
			path = PhotoPicker;
			sourceTree = "<group>";
		};
		667D081E1A37814400A12ABE /* RoundedUIButton */ = {
			isa = PBXGroup;
			children = (
				667D081F1A37814400A12ABE /* RoundedUIButton.h */,
				667D08201A37814400A12ABE /* RoundedUIButton.m */,
			);
			path = RoundedUIButton;
			sourceTree = "<group>";
		};
		667D08211A37814400A12ABE /* SecretFont */ = {
			isa = PBXGroup;
			children = (
				667D08221A37814400A12ABE /* UIFont+SecretFont.h */,
				667D08231A37814400A12ABE /* UIFont+SecretFont.m */,
			);
			path = SecretFont;
			sourceTree = "<group>";
		};
		667D08241A37814400A12ABE /* ToolBarView */ = {
			isa = PBXGroup;
			children = (
				667D08251A37814400A12ABE /* ToolBarView.h */,
				667D08261A37814400A12ABE /* ToolBarView.m */,
			);
			path = ToolBarView;
			sourceTree = "<group>";
		};
		667D08271A37814400A12ABE /* TumblrMenu */ = {
			isa = PBXGroup;
			children = (
				667D08281A37814400A12ABE /* CHTumblrMenuView.h */,
				667D08291A37814400A12ABE /* CHTumblrMenuView.m */,
			);
			path = TumblrMenu;
			sourceTree = "<group>";
		};
		667D082A1A37814400A12ABE /* Model */ = {
			isa = PBXGroup;
			children = (
				667D082B1A37814400A12ABE /* Items */,
				667D08561A37814400A12ABE /* Managers */,
				667D08741A37814400A12ABE /* Service */,
			);
			path = Model;
			sourceTree = "<group>";
		};
		667D082B1A37814400A12ABE /* Items */ = {
			isa = PBXGroup;
			children = (
				667D082C1A37814400A12ABE /* CategoryStat */,
				667D082F1A37814400A12ABE /* Comment */,
				667D08321A37814400A12ABE /* Event */,
				667D08351A37814400A12ABE /* Feed */,
				667D08381A37814400A12ABE /* Follow */,
				667D083B1A37814400A12ABE /* FollowRequest */,
				667D083E1A37814400A12ABE /* GenericModel */,
				667D08411A37814400A12ABE /* Notification */,
				667D08441A37814400A12ABE /* Photo */,
				667D08471A37814400A12ABE /* Post */,
				667D084A1A37814400A12ABE /* Profile */,
				667D084D1A37814400A12ABE /* SearchResult */,
				667D08501A37814400A12ABE /* User */,
				667D08531A37814400A12ABE /* UserDetails */,
			);
			path = Items;
			sourceTree = "<group>";
		};
		667D082C1A37814400A12ABE /* CategoryStat */ = {
			isa = PBXGroup;
			children = (
				667D082D1A37814400A12ABE /* CategoryStat.h */,
				667D082E1A37814400A12ABE /* CategoryStat.m */,
			);
			path = CategoryStat;
			sourceTree = "<group>";
		};
		667D082F1A37814400A12ABE /* Comment */ = {
			isa = PBXGroup;
			children = (
				667D08301A37814400A12ABE /* Comment.h */,
				667D08311A37814400A12ABE /* Comment.m */,
			);
			path = Comment;
			sourceTree = "<group>";
		};
		667D08321A37814400A12ABE /* Event */ = {
			isa = PBXGroup;
			children = (
				667D08331A37814400A12ABE /* Event.h */,
				667D08341A37814400A12ABE /* Event.m */,
			);
			path = Event;
			sourceTree = "<group>";
		};
		667D08351A37814400A12ABE /* Feed */ = {
			isa = PBXGroup;
			children = (
				667D08361A37814400A12ABE /* Feed.h */,
				667D08371A37814400A12ABE /* Feed.m */,
			);
			path = Feed;
			sourceTree = "<group>";
		};
		667D08381A37814400A12ABE /* Follow */ = {
			isa = PBXGroup;
			children = (
				667D08391A37814400A12ABE /* Follow.h */,
				667D083A1A37814400A12ABE /* Follow.m */,
			);
			path = Follow;
			sourceTree = "<group>";
		};
		667D083B1A37814400A12ABE /* FollowRequest */ = {
			isa = PBXGroup;
			children = (
				667D083C1A37814400A12ABE /* FollowRequest.h */,
				667D083D1A37814400A12ABE /* FollowRequest.m */,
			);
			path = FollowRequest;
			sourceTree = "<group>";
		};
		667D083E1A37814400A12ABE /* GenericModel */ = {
			isa = PBXGroup;
			children = (
				667D083F1A37814400A12ABE /* GenericModel.h */,
				667D08401A37814400A12ABE /* GenericModel.m */,
			);
			path = GenericModel;
			sourceTree = "<group>";
		};
		667D08411A37814400A12ABE /* Notification */ = {
			isa = PBXGroup;
			children = (
				667D08421A37814400A12ABE /* Notification.h */,
				667D08431A37814400A12ABE /* Notification.m */,
			);
			path = Notification;
			sourceTree = "<group>";
		};
		667D08441A37814400A12ABE /* Photo */ = {
			isa = PBXGroup;
			children = (
				667D08451A37814400A12ABE /* Photo.h */,
				667D08461A37814400A12ABE /* Photo.m */,
			);
			path = Photo;
			sourceTree = "<group>";
		};
		667D08471A37814400A12ABE /* Post */ = {
			isa = PBXGroup;
			children = (
				667D08481A37814400A12ABE /* Post.h */,
				667D08491A37814400A12ABE /* Post.m */,
			);
			path = Post;
			sourceTree = "<group>";
		};
		667D084A1A37814400A12ABE /* Profile */ = {
			isa = PBXGroup;
			children = (
				667D084B1A37814400A12ABE /* Profile.h */,
				667D084C1A37814400A12ABE /* Profile.m */,
			);
			path = Profile;
			sourceTree = "<group>";
		};
		667D084D1A37814400A12ABE /* SearchResult */ = {
			isa = PBXGroup;
			children = (
				667D084E1A37814400A12ABE /* SearchResult.h */,
				667D084F1A37814400A12ABE /* SearchResult.m */,
			);
			path = SearchResult;
			sourceTree = "<group>";
		};
		667D08501A37814400A12ABE /* User */ = {
			isa = PBXGroup;
			children = (
				667D08511A37814400A12ABE /* User.h */,
				667D08521A37814400A12ABE /* User.m */,
			);
			path = User;
			sourceTree = "<group>";
		};
		667D08531A37814400A12ABE /* UserDetails */ = {
			isa = PBXGroup;
			children = (
				667D08541A37814400A12ABE /* UserDetails.h */,
				667D08551A37814400A12ABE /* UserDetails.m */,
			);
			path = UserDetails;
			sourceTree = "<group>";
		};
		667D08561A37814400A12ABE /* Managers */ = {
			isa = PBXGroup;
			children = (
				667D08571A37814400A12ABE /* CategoryManager */,
				667D085A1A37814400A12ABE /* CommentsManager */,
				667D085D1A37814400A12ABE /* FeedManager */,
				667D08601A37814400A12ABE /* FollowManager */,
				667D08651A37814400A12ABE /* NotificationManager */,
				667D08681A37814400A12ABE /* PostManager */,
				667D086D1A37814400A12ABE /* UserManager */,
			);
			path = Managers;
			sourceTree = "<group>";
		};
		667D08571A37814400A12ABE /* CategoryManager */ = {
			isa = PBXGroup;
			children = (
				667D08581A37814400A12ABE /* ZazzCategory.h */,
				667D08591A37814400A12ABE /* ZazzCategory.m */,
			);
			path = CategoryManager;
			sourceTree = "<group>";
		};
		667D085A1A37814400A12ABE /* CommentsManager */ = {
			isa = PBXGroup;
			children = (
				667D085B1A37814400A12ABE /* ZazzComments.h */,
				667D085C1A37814400A12ABE /* ZazzComments.m */,
			);
			path = CommentsManager;
			sourceTree = "<group>";
		};
		667D085D1A37814400A12ABE /* FeedManager */ = {
			isa = PBXGroup;
			children = (
				667D085E1A37814400A12ABE /* ZazzFeed.h */,
				667D085F1A37814400A12ABE /* ZazzFeed.m */,
			);
			path = FeedManager;
			sourceTree = "<group>";
		};
		667D08601A37814400A12ABE /* FollowManager */ = {
			isa = PBXGroup;
			children = (
				667D08611A37814400A12ABE /* ZazzFollow.h */,
				667D08621A37814400A12ABE /* ZazzFollow.m */,
				667D08631A37814400A12ABE /* ZazzFollowRequest.h */,
				667D08641A37814400A12ABE /* ZazzFollowRequest.m */,
				667D0A191A38F8F100A12ABE /* ZazzSendFollow.h */,
				667D0A1A1A38F8F100A12ABE /* ZazzSendFollow.m */,
			);
			path = FollowManager;
			sourceTree = "<group>";
		};
		667D08651A37814400A12ABE /* NotificationManager */ = {
			isa = PBXGroup;
			children = (
				667D08661A37814400A12ABE /* ZazzNotification.h */,
				667D08671A37814400A12ABE /* ZazzNotification.m */,
			);
			path = NotificationManager;
			sourceTree = "<group>";
		};
		667D08681A37814400A12ABE /* PostManager */ = {
			isa = PBXGroup;
			children = (
				667D08691A37814400A12ABE /* ZazzPhoto.h */,
				667D086A1A37814400A12ABE /* ZazzPhoto.m */,
				667D086B1A37814400A12ABE /* ZazzPost.h */,
				667D086C1A37814400A12ABE /* ZazzPost.m */,
			);
			path = PostManager;
			sourceTree = "<group>";
		};
		667D086D1A37814400A12ABE /* UserManager */ = {
			isa = PBXGroup;
			children = (
				667D086E1A37814400A12ABE /* ZazzLogin.h */,
				667D086F1A37814400A12ABE /* ZazzLogin.m */,
				667D08701A37814400A12ABE /* ZazzMe.h */,
				667D08711A37814400A12ABE /* ZazzMe.m */,
				667D08721A37814400A12ABE /* ZazzProfile.h */,
				667D08731A37814400A12ABE /* ZazzProfile.m */,
				667D094C1A379D9B00A12ABE /* ZazzRegister.h */,
				667D094D1A379D9B00A12ABE /* ZazzRegister.m */,
			);
			path = UserManager;
			sourceTree = "<group>";
		};
		667D08741A37814400A12ABE /* Service */ = {
			isa = PBXGroup;
			children = (
				667D08751A37814400A12ABE /* ZazzApi.h */,
				667D08761A37814400A12ABE /* ZazzApi.m */,
			);
			path = Service;
			sourceTree = "<group>";
		};
		667D08771A37814400A12ABE /* Segues */ = {
			isa = PBXGroup;
			children = (
				667D08781A37814400A12ABE /* CustomPopSegue */,
				667D087B1A37814400A12ABE /* CustomPushSegue */,
				667D087E1A37814400A12ABE /* EmbedFeedViewController.h */,
			);
			path = Segues;
			sourceTree = "<group>";
		};
		667D08781A37814400A12ABE /* CustomPopSegue */ = {
			isa = PBXGroup;
			children = (
				667D08791A37814400A12ABE /* CustomPopSegue.h */,
				667D087A1A37814400A12ABE /* CustomPopSegue.m */,
			);
			path = CustomPopSegue;
			sourceTree = "<group>";
		};
		667D087B1A37814400A12ABE /* CustomPushSegue */ = {
			isa = PBXGroup;
			children = (
				667D087C1A37814400A12ABE /* CustomPushSegue.h */,
				667D087D1A37814400A12ABE /* CustomPushSegue.m */,
			);
			path = CustomPushSegue;
			sourceTree = "<group>";
		};
		667D087F1A37814400A12ABE /* Utility */ = {
			isa = PBXGroup;
			children = (
				667D08941A37814500A12ABE /* RSKImageCropper */,
				667D089E1A37814500A12ABE /* SDWebImage */,
			);
			path = Utility;
			sourceTree = "<group>";
		};
		667D08941A37814500A12ABE /* RSKImageCropper */ = {
			isa = PBXGroup;
			children = (
				667D08951A37814500A12ABE /* RSKImageCropper.h */,
				667D08961A37814500A12ABE /* RSKImageCropViewController.h */,
				667D08971A37814500A12ABE /* RSKImageCropViewController.m */,
				667D08981A37814500A12ABE /* RSKImageScrollView.h */,
				667D08991A37814500A12ABE /* RSKImageScrollView.m */,
				667D089A1A37814500A12ABE /* RSKTouchView.h */,
				667D089B1A37814500A12ABE /* RSKTouchView.m */,
				667D089C1A37814500A12ABE /* UIImage+FixOrientation.h */,
				667D089D1A37814500A12ABE /* UIImage+FixOrientation.m */,
			);
			path = RSKImageCropper;
			sourceTree = "<group>";
		};
		667D089E1A37814500A12ABE /* SDWebImage */ = {
			isa = PBXGroup;
			children = (
				667D089F1A37814500A12ABE /* MKAnnotationView+WebCache.h */,
				667D08A01A37814500A12ABE /* MKAnnotationView+WebCache.m */,
				667D08A11A37814500A12ABE /* NSData+ImageContentType.h */,
				667D08A21A37814500A12ABE /* NSData+ImageContentType.m */,
				667D08A31A37814500A12ABE /* SDImageCache.h */,
				667D08A41A37814500A12ABE /* SDImageCache.m */,
				667D08A51A37814500A12ABE /* SDWebImageCompat.h */,
				667D08A61A37814500A12ABE /* SDWebImageCompat.m */,
				667D08A71A37814500A12ABE /* SDWebImageDecoder.h */,
				667D08A81A37814500A12ABE /* SDWebImageDecoder.m */,
				667D08A91A37814500A12ABE /* SDWebImageDownloader.h */,
				667D08AA1A37814500A12ABE /* SDWebImageDownloader.m */,
				667D08AB1A37814500A12ABE /* SDWebImageDownloaderOperation.h */,
				667D08AC1A37814500A12ABE /* SDWebImageDownloaderOperation.m */,
				667D08AD1A37814500A12ABE /* SDWebImageManager.h */,
				667D08AE1A37814500A12ABE /* SDWebImageManager.m */,
				667D08AF1A37814500A12ABE /* SDWebImageOperation.h */,
				667D08B01A37814500A12ABE /* SDWebImagePrefetcher.h */,
				667D08B11A37814500A12ABE /* SDWebImagePrefetcher.m */,
				667D08B21A37814500A12ABE /* UIButton+WebCache.h */,
				667D08B31A37814500A12ABE /* UIButton+WebCache.m */,
				667D08B41A37814500A12ABE /* UIImage+GIF.h */,
				667D08B51A37814500A12ABE /* UIImage+GIF.m */,
				667D08B61A37814500A12ABE /* UIImage+MultiFormat.h */,
				667D08B71A37814500A12ABE /* UIImage+MultiFormat.m */,
				667D08B81A37814500A12ABE /* UIImage+WebP.h */,
				667D08B91A37814500A12ABE /* UIImage+WebP.m */,
				667D08BA1A37814500A12ABE /* UIImageView+HighlightedWebCache.h */,
				667D08BB1A37814500A12ABE /* UIImageView+HighlightedWebCache.m */,
				667D08BC1A37814500A12ABE /* UIImageView+WebCache.h */,
				667D08BD1A37814500A12ABE /* UIImageView+WebCache.m */,
			);
			path = SDWebImage;
			sourceTree = "<group>";
		};
		667D08BE1A37814500A12ABE /* ViewControllers */ = {
			isa = PBXGroup;
			children = (
				667D08BF1A37814500A12ABE /* CreateMessageViewController */,
				667D08C21A37814500A12ABE /* DetailViewController */,
				667D08C51A37814500A12ABE /* FeedTableViewController */,
				667D08C81A37814500A12ABE /* HomeViewController */,
				667D08CB1A37814500A12ABE /* LoginViewController */,
				667D08CE1A37814500A12ABE /* MediaFeedViewController */,
				667D08D11A37814500A12ABE /* Navigation */,
				667D08D81A37814500A12ABE /* NotificationViewController */,
				667D08DB1A37814500A12ABE /* PostViewController */,
				667D08DE1A37814500A12ABE /* ProfileViewController */,
				667D08E11A37814500A12ABE /* RegisterViewController */,
				667D08E41A37814500A12ABE /* TabBarController */,
				667D08E71A37814500A12ABE /* TagViewController */,
			);
			path = ViewControllers;
			sourceTree = "<group>";
		};
		667D08BF1A37814500A12ABE /* CreateMessageViewController */ = {
			isa = PBXGroup;
			children = (
				667D08C01A37814500A12ABE /* CreateMessageViewController.h */,
				667D08C11A37814500A12ABE /* CreateMessageViewController.m */,
			);
			path = CreateMessageViewController;
			sourceTree = "<group>";
		};
		667D08C21A37814500A12ABE /* DetailViewController */ = {
			isa = PBXGroup;
			children = (
				667D08C31A37814500A12ABE /* DetailViewController.h */,
				667D08C41A37814500A12ABE /* DetailViewController.m */,
			);
			path = DetailViewController;
			sourceTree = "<group>";
		};
		667D08C51A37814500A12ABE /* FeedTableViewController */ = {
			isa = PBXGroup;
			children = (
				667D08C61A37814500A12ABE /* FeedTableViewController.h */,
				667D08C71A37814500A12ABE /* FeedTableViewController.m */,
			);
			path = FeedTableViewController;
			sourceTree = "<group>";
		};
		667D08C81A37814500A12ABE /* HomeViewController */ = {
			isa = PBXGroup;
			children = (
				667D08C91A37814500A12ABE /* HomeViewController.h */,
				667D08CA1A37814500A12ABE /* HomeViewController.m */,
			);
			path = HomeViewController;
			sourceTree = "<group>";
		};
		667D08CB1A37814500A12ABE /* LoginViewController */ = {
			isa = PBXGroup;
			children = (
				667D08CC1A37814500A12ABE /* LoginViewController.h */,
				667D08CD1A37814500A12ABE /* LoginViewController.m */,
			);
			path = LoginViewController;
			sourceTree = "<group>";
		};
		667D08CE1A37814500A12ABE /* MediaFeedViewController */ = {
			isa = PBXGroup;
			children = (
				667D08CF1A37814500A12ABE /* MediaFeedViewController.h */,
				667D08D01A37814500A12ABE /* MediaFeedViewController.m */,
			);
			path = MediaFeedViewController;
			sourceTree = "<group>";
		};
		667D08D11A37814500A12ABE /* Navigation */ = {
			isa = PBXGroup;
			children = (
				667D08D21A37814500A12ABE /* Left */,
				667D08D51A37814500A12ABE /* Right */,
			);
			path = Navigation;
			sourceTree = "<group>";
		};
		667D08D21A37814500A12ABE /* Left */ = {
			isa = PBXGroup;
			children = (
				667D08D31A37814500A12ABE /* LeftNavigationViewController.h */,
				667D08D41A37814500A12ABE /* LeftNavigationViewController.m */,
			);
			path = Left;
			sourceTree = "<group>";
		};
		667D08D51A37814500A12ABE /* Right */ = {
			isa = PBXGroup;
			children = (
				667D08D61A37814500A12ABE /* RightNavigationViewController.h */,
				667D08D71A37814500A12ABE /* RightNavigationViewController.m */,
			);
			path = Right;
			sourceTree = "<group>";
		};
		667D08D81A37814500A12ABE /* NotificationViewController */ = {
			isa = PBXGroup;
			children = (
				667D08D91A37814500A12ABE /* NotificationViewController.h */,
				667D08DA1A37814500A12ABE /* NotificationViewController.m */,
			);
			path = NotificationViewController;
			sourceTree = "<group>";
		};
		667D08DB1A37814500A12ABE /* PostViewController */ = {
			isa = PBXGroup;
			children = (
				667D08DC1A37814500A12ABE /* PostViewController.h */,
				667D08DD1A37814500A12ABE /* PostViewController.m */,
			);
			path = PostViewController;
			sourceTree = "<group>";
		};
		667D08DE1A37814500A12ABE /* ProfileViewController */ = {
			isa = PBXGroup;
			children = (
				667D08DF1A37814500A12ABE /* ProfileViewController.h */,
				667D08E01A37814500A12ABE /* ProfileViewController.m */,
			);
			path = ProfileViewController;
			sourceTree = "<group>";
		};
		667D08E11A37814500A12ABE /* RegisterViewController */ = {
			isa = PBXGroup;
			children = (
				667D08E21A37814500A12ABE /* RegisterViewController.h */,
				667D08E31A37814500A12ABE /* RegisterViewController.m */,
			);
			path = RegisterViewController;
			sourceTree = "<group>";
		};
		667D08E41A37814500A12ABE /* TabBarController */ = {
			isa = PBXGroup;
			children = (
				667D08E51A37814500A12ABE /* CFTabBarController.h */,
				667D08E61A37814500A12ABE /* CFTabBarController.m */,
			);
			path = TabBarController;
			sourceTree = "<group>";
		};
		667D08E71A37814500A12ABE /* TagViewController */ = {
			isa = PBXGroup;
			children = (
				667D08E81A37814500A12ABE /* TagViewController.h */,
				667D08E91A37814500A12ABE /* TagViewController.m */,
			);
			path = TagViewController;
			sourceTree = "<group>";
		};
/* End PBXGroup section */

/* Begin PBXNativeTarget section */
		5E8AA6EB18FCAED600C99D9F /* Zazz-iphone-app */ = {
			isa = PBXNativeTarget;
			buildConfigurationList = 5E8AA72118FCAED700C99D9F /* Build configuration list for PBXNativeTarget "Zazz-iphone-app" */;
			buildPhases = (
				5E8AA6E818FCAED600C99D9F /* Sources */,
				5E8AA6E918FCAED600C99D9F /* Frameworks */,
				5E8AA6EA18FCAED600C99D9F /* Resources */,
			);
			buildRules = (
			);
			dependencies = (
			);
			name = "Zazz-iphone-app";
			productName = "Zazz-iphone-app";
			productReference = 5E8AA6EC18FCAED600C99D9F /* Zazz-iphone-app.app */;
			productType = "com.apple.product-type.application";
		};
		5E8AA70F18FCAED600C99D9F /* Zazz-iphone-appTests */ = {
			isa = PBXNativeTarget;
			buildConfigurationList = 5E8AA72418FCAED700C99D9F /* Build configuration list for PBXNativeTarget "Zazz-iphone-appTests" */;
			buildPhases = (
				5E8AA70C18FCAED600C99D9F /* Sources */,
				5E8AA70D18FCAED600C99D9F /* Frameworks */,
				5E8AA70E18FCAED600C99D9F /* Resources */,
			);
			buildRules = (
			);
			dependencies = (
				5E8AA71618FCAED700C99D9F /* PBXTargetDependency */,
			);
			name = "Zazz-iphone-appTests";
			productName = "Zazz-iphone-appTests";
			productReference = 5E8AA71018FCAED700C99D9F /* Zazz-iphone-appTests.xctest */;
			productType = "com.apple.product-type.bundle.unit-test";
		};
/* End PBXNativeTarget section */

/* Begin PBXProject section */
		5E8AA6E418FCAED600C99D9F /* Project object */ = {
			isa = PBXProject;
			attributes = {
				LastUpgradeCheck = 0510;
				ORGANIZATIONNAME = "Hasan Serdar ÇINAR";
				TargetAttributes = {
					5E8AA6EB18FCAED600C99D9F = {
						DevelopmentTeam = KWHKZ7NN2A;
					};
					5E8AA70F18FCAED600C99D9F = {
						TestTargetID = 5E8AA6EB18FCAED600C99D9F;
					};
				};
			};
			buildConfigurationList = 5E8AA6E718FCAED600C99D9F /* Build configuration list for PBXProject "Zazz-iphone-app" */;
			compatibilityVersion = "Xcode 3.2";
			developmentRegion = English;
			hasScannedForEncodings = 0;
			knownRegions = (
				en,
				Base,
			);
			mainGroup = 5E8AA6E318FCAED600C99D9F;
			productRefGroup = 5E8AA6ED18FCAED600C99D9F /* Products */;
			projectDirPath = "";
			projectRoot = "";
			targets = (
				5E8AA6EB18FCAED600C99D9F /* Zazz-iphone-app */,
				5E8AA70F18FCAED600C99D9F /* Zazz-iphone-appTests */,
			);
		};
/* End PBXProject section */

/* Begin PBXResourcesBuildPhase section */
		5E8AA6EA18FCAED600C99D9F /* Resources */ = {
			isa = PBXResourcesBuildPhase;
			buildActionMask = 2147483647;
			files = (
				667D08F51A37814500A12ABE /* CTAssetsPicker.xcassets in Resources */,
				5E8AA70618FCAED600C99D9F /* Main_iPad.storyboard in Resources */,
				2AFB430819EA664E0004BA9B /* Main_iPhone.storyboard in Resources */,
				2A47F5641936F47A001CF1AE /* Images.xcassets in Resources */,
				5E8AA6FA18FCAED600C99D9F /* InfoPlist.strings in Resources */,
			);
			runOnlyForDeploymentPostprocessing = 0;
		};
		5E8AA70E18FCAED600C99D9F /* Resources */ = {
			isa = PBXResourcesBuildPhase;
			buildActionMask = 2147483647;
			files = (
				5E8AA71C18FCAED700C99D9F /* InfoPlist.strings in Resources */,
			);
			runOnlyForDeploymentPostprocessing = 0;
		};
/* End PBXResourcesBuildPhase section */

/* Begin PBXSourcesBuildPhase section */
		5E8AA6E818FCAED600C99D9F /* Sources */ = {
			isa = PBXSourcesBuildPhase;
			buildActionMask = 2147483647;
			files = (
				667D09211A37814500A12ABE /* CustomPushSegue.m in Sources */,
				667D09361A37814500A12ABE /* SDWebImageManager.m in Sources */,
				667D091B1A37814500A12ABE /* ZazzPost.m in Sources */,
				667D09371A37814500A12ABE /* SDWebImagePrefetcher.m in Sources */,
				667D090B1A37814500A12ABE /* FollowRequest.m in Sources */,
				667D08F31A37814500A12ABE /* CTAssetsGroupViewController.m in Sources */,
				667D09151A37814500A12ABE /* ZazzComments.m in Sources */,
				667D093A1A37814500A12ABE /* UIImage+MultiFormat.m in Sources */,
				667D091D1A37814500A12ABE /* ZazzMe.m in Sources */,
				667D08F41A37814500A12ABE /* CTAssetsPageViewController.m in Sources */,
				667D08F91A37814500A12ABE /* CTAssetsViewCell.m in Sources */,
				667D09161A37814500A12ABE /* ZazzFeed.m in Sources */,
				667D09321A37814500A12ABE /* SDWebImageCompat.m in Sources */,
				667D08F21A37814500A12ABE /* CTAssetsGroupViewCell.m in Sources */,
				667D08FF1A37814500A12ABE /* UIView+GradientMask.m in Sources */,
				667D09201A37814500A12ABE /* CustomPopSegue.m in Sources */,
				667D09401A37814500A12ABE /* FeedTableViewController.m in Sources */,
				667D09331A37814500A12ABE /* SDWebImageDecoder.m in Sources */,
				667D091A1A37814500A12ABE /* ZazzPhoto.m in Sources */,
				667D08FE1A37814500A12ABE /* FeedTableViewCell.m in Sources */,
				667D092D1A37814500A12ABE /* RSKTouchView.m in Sources */,
				667D09051A37814500A12ABE /* CHTumblrMenuView.m in Sources */,
				667D09121A37814500A12ABE /* User.m in Sources */,
				667D08FD1A37814500A12ABE /* DetailViewItem.m in Sources */,
				667D08FC1A37814500A12ABE /* NSDateFormatter+timeIntervalFormatter.m in Sources */,
				667D09351A37814500A12ABE /* SDWebImageDownloaderOperation.m in Sources */,
				667D09011A37814500A12ABE /* PhotoPicker.m in Sources */,
				667D08F61A37814500A12ABE /* CTAssetsPickerConstants.m in Sources */,
				667D09141A37814500A12ABE /* ZazzCategory.m in Sources */,
				667D090D1A37814500A12ABE /* Notification.m in Sources */,
				667D090C1A37814500A12ABE /* GenericModel.m in Sources */,
				667D093B1A37814500A12ABE /* UIImage+WebP.m in Sources */,
				667D09021A37814500A12ABE /* RoundedUIButton.m in Sources */,
				667D092B1A37814500A12ABE /* RSKImageCropViewController.m in Sources */,
				667D09191A37814500A12ABE /* ZazzNotification.m in Sources */,
				667D090E1A37814500A12ABE /* Photo.m in Sources */,
				667D09411A37814500A12ABE /* HomeViewController.m in Sources */,
				667D09181A37814500A12ABE /* ZazzFollowRequest.m in Sources */,
				667D091E1A37814500A12ABE /* ZazzProfile.m in Sources */,
				667D09451A37814500A12ABE /* RightNavigationViewController.m in Sources */,
				667D092E1A37814500A12ABE /* UIImage+FixOrientation.m in Sources */,
				667D09081A37814500A12ABE /* Event.m in Sources */,
				667D08EE1A37814500A12ABE /* ALAsset+isEqual.m in Sources */,
				667D09071A37814500A12ABE /* Comment.m in Sources */,
				667D090A1A37814500A12ABE /* Follow.m in Sources */,
				667D08EF1A37814500A12ABE /* ALAssetsGroup+isEqual.m in Sources */,
				667D09101A37814500A12ABE /* Profile.m in Sources */,
				667D09431A37814500A12ABE /* MediaFeedViewController.m in Sources */,
				667D08EA1A37814500A12ABE /* AppDelegate.m in Sources */,
				667D08F81A37814500A12ABE /* CTAssetsSupplementaryView.m in Sources */,
				667D09491A37814500A12ABE /* RegisterViewController.m in Sources */,
				667D08F01A37814500A12ABE /* CTAssetItemViewController.m in Sources */,
				667D09471A37814500A12ABE /* PostViewController.m in Sources */,
				667D094E1A379D9B00A12ABE /* ZazzRegister.m in Sources */,
				667D09171A37814500A12ABE /* ZazzFollow.m in Sources */,
				667D09441A37814500A12ABE /* LeftNavigationViewController.m in Sources */,
				667D093F1A37814500A12ABE /* DetailViewController.m in Sources */,
				667D09301A37814500A12ABE /* NSData+ImageContentType.m in Sources */,
				667D08EB1A37814500A12ABE /* CommentCell.m in Sources */,
				667D09461A37814500A12ABE /* NotificationViewController.m in Sources */,
				667D090F1A37814500A12ABE /* Post.m in Sources */,
				667D09381A37814500A12ABE /* UIButton+WebCache.m in Sources */,
				667D09001A37814500A12ABE /* UIImage+ImageEffects.m in Sources */,
				667D094A1A37814500A12ABE /* CFTabBarController.m in Sources */,
				667D09091A37814500A12ABE /* Feed.m in Sources */,
				667D0A1B1A38F8F100A12ABE /* ZazzSendFollow.m in Sources */,
				667D093E1A37814500A12ABE /* CreateMessageViewController.m in Sources */,
				667D09391A37814500A12ABE /* UIImage+GIF.m in Sources */,
				667D09421A37814500A12ABE /* LoginViewController.m in Sources */,
				667D08F11A37814500A12ABE /* CTAssetScrollView.m in Sources */,
				667D091F1A37814500A12ABE /* ZazzApi.m in Sources */,
				667D092F1A37814500A12ABE /* MKAnnotationView+WebCache.m in Sources */,
				667D09311A37814500A12ABE /* SDImageCache.m in Sources */,
				667D093C1A37814500A12ABE /* UIImageView+HighlightedWebCache.m in Sources */,
				667D09111A37814500A12ABE /* SearchResult.m in Sources */,
				667D08ED1A37814500A12ABE /* ALAsset+assetType.m in Sources */,
				667D09481A37814500A12ABE /* ProfileViewController.m in Sources */,
				667D08F71A37814500A12ABE /* CTAssetsPickerController.m in Sources */,
				5E8AA6FC18FCAED600C99D9F /* main.m in Sources */,
				667D08FA1A37814500A12ABE /* CTAssetsViewController.m in Sources */,
				667D09341A37814500A12ABE /* SDWebImageDownloader.m in Sources */,
				667D093D1A37814500A12ABE /* UIImageView+WebCache.m in Sources */,
				667D08EC1A37814500A12ABE /* ALAsset+accessibilityLabel.m in Sources */,
				667D092C1A37814500A12ABE /* RSKImageScrollView.m in Sources */,
				667D09061A37814500A12ABE /* CategoryStat.m in Sources */,
				667D09041A37814500A12ABE /* ToolBarView.m in Sources */,
				667D091C1A37814500A12ABE /* ZazzLogin.m in Sources */,
				667D09131A37814500A12ABE /* UserDetails.m in Sources */,
				667D08FB1A37814500A12ABE /* CTAssetsViewControllerTransition.m in Sources */,
				667D09031A37814500A12ABE /* UIFont+SecretFont.m in Sources */,
				667D094B1A37814500A12ABE /* TagViewController.m in Sources */,
			);
			runOnlyForDeploymentPostprocessing = 0;
		};
		5E8AA70C18FCAED600C99D9F /* Sources */ = {
			isa = PBXSourcesBuildPhase;
			buildActionMask = 2147483647;
			files = (
				5E8AA71E18FCAED700C99D9F /* Zazz_iphone_appTests.m in Sources */,
			);
			runOnlyForDeploymentPostprocessing = 0;
		};
/* End PBXSourcesBuildPhase section */

/* Begin PBXTargetDependency section */
		5E8AA71618FCAED700C99D9F /* PBXTargetDependency */ = {
			isa = PBXTargetDependency;
			target = 5E8AA6EB18FCAED600C99D9F /* Zazz-iphone-app */;
			targetProxy = 5E8AA71518FCAED700C99D9F /* PBXContainerItemProxy */;
		};
/* End PBXTargetDependency section */

/* Begin PBXVariantGroup section */
		2AFB430619EA664E0004BA9B /* Main_iPhone.storyboard */ = {
			isa = PBXVariantGroup;
			children = (
				2AFB430719EA664E0004BA9B /* Base */,
			);
			name = Main_iPhone.storyboard;
			sourceTree = "<group>";
		};
		5E8AA6F818FCAED600C99D9F /* InfoPlist.strings */ = {
			isa = PBXVariantGroup;
			children = (
				5E8AA6F918FCAED600C99D9F /* en */,
			);
			name = InfoPlist.strings;
			sourceTree = "<group>";
		};
		5E8AA70418FCAED600C99D9F /* Main_iPad.storyboard */ = {
			isa = PBXVariantGroup;
			children = (
				5E8AA70518FCAED600C99D9F /* Base */,
			);
			name = Main_iPad.storyboard;
			sourceTree = "<group>";
		};
		5E8AA71A18FCAED700C99D9F /* InfoPlist.strings */ = {
			isa = PBXVariantGroup;
			children = (
				5E8AA71B18FCAED700C99D9F /* en */,
			);
			name = InfoPlist.strings;
			sourceTree = "<group>";
		};
/* End PBXVariantGroup section */

/* Begin XCBuildConfiguration section */
		5E8AA71F18FCAED700C99D9F /* Debug */ = {
			isa = XCBuildConfiguration;
			buildSettings = {
				ALWAYS_SEARCH_USER_PATHS = NO;
				CLANG_CXX_LANGUAGE_STANDARD = "gnu++0x";
				CLANG_CXX_LIBRARY = "libc++";
				CLANG_ENABLE_MODULES = YES;
				CLANG_ENABLE_OBJC_ARC = YES;
				CLANG_WARN_BOOL_CONVERSION = YES;
				CLANG_WARN_CONSTANT_CONVERSION = YES;
				CLANG_WARN_DIRECT_OBJC_ISA_USAGE = YES_ERROR;
				CLANG_WARN_EMPTY_BODY = YES;
				CLANG_WARN_ENUM_CONVERSION = YES;
				CLANG_WARN_INT_CONVERSION = YES;
				CLANG_WARN_OBJC_ROOT_CLASS = YES_ERROR;
				CLANG_WARN__DUPLICATE_METHOD_MATCH = YES;
				"CODE_SIGN_IDENTITY[sdk=iphoneos*]" = "iPhone Developer";
				COPY_PHASE_STRIP = NO;
				GCC_C_LANGUAGE_STANDARD = gnu99;
				GCC_DYNAMIC_NO_PIC = NO;
				GCC_OPTIMIZATION_LEVEL = 0;
				GCC_PREPROCESSOR_DEFINITIONS = (
					"DEBUG=1",
					"$(inherited)",
				);
				GCC_SYMBOLS_PRIVATE_EXTERN = NO;
				GCC_WARN_64_TO_32_BIT_CONVERSION = YES;
				GCC_WARN_ABOUT_RETURN_TYPE = YES_ERROR;
				GCC_WARN_UNDECLARED_SELECTOR = YES;
				GCC_WARN_UNINITIALIZED_AUTOS = YES;
				GCC_WARN_UNUSED_FUNCTION = YES;
				GCC_WARN_UNUSED_VARIABLE = YES;
				IPHONEOS_DEPLOYMENT_TARGET = 7.0;
				ONLY_ACTIVE_ARCH = YES;
				PROVISIONING_PROFILE = "1202b2f0-c59f-43ee-97d3-1a2a5d43cb44";
				SDKROOT = iphoneos;
				TARGETED_DEVICE_FAMILY = "1,2";
			};
			name = Debug;
		};
		5E8AA72018FCAED700C99D9F /* Release */ = {
			isa = XCBuildConfiguration;
			buildSettings = {
				ALWAYS_SEARCH_USER_PATHS = NO;
				CLANG_CXX_LANGUAGE_STANDARD = "gnu++0x";
				CLANG_CXX_LIBRARY = "libc++";
				CLANG_ENABLE_MODULES = YES;
				CLANG_ENABLE_OBJC_ARC = YES;
				CLANG_WARN_BOOL_CONVERSION = YES;
				CLANG_WARN_CONSTANT_CONVERSION = YES;
				CLANG_WARN_DIRECT_OBJC_ISA_USAGE = YES_ERROR;
				CLANG_WARN_EMPTY_BODY = YES;
				CLANG_WARN_ENUM_CONVERSION = YES;
				CLANG_WARN_INT_CONVERSION = YES;
				CLANG_WARN_OBJC_ROOT_CLASS = YES_ERROR;
				CLANG_WARN__DUPLICATE_METHOD_MATCH = YES;
				"CODE_SIGN_IDENTITY[sdk=iphoneos*]" = "iPhone Developer";
				COPY_PHASE_STRIP = YES;
				ENABLE_NS_ASSERTIONS = NO;
				GCC_C_LANGUAGE_STANDARD = gnu99;
				GCC_WARN_64_TO_32_BIT_CONVERSION = YES;
				GCC_WARN_ABOUT_RETURN_TYPE = YES_ERROR;
				GCC_WARN_UNDECLARED_SELECTOR = YES;
				GCC_WARN_UNINITIALIZED_AUTOS = YES;
				GCC_WARN_UNUSED_FUNCTION = YES;
				GCC_WARN_UNUSED_VARIABLE = YES;
				IPHONEOS_DEPLOYMENT_TARGET = 7.0;
				PROVISIONING_PROFILE = "";
				SDKROOT = iphoneos;
				TARGETED_DEVICE_FAMILY = "1,2";
				VALIDATE_PRODUCT = YES;
			};
			name = Release;
		};
		5E8AA72218FCAED700C99D9F /* Debug */ = {
			isa = XCBuildConfiguration;
			buildSettings = {
				ASSETCATALOG_COMPILER_APPICON_NAME = AppIcon;
				ASSETCATALOG_COMPILER_LAUNCHIMAGE_NAME = LaunchImage;
				CODE_SIGN_IDENTITY = "iPhone Developer";
				"CODE_SIGN_IDENTITY[sdk=iphoneos*]" = "iPhone Developer";
				GCC_PRECOMPILE_PREFIX_HEADER = YES;
				GCC_PREFIX_HEADER = "Zazz-iphone-app/Zazz-iphone-app-Prefix.pch";
				INFOPLIST_FILE = "Zazz-iphone-app/Zazz-iphone-app-Info.plist";
				PRODUCT_NAME = "$(TARGET_NAME)";
				PROVISIONING_PROFILE = "";
				TARGETED_DEVICE_FAMILY = 1;
				WRAPPER_EXTENSION = app;
			};
			name = Debug;
		};
		5E8AA72318FCAED700C99D9F /* Release */ = {
			isa = XCBuildConfiguration;
			buildSettings = {
				ASSETCATALOG_COMPILER_APPICON_NAME = AppIcon;
				ASSETCATALOG_COMPILER_LAUNCHIMAGE_NAME = LaunchImage;
				CODE_SIGN_IDENTITY = "iPhone Developer";
				"CODE_SIGN_IDENTITY[sdk=iphoneos*]" = "iPhone Developer";
				GCC_PRECOMPILE_PREFIX_HEADER = YES;
				GCC_PREFIX_HEADER = "Zazz-iphone-app/Zazz-iphone-app-Prefix.pch";
				INFOPLIST_FILE = "Zazz-iphone-app/Zazz-iphone-app-Info.plist";
				PRODUCT_NAME = "$(TARGET_NAME)";
				PROVISIONING_PROFILE = "";
				TARGETED_DEVICE_FAMILY = 1;
				WRAPPER_EXTENSION = app;
			};
			name = Release;
		};
		5E8AA72518FCAED700C99D9F /* Debug */ = {
			isa = XCBuildConfiguration;
			buildSettings = {
				BUNDLE_LOADER = "$(BUILT_PRODUCTS_DIR)/Zazz-iphone-app.app/Zazz-iphone-app";
				FRAMEWORK_SEARCH_PATHS = (
					"$(SDKROOT)/Developer/Library/Frameworks",
					"$(inherited)",
					"$(DEVELOPER_FRAMEWORKS_DIR)",
				);
				GCC_PRECOMPILE_PREFIX_HEADER = YES;
				GCC_PREFIX_HEADER = "Zazz-iphone-app/Zazz-iphone-app-Prefix.pch";
				GCC_PREPROCESSOR_DEFINITIONS = (
					"DEBUG=1",
					"$(inherited)",
				);
				INFOPLIST_FILE = "Zazz-iphone-appTests/Zazz-iphone-appTests-Info.plist";
				PRODUCT_NAME = "$(TARGET_NAME)";
				TEST_HOST = "$(BUNDLE_LOADER)";
				WRAPPER_EXTENSION = xctest;
			};
			name = Debug;
		};
		5E8AA72618FCAED700C99D9F /* Release */ = {
			isa = XCBuildConfiguration;
			buildSettings = {
				BUNDLE_LOADER = "$(BUILT_PRODUCTS_DIR)/Zazz-iphone-app.app/Zazz-iphone-app";
				FRAMEWORK_SEARCH_PATHS = (
					"$(SDKROOT)/Developer/Library/Frameworks",
					"$(inherited)",
					"$(DEVELOPER_FRAMEWORKS_DIR)",
				);
				GCC_PRECOMPILE_PREFIX_HEADER = YES;
				GCC_PREFIX_HEADER = "Zazz-iphone-app/Zazz-iphone-app-Prefix.pch";
				INFOPLIST_FILE = "Zazz-iphone-appTests/Zazz-iphone-appTests-Info.plist";
				PRODUCT_NAME = "$(TARGET_NAME)";
				TEST_HOST = "$(BUNDLE_LOADER)";
				WRAPPER_EXTENSION = xctest;
			};
			name = Release;
		};
/* End XCBuildConfiguration section */

/* Begin XCConfigurationList section */
		5E8AA6E718FCAED600C99D9F /* Build configuration list for PBXProject "Zazz-iphone-app" */ = {
			isa = XCConfigurationList;
			buildConfigurations = (
				5E8AA71F18FCAED700C99D9F /* Debug */,
				5E8AA72018FCAED700C99D9F /* Release */,
			);
			defaultConfigurationIsVisible = 0;
			defaultConfigurationName = Release;
		};
		5E8AA72118FCAED700C99D9F /* Build configuration list for PBXNativeTarget "Zazz-iphone-app" */ = {
			isa = XCConfigurationList;
			buildConfigurations = (
				5E8AA72218FCAED700C99D9F /* Debug */,
				5E8AA72318FCAED700C99D9F /* Release */,
			);
			defaultConfigurationIsVisible = 0;
			defaultConfigurationName = Release;
		};
		5E8AA72418FCAED700C99D9F /* Build configuration list for PBXNativeTarget "Zazz-iphone-appTests" */ = {
			isa = XCConfigurationList;
			buildConfigurations = (
				5E8AA72518FCAED700C99D9F /* Debug */,
				5E8AA72618FCAED700C99D9F /* Release */,
			);
			defaultConfigurationIsVisible = 0;
			defaultConfigurationName = Release;
		};
/* End XCConfigurationList section */
	};
	rootObject = 5E8AA6E418FCAED600C99D9F /* Project object */;
}
